PODS:
  - AFNetworking (3.2.1):
    - AFNetworking/NSURLSession (= 3.2.1)
    - AFNetworking/Reachability (= 3.2.1)
    - AFNetworking/Security (= 3.2.1)
    - AFNetworking/Serialization (= 3.2.1)
    - AFNetworking/UIKit (= 3.2.1)
  - AFNetworking/NSURLSession (3.2.1):
    - AFNetworking/Reachability
    - AFNetworking/Security
    - AFNetworking/Serialization
  - AFNetworking/Reachability (3.2.1)
  - AFNetworking/Security (3.2.1)
  - AFNetworking/Serialization (3.2.1)
  - AFNetworking/UIKit (3.2.1):
    - AFNetworking/NSURLSession
  - AppBaseCategory (0.1.1)

DEPENDENCIES:
  - AFNetworking
  - AppBaseCategory

SPEC REPOS:
  trunk:
    - AFNetworking
    - AppBaseCategory

SPEC CHECKSUMS:
  AFNetworking: b6f891fdfaed196b46c7a83cf209e09697b94057
  AppBaseCategory: 99631671a9148ba301351ef53009b76180f49948

PODFILE CHECKSUM: 08aedff1b40da2414067588dc2ad5ac8dc5d252d

COCOAPODS: 1.8.4
