// !$*UTF8*$!
{
	archiveVersion = 1;
	classes = {
	};
	objectVersion = 51;
	objects = {

/* Begin PBXBuildFile section */
		0F04F6A722E5AEB200477F6C /* App.plist in Resources */ = {isa = PBXBuildFile; fileRef = 0F04F6A622E5AEB200477F6C /* App.plist */; };
		0F1F73C422D82BC6002E45D9 /* GKTabBarController.m in Sources */ = {isa = PBXBuildFile; fileRef = 0F1F73C322D82BC6002E45D9 /* GKTabBarController.m */; };
		0F2199AE22D6D62F00C623BE /* main.m in Sources */ = {isa = PBXBuildFile; fileRef = 0F2199A822D6D62F00C623BE /* main.m */; };
		0F2199AF22D6D62F00C623BE /* AppDelegate.m in Sources */ = {isa = PBXBuildFile; fileRef = 0F2199A922D6D62F00C623BE /* AppDelegate.m */; };
		0F2199BB22D6D69300C623BE /* LaunchScreen.storyboard in Resources */ = {isa = PBXBuildFile; fileRef = 0F2199B622D6D69300C623BE /* LaunchScreen.storyboard */; };
		0F2199BD22D6D69300C623BE /* Assets.xcassets in Resources */ = {isa = PBXBuildFile; fileRef = 0F2199BA22D6D69300C623BE /* Assets.xcassets */; };
		0F2199EE22D6D85900C623BE /* ProgressWKWebView.m in Sources */ = {isa = PBXBuildFile; fileRef = 0F2199C122D6D85900C623BE /* ProgressWKWebView.m */; };
		0F2199EF22D6D85900C623BE /* BaseWebController.m in Sources */ = {isa = PBXBuildFile; fileRef = 0F2199C222D6D85900C623BE /* BaseWebController.m */; };
		0F2199F022D6D85900C623BE /* BaseTableViewController.m in Sources */ = {isa = PBXBuildFile; fileRef = 0F2199C622D6D85900C623BE /* BaseTableViewController.m */; };
		0F2199F122D6D85900C623BE /* BaseViewController.m in Sources */ = {isa = PBXBuildFile; fileRef = 0F2199C822D6D85900C623BE /* BaseViewController.m */; };
		0F2199F222D6D85900C623BE /* BaseNavigationController.m in Sources */ = {isa = PBXBuildFile; fileRef = 0F2199C922D6D85900C623BE /* BaseNavigationController.m */; };
		0F2199F322D6D85900C623BE /* BaseConnectionController.m in Sources */ = {isa = PBXBuildFile; fileRef = 0F2199CA22D6D85900C623BE /* BaseConnectionController.m */; };
		0F2199F422D6D85900C623BE /* BaseRefreshController.m in Sources */ = {isa = PBXBuildFile; fileRef = 0F2199CE22D6D85900C623BE /* BaseRefreshController.m */; };
		0F2199F522D6D85900C623BE /* BaseDownTool.m in Sources */ = {isa = PBXBuildFile; fileRef = 0F2199D122D6D85900C623BE /* BaseDownTool.m */; };
		0F2199F622D6D85900C623BE /* BaseDownTask.m in Sources */ = {isa = PBXBuildFile; fileRef = 0F2199D422D6D85900C623BE /* BaseDownTask.m */; };
		0F2199F722D6D85900C623BE /* BaseModel.m in Sources */ = {isa = PBXBuildFile; fileRef = 0F2199D722D6D85900C623BE /* BaseModel.m */; };
		0F2199F822D6D85900C623BE /* BaseMacro.m in Sources */ = {isa = PBXBuildFile; fileRef = 0F2199D922D6D85900C623BE /* BaseMacro.m */; };
		0F2199F922D6D85900C623BE /* BaseNetModel.m in Sources */ = {isa = PBXBuildFile; fileRef = 0F2199DB22D6D85900C623BE /* BaseNetModel.m */; };
		0F2199FA22D6D85900C623BE /* BaseCell.m in Sources */ = {isa = PBXBuildFile; fileRef = 0F2199DD22D6D85900C623BE /* BaseCell.m */; };
		0F2199FB22D6D85900C623BE /* BaseView.m in Sources */ = {isa = PBXBuildFile; fileRef = 0F2199DE22D6D85900C623BE /* BaseView.m */; };
		0F2199FC22D6D85900C623BE /* BaseTableView.m in Sources */ = {isa = PBXBuildFile; fileRef = 0F2199DF22D6D85900C623BE /* BaseTableView.m */; };
		0F2199FD22D6D85900C623BE /* BaseNetCache.m in Sources */ = {isa = PBXBuildFile; fileRef = 0F2199E422D6D85900C623BE /* BaseNetCache.m */; };
		0F2199FE22D6D85900C623BE /* BaseDataQueue.m in Sources */ = {isa = PBXBuildFile; fileRef = 0F2199E722D6D85900C623BE /* BaseDataQueue.m */; };
		0F2199FF22D6D85900C623BE /* BaseNetManager.m in Sources */ = {isa = PBXBuildFile; fileRef = 0F2199EA22D6D85900C623BE /* BaseNetManager.m */; };
		0F219A0022D6D85900C623BE /* BaseNetTool.m in Sources */ = {isa = PBXBuildFile; fileRef = 0F2199EB22D6D85900C623BE /* BaseNetTool.m */; };
		0F32441822DD6D2800129DFB /* GKWallCollectionViewLayout.m in Sources */ = {isa = PBXBuildFile; fileRef = 0F32441722DD6D2800129DFB /* GKWallCollectionViewLayout.m */; };
		0F32441E22DD7BDF00129DFB /* GKWallModel.m in Sources */ = {isa = PBXBuildFile; fileRef = 0F32441D22DD7BDF00129DFB /* GKWallModel.m */; };
		0F32442222DD7D6500129DFB /* GKWallCollectionViewCell.m in Sources */ = {isa = PBXBuildFile; fileRef = 0F32442022DD7D6500129DFB /* GKWallCollectionViewCell.m */; };
		0F32442322DD7D6500129DFB /* GKWallCollectionViewCell.xib in Resources */ = {isa = PBXBuildFile; fileRef = 0F32442122DD7D6500129DFB /* GKWallCollectionViewCell.xib */; };
		0F32442D22DD9E6900129DFB /* ATBrowserItemController.m in Sources */ = {isa = PBXBuildFile; fileRef = 0F32442522DD9E6900129DFB /* ATBrowserItemController.m */; };
		0F32442E22DD9E6900129DFB /* ATBrowserController.m in Sources */ = {isa = PBXBuildFile; fileRef = 0F32442622DD9E6900129DFB /* ATBrowserController.m */; };
		0F32442F22DD9E6900129DFB /* ATBrowserModel.m in Sources */ = {isa = PBXBuildFile; fileRef = 0F32442722DD9E6900129DFB /* ATBrowserModel.m */; };
		0F32443222DDA24A00129DFB /* GKWallItemModel.m in Sources */ = {isa = PBXBuildFile; fileRef = 0F32443122DDA24A00129DFB /* GKWallItemModel.m */; };
		0F7481AF22DF221500B0FFC0 /* GKPlayDataQueue.m in Sources */ = {isa = PBXBuildFile; fileRef = 0F7481AE22DF221500B0FFC0 /* GKPlayDataQueue.m */; };
		0FE6867C22E6B64C0087E748 /* GKWallBaseController.m in Sources */ = {isa = PBXBuildFile; fileRef = 0FE6867B22E6B64C0087E748 /* GKWallBaseController.m */; };
		0FE6868322E6DA6C0087E748 /* video5.json in Resources */ = {isa = PBXBuildFile; fileRef = 0FE6867D22E6DA6C0087E748 /* video5.json */; };
		0FE6868422E6DA6C0087E748 /* video3.json in Resources */ = {isa = PBXBuildFile; fileRef = 0FE6867E22E6DA6C0087E748 /* video3.json */; };
		0FE6868522E6DA6C0087E748 /* video2.json in Resources */ = {isa = PBXBuildFile; fileRef = 0FE6867F22E6DA6C0087E748 /* video2.json */; };
		0FE6868622E6DA6C0087E748 /* video1.json in Resources */ = {isa = PBXBuildFile; fileRef = 0FE6868022E6DA6C0087E748 /* video1.json */; };
		0FE6868722E6DA6C0087E748 /* video4.json in Resources */ = {isa = PBXBuildFile; fileRef = 0FE6868122E6DA6C0087E748 /* video4.json */; };
		0FE6868822E6DA6C0087E748 /* video6.json in Resources */ = {isa = PBXBuildFile; fileRef = 0FE6868222E6DA6C0087E748 /* video6.json */; };
		0FE686A422E6EAD20087E748 /* GKHomeItemDetailController.m in Sources */ = {isa = PBXBuildFile; fileRef = 0FE6869122E6EAD20087E748 /* GKHomeItemDetailController.m */; };
		0FE686A522E6EAD20087E748 /* GKHomeItemController.m in Sources */ = {isa = PBXBuildFile; fileRef = 0FE6869522E6EAD20087E748 /* GKHomeItemController.m */; };
		0FE686A622E6EAD20087E748 /* GKMenuViewController.m in Sources */ = {isa = PBXBuildFile; fileRef = 0FE6869622E6EAD20087E748 /* GKMenuViewController.m */; };
		0FE686A722E6EAD20087E748 /* GKHomeNetManager.m in Sources */ = {isa = PBXBuildFile; fileRef = 0FE6869822E6EAD20087E748 /* GKHomeNetManager.m */; };
		0FE686A822E6EAD20087E748 /* GKHomeContentController.m in Sources */ = {isa = PBXBuildFile; fileRef = 0FE6869A22E6EAD20087E748 /* GKHomeContentController.m */; };
		0FE686A922E6EAD20087E748 /* GKHomeModel.m in Sources */ = {isa = PBXBuildFile; fileRef = 0FE6869D22E6EAD20087E748 /* GKHomeModel.m */; };
		0FE686AA22E6EAD20087E748 /* GKHomeBannerView.m in Sources */ = {isa = PBXBuildFile; fileRef = 0FE686A122E6EAD20087E748 /* GKHomeBannerView.m */; };
		0FE686AB22E6EAD20087E748 /* GKHomeItemCell.m in Sources */ = {isa = PBXBuildFile; fileRef = 0FE686A222E6EAD20087E748 /* GKHomeItemCell.m */; };
		0FE686AC22E6EAD20087E748 /* GKHomeItemCell.xib in Resources */ = {isa = PBXBuildFile; fileRef = 0FE686A322E6EAD20087E748 /* GKHomeItemCell.xib */; };
		0FE686E022E6EBA80087E748 /* GKVideoPlayController.m in Sources */ = {isa = PBXBuildFile; fileRef = 0FE686B222E6EBA80087E748 /* GKVideoPlayController.m */; };
		0FE686E822E6EBA80087E748 /* GKClassifyModel.m in Sources */ = {isa = PBXBuildFile; fileRef = 0FE686C622E6EBA80087E748 /* GKClassifyModel.m */; };
		0FE686E922E6EBA80087E748 /* GKVideoPlayHeaderView.m in Sources */ = {isa = PBXBuildFile; fileRef = 0FE686C722E6EBA80087E748 /* GKVideoPlayHeaderView.m */; };
		0FE686EA22E6EBA80087E748 /* GKClarityCell.xib in Resources */ = {isa = PBXBuildFile; fileRef = 0FE686CC22E6EBA80087E748 /* GKClarityCell.xib */; };
		0FE686EB22E6EBA80087E748 /* GKSlider.m in Sources */ = {isa = PBXBuildFile; fileRef = 0FE686CE22E6EBA80087E748 /* GKSlider.m */; };
		0FE686EC22E6EBA80087E748 /* GKVideoPlayCell.xib in Resources */ = {isa = PBXBuildFile; fileRef = 0FE686D022E6EBA80087E748 /* GKVideoPlayCell.xib */; };
		0FE686ED22E6EBA80087E748 /* GKClarityCell.m in Sources */ = {isa = PBXBuildFile; fileRef = 0FE686D122E6EBA80087E748 /* GKClarityCell.m */; };
		0FE686EE22E6EBA80087E748 /* GKClassifyItemCell.xib in Resources */ = {isa = PBXBuildFile; fileRef = 0FE686D222E6EBA80087E748 /* GKClassifyItemCell.xib */; };
		0FE686EF22E6EBA80087E748 /* GKVideoPlayView.xib in Resources */ = {isa = PBXBuildFile; fileRef = 0FE686D322E6EBA80087E748 /* GKVideoPlayView.xib */; };
		0FE686F022E6EBA80087E748 /* GKClarityView.m in Sources */ = {isa = PBXBuildFile; fileRef = 0FE686D422E6EBA80087E748 /* GKClarityView.m */; };
		0FE686F122E6EBA80087E748 /* GKVideoPlayCell.m in Sources */ = {isa = PBXBuildFile; fileRef = 0FE686D522E6EBA80087E748 /* GKVideoPlayCell.m */; };
		0FE686F222E6EBA80087E748 /* GKClassifyReusableView.m in Sources */ = {isa = PBXBuildFile; fileRef = 0FE686D622E6EBA80087E748 /* GKClassifyReusableView.m */; };
		0FE686F322E6EBA80087E748 /* GKClassifyReusableView.xib in Resources */ = {isa = PBXBuildFile; fileRef = 0FE686D722E6EBA80087E748 /* GKClassifyReusableView.xib */; };
		0FE686F422E6EBA80087E748 /* GKVideoPlayView.m in Sources */ = {isa = PBXBuildFile; fileRef = 0FE686D822E6EBA80087E748 /* GKVideoPlayView.m */; };
		0FE686F722E6EBA80087E748 /* GKClassifyItemCell.m in Sources */ = {isa = PBXBuildFile; fileRef = 0FE686DC22E6EBA80087E748 /* GKClassifyItemCell.m */; };
		0FE6870222E6EC3A0087E748 /* UIView+GKToast.m in Sources */ = {isa = PBXBuildFile; fileRef = 0FE686F922E6EC3A0087E748 /* UIView+GKToast.m */; };
		0FE6870322E6EC3A0087E748 /* UIViewController+Tool.m in Sources */ = {isa = PBXBuildFile; fileRef = 0FE686FC22E6EC3A0087E748 /* UIViewController+Tool.m */; };
		0FE6870422E6EC3A0087E748 /* GKDownDataQueue.m in Sources */ = {isa = PBXBuildFile; fileRef = 0FE686FE22E6EC3A0087E748 /* GKDownDataQueue.m */; };
		0FE6870522E6EC3A0087E748 /* GKDownloadTask.m in Sources */ = {isa = PBXBuildFile; fileRef = 0FE6870122E6EC3A0087E748 /* GKDownloadTask.m */; };
		0FE6870D22E6EC810087E748 /* GKVideoPlayer.m in Sources */ = {isa = PBXBuildFile; fileRef = 0FE6870822E6EC800087E748 /* GKVideoPlayer.m */; };
		0FE6870E22E6EC810087E748 /* GKBasePlayer.m in Sources */ = {isa = PBXBuildFile; fileRef = 0FE6870A22E6EC800087E748 /* GKBasePlayer.m */; };
		0FE6870F22E6EC810087E748 /* GKAVPlayer.m in Sources */ = {isa = PBXBuildFile; fileRef = 0FE6870B22E6EC800087E748 /* GKAVPlayer.m */; };
		0FF314AA234DB06400CFDD9D /* title.plist in Resources */ = {isa = PBXBuildFile; fileRef = 0FF314A9234DB06400CFDD9D /* title.plist */; };
		0FF314AD234DB26700CFDD9D /* GKVideoContentController.m in Sources */ = {isa = PBXBuildFile; fileRef = 0FF314AC234DB26700CFDD9D /* GKVideoContentController.m */; };
		0FF314B0234DB28100CFDD9D /* GKVideoItemController.m in Sources */ = {isa = PBXBuildFile; fileRef = 0FF314AF234DB28100CFDD9D /* GKVideoItemController.m */; };
		0FF314B3234DB52C00CFDD9D /* GKVideoItem.m in Sources */ = {isa = PBXBuildFile; fileRef = 0FF314B2234DB52C00CFDD9D /* GKVideoItem.m */; };
		0FF314B6234DB71200CFDD9D /* GKVideoNetManager.m in Sources */ = {isa = PBXBuildFile; fileRef = 0FF314B5234DB71200CFDD9D /* GKVideoNetManager.m */; };
		0FF314C0234DBDB400CFDD9D /* GKVideoController.m in Sources */ = {isa = PBXBuildFile; fileRef = 0FF314BC234DBDB400CFDD9D /* GKVideoController.m */; };
		0FF314C1234DBDB400CFDD9D /* GKDownCell.xib in Resources */ = {isa = PBXBuildFile; fileRef = 0FF314BD234DBDB400CFDD9D /* GKDownCell.xib */; };
		0FF314C2234DBDB400CFDD9D /* GKDownCell.m in Sources */ = {isa = PBXBuildFile; fileRef = 0FF314BE234DBDB400CFDD9D /* GKDownCell.m */; };
		0FF314C5234DBEBB00CFDD9D /* GKDownModel.m in Sources */ = {isa = PBXBuildFile; fileRef = 0FF314C4234DBEBB00CFDD9D /* GKDownModel.m */; };
		0FF314C9234DC42800CFDD9D /* GKVideoItemCell.m in Sources */ = {isa = PBXBuildFile; fileRef = 0FF314C7234DC42800CFDD9D /* GKVideoItemCell.m */; };
		0FF314CA234DC42800CFDD9D /* GKVideoItemCell.xib in Resources */ = {isa = PBXBuildFile; fileRef = 0FF314C8234DC42800CFDD9D /* GKVideoItemCell.xib */; };
		0FF4D65322D7097A00A475FB /* GKTimeTool.m in Sources */ = {isa = PBXBuildFile; fileRef = 0FF4D65222D7097A00A475FB /* GKTimeTool.m */; };
		0FF4D65C22D7208C00A475FB /* GKDeckController.m in Sources */ = {isa = PBXBuildFile; fileRef = 0FF4D65B22D7208C00A475FB /* GKDeckController.m */; };
		FB1BC651229BFEB2A5D0FE97 /* libPods-GKiOSGame.a in Frameworks */ = {isa = PBXBuildFile; fileRef = 2F1DC6AAAF1F1BDFA6F8732C /* libPods-GKiOSGame.a */; };
/* End PBXBuildFile section */

/* Begin PBXFileReference section */
		0F04F6A622E5AEB200477F6C /* App.plist */ = {isa = PBXFileReference; lastKnownFileType = text.plist.xml; path = App.plist; sourceTree = "<group>"; };
		0F1F73C122D82919002E45D9 /* GKiOSGame.entitlements */ = {isa = PBXFileReference; lastKnownFileType = text.plist.entitlements; path = GKiOSGame.entitlements; sourceTree = "<group>"; };
		0F1F73C222D82BC6002E45D9 /* GKTabBarController.h */ = {isa = PBXFileReference; lastKnownFileType = sourcecode.c.h; path = GKTabBarController.h; sourceTree = "<group>"; };
		0F1F73C322D82BC6002E45D9 /* GKTabBarController.m */ = {isa = PBXFileReference; lastKnownFileType = sourcecode.c.objc; path = GKTabBarController.m; sourceTree = "<group>"; };
		0F2199A622D6D62F00C623BE /* AppDelegate.h */ = {isa = PBXFileReference; fileEncoding = 4; lastKnownFileType = sourcecode.c.h; path = AppDelegate.h; sourceTree = "<group>"; };
		0F2199A822D6D62F00C623BE /* main.m */ = {isa = PBXFileReference; fileEncoding = 4; lastKnownFileType = sourcecode.c.objc; path = main.m; sourceTree = "<group>"; };
		0F2199A922D6D62F00C623BE /* AppDelegate.m */ = {isa = PBXFileReference; fileEncoding = 4; lastKnownFileType = sourcecode.c.objc; path = AppDelegate.m; sourceTree = "<group>"; };
		0F2199B722D6D69300C623BE /* Base */ = {isa = PBXFileReference; lastKnownFileType = file.storyboard; name = Base; path = LaunchScreen.storyboard; sourceTree = "<group>"; };
		0F2199BA22D6D69300C623BE /* Assets.xcassets */ = {isa = PBXFileReference; lastKnownFileType = folder.assetcatalog; path = Assets.xcassets; sourceTree = "<group>"; };
		0F2199BE22D6D77500C623BE /* Info.plist */ = {isa = PBXFileReference; fileEncoding = 4; lastKnownFileType = text.plist.xml; path = Info.plist; sourceTree = "<group>"; };
		0F2199C122D6D85900C623BE /* ProgressWKWebView.m */ = {isa = PBXFileReference; fileEncoding = 4; lastKnownFileType = sourcecode.c.objc; path = ProgressWKWebView.m; sourceTree = "<group>"; };
		0F2199C222D6D85900C623BE /* BaseWebController.m */ = {isa = PBXFileReference; fileEncoding = 4; lastKnownFileType = sourcecode.c.objc; path = BaseWebController.m; sourceTree = "<group>"; };
		0F2199C322D6D85900C623BE /* ProgressWKWebView.h */ = {isa = PBXFileReference; fileEncoding = 4; lastKnownFileType = sourcecode.c.h; path = ProgressWKWebView.h; sourceTree = "<group>"; };
		0F2199C422D6D85900C623BE /* BaseWebController.h */ = {isa = PBXFileReference; fileEncoding = 4; lastKnownFileType = sourcecode.c.h; path = BaseWebController.h; sourceTree = "<group>"; };
		0F2199C622D6D85900C623BE /* BaseTableViewController.m */ = {isa = PBXFileReference; fileEncoding = 4; lastKnownFileType = sourcecode.c.objc; path = BaseTableViewController.m; sourceTree = "<group>"; };
		0F2199C722D6D85900C623BE /* BaseRefreshController.h */ = {isa = PBXFileReference; fileEncoding = 4; lastKnownFileType = sourcecode.c.h; path = BaseRefreshController.h; sourceTree = "<group>"; };
		0F2199C822D6D85900C623BE /* BaseViewController.m */ = {isa = PBXFileReference; fileEncoding = 4; lastKnownFileType = sourcecode.c.objc; path = BaseViewController.m; sourceTree = "<group>"; };
		0F2199C922D6D85900C623BE /* BaseNavigationController.m */ = {isa = PBXFileReference; fileEncoding = 4; lastKnownFileType = sourcecode.c.objc; path = BaseNavigationController.m; sourceTree = "<group>"; };
		0F2199CA22D6D85900C623BE /* BaseConnectionController.m */ = {isa = PBXFileReference; fileEncoding = 4; lastKnownFileType = sourcecode.c.objc; path = BaseConnectionController.m; sourceTree = "<group>"; };
		0F2199CB22D6D85900C623BE /* BaseTableViewController.h */ = {isa = PBXFileReference; fileEncoding = 4; lastKnownFileType = sourcecode.c.h; path = BaseTableViewController.h; sourceTree = "<group>"; };
		0F2199CC22D6D85900C623BE /* BaseConnectionController.h */ = {isa = PBXFileReference; fileEncoding = 4; lastKnownFileType = sourcecode.c.h; path = BaseConnectionController.h; sourceTree = "<group>"; };
		0F2199CD22D6D85900C623BE /* BaseNavigationController.h */ = {isa = PBXFileReference; fileEncoding = 4; lastKnownFileType = sourcecode.c.h; path = BaseNavigationController.h; sourceTree = "<group>"; };
		0F2199CE22D6D85900C623BE /* BaseRefreshController.m */ = {isa = PBXFileReference; fileEncoding = 4; lastKnownFileType = sourcecode.c.objc; path = BaseRefreshController.m; sourceTree = "<group>"; };
		0F2199CF22D6D85900C623BE /* BaseViewController.h */ = {isa = PBXFileReference; fileEncoding = 4; lastKnownFileType = sourcecode.c.h; path = BaseViewController.h; sourceTree = "<group>"; };
		0F2199D122D6D85900C623BE /* BaseDownTool.m */ = {isa = PBXFileReference; fileEncoding = 4; lastKnownFileType = sourcecode.c.objc; path = BaseDownTool.m; sourceTree = "<group>"; };
		0F2199D222D6D85900C623BE /* BaseDownTask.h */ = {isa = PBXFileReference; fileEncoding = 4; lastKnownFileType = sourcecode.c.h; path = BaseDownTask.h; sourceTree = "<group>"; };
		0F2199D322D6D85900C623BE /* BaseDownTool.h */ = {isa = PBXFileReference; fileEncoding = 4; lastKnownFileType = sourcecode.c.h; path = BaseDownTool.h; sourceTree = "<group>"; };
		0F2199D422D6D85900C623BE /* BaseDownTask.m */ = {isa = PBXFileReference; fileEncoding = 4; lastKnownFileType = sourcecode.c.objc; path = BaseDownTask.m; sourceTree = "<group>"; };
		0F2199D622D6D85900C623BE /* BaseMacro.h */ = {isa = PBXFileReference; fileEncoding = 4; lastKnownFileType = sourcecode.c.h; path = BaseMacro.h; sourceTree = "<group>"; };
		0F2199D722D6D85900C623BE /* BaseModel.m */ = {isa = PBXFileReference; fileEncoding = 4; lastKnownFileType = sourcecode.c.objc; path = BaseModel.m; sourceTree = "<group>"; };
		0F2199D822D6D85900C623BE /* BaseNetModel.h */ = {isa = PBXFileReference; fileEncoding = 4; lastKnownFileType = sourcecode.c.h; path = BaseNetModel.h; sourceTree = "<group>"; };
		0F2199D922D6D85900C623BE /* BaseMacro.m */ = {isa = PBXFileReference; fileEncoding = 4; lastKnownFileType = sourcecode.c.objc; path = BaseMacro.m; sourceTree = "<group>"; };
		0F2199DA22D6D85900C623BE /* BaseModel.h */ = {isa = PBXFileReference; fileEncoding = 4; lastKnownFileType = sourcecode.c.h; path = BaseModel.h; sourceTree = "<group>"; };
		0F2199DB22D6D85900C623BE /* BaseNetModel.m */ = {isa = PBXFileReference; fileEncoding = 4; lastKnownFileType = sourcecode.c.objc; path = BaseNetModel.m; sourceTree = "<group>"; };
		0F2199DD22D6D85900C623BE /* BaseCell.m */ = {isa = PBXFileReference; fileEncoding = 4; lastKnownFileType = sourcecode.c.objc; path = BaseCell.m; sourceTree = "<group>"; };
		0F2199DE22D6D85900C623BE /* BaseView.m */ = {isa = PBXFileReference; fileEncoding = 4; lastKnownFileType = sourcecode.c.objc; path = BaseView.m; sourceTree = "<group>"; };
		0F2199DF22D6D85900C623BE /* BaseTableView.m */ = {isa = PBXFileReference; fileEncoding = 4; lastKnownFileType = sourcecode.c.objc; path = BaseTableView.m; sourceTree = "<group>"; };
		0F2199E022D6D85900C623BE /* BaseCell.h */ = {isa = PBXFileReference; fileEncoding = 4; lastKnownFileType = sourcecode.c.h; path = BaseCell.h; sourceTree = "<group>"; };
		0F2199E122D6D85900C623BE /* BaseView.h */ = {isa = PBXFileReference; fileEncoding = 4; lastKnownFileType = sourcecode.c.h; path = BaseView.h; sourceTree = "<group>"; };
		0F2199E222D6D85900C623BE /* BaseTableView.h */ = {isa = PBXFileReference; fileEncoding = 4; lastKnownFileType = sourcecode.c.h; path = BaseTableView.h; sourceTree = "<group>"; };
		0F2199E422D6D85900C623BE /* BaseNetCache.m */ = {isa = PBXFileReference; fileEncoding = 4; lastKnownFileType = sourcecode.c.objc; path = BaseNetCache.m; sourceTree = "<group>"; };
		0F2199E522D6D85900C623BE /* BaseNetCache.h */ = {isa = PBXFileReference; fileEncoding = 4; lastKnownFileType = sourcecode.c.h; path = BaseNetCache.h; sourceTree = "<group>"; };
		0F2199E722D6D85900C623BE /* BaseDataQueue.m */ = {isa = PBXFileReference; fileEncoding = 4; lastKnownFileType = sourcecode.c.objc; path = BaseDataQueue.m; sourceTree = "<group>"; };
		0F2199E822D6D85900C623BE /* BaseDataQueue.h */ = {isa = PBXFileReference; fileEncoding = 4; lastKnownFileType = sourcecode.c.h; path = BaseDataQueue.h; sourceTree = "<group>"; };
		0F2199EA22D6D85900C623BE /* BaseNetManager.m */ = {isa = PBXFileReference; fileEncoding = 4; lastKnownFileType = sourcecode.c.objc; path = BaseNetManager.m; sourceTree = "<group>"; };
		0F2199EB22D6D85900C623BE /* BaseNetTool.m */ = {isa = PBXFileReference; fileEncoding = 4; lastKnownFileType = sourcecode.c.objc; path = BaseNetTool.m; sourceTree = "<group>"; };
		0F2199EC22D6D85900C623BE /* BaseNetTool.h */ = {isa = PBXFileReference; fileEncoding = 4; lastKnownFileType = sourcecode.c.h; path = BaseNetTool.h; sourceTree = "<group>"; };
		0F2199ED22D6D85900C623BE /* BaseNetManager.h */ = {isa = PBXFileReference; fileEncoding = 4; lastKnownFileType = sourcecode.c.h; path = BaseNetManager.h; sourceTree = "<group>"; };
		0F219A0122D6D87E00C623BE /* GKiOSGame.pch */ = {isa = PBXFileReference; lastKnownFileType = sourcecode.c.h; path = GKiOSGame.pch; sourceTree = "<group>"; };
		0F32441622DD6D2800129DFB /* GKWallCollectionViewLayout.h */ = {isa = PBXFileReference; lastKnownFileType = sourcecode.c.h; path = GKWallCollectionViewLayout.h; sourceTree = "<group>"; };
		0F32441722DD6D2800129DFB /* GKWallCollectionViewLayout.m */ = {isa = PBXFileReference; lastKnownFileType = sourcecode.c.objc; path = GKWallCollectionViewLayout.m; sourceTree = "<group>"; };
		0F32441C22DD7BDF00129DFB /* GKWallModel.h */ = {isa = PBXFileReference; lastKnownFileType = sourcecode.c.h; path = GKWallModel.h; sourceTree = "<group>"; };
		0F32441D22DD7BDF00129DFB /* GKWallModel.m */ = {isa = PBXFileReference; lastKnownFileType = sourcecode.c.objc; path = GKWallModel.m; sourceTree = "<group>"; };
		0F32441F22DD7D6500129DFB /* GKWallCollectionViewCell.h */ = {isa = PBXFileReference; lastKnownFileType = sourcecode.c.h; path = GKWallCollectionViewCell.h; sourceTree = "<group>"; };
		0F32442022DD7D6500129DFB /* GKWallCollectionViewCell.m */ = {isa = PBXFileReference; lastKnownFileType = sourcecode.c.objc; path = GKWallCollectionViewCell.m; sourceTree = "<group>"; };
		0F32442122DD7D6500129DFB /* GKWallCollectionViewCell.xib */ = {isa = PBXFileReference; lastKnownFileType = file.xib; path = GKWallCollectionViewCell.xib; sourceTree = "<group>"; };
		0F32442522DD9E6900129DFB /* ATBrowserItemController.m */ = {isa = PBXFileReference; fileEncoding = 4; lastKnownFileType = sourcecode.c.objc; path = ATBrowserItemController.m; sourceTree = "<group>"; };
		0F32442622DD9E6900129DFB /* ATBrowserController.m */ = {isa = PBXFileReference; fileEncoding = 4; lastKnownFileType = sourcecode.c.objc; path = ATBrowserController.m; sourceTree = "<group>"; };
		0F32442722DD9E6900129DFB /* ATBrowserModel.m */ = {isa = PBXFileReference; fileEncoding = 4; lastKnownFileType = sourcecode.c.objc; path = ATBrowserModel.m; sourceTree = "<group>"; };
		0F32442822DD9E6900129DFB /* ATBrowserController.h */ = {isa = PBXFileReference; fileEncoding = 4; lastKnownFileType = sourcecode.c.h; path = ATBrowserController.h; sourceTree = "<group>"; };
		0F32442922DD9E6900129DFB /* ATBrowserProtocol.h */ = {isa = PBXFileReference; fileEncoding = 4; lastKnownFileType = sourcecode.c.h; path = ATBrowserProtocol.h; sourceTree = "<group>"; };
		0F32442A22DD9E6900129DFB /* ATBrowserItemController.h */ = {isa = PBXFileReference; fileEncoding = 4; lastKnownFileType = sourcecode.c.h; path = ATBrowserItemController.h; sourceTree = "<group>"; };
		0F32442B22DD9E6900129DFB /* ATBrowserModel.h */ = {isa = PBXFileReference; fileEncoding = 4; lastKnownFileType = sourcecode.c.h; path = ATBrowserModel.h; sourceTree = "<group>"; };
		0F32442C22DD9E6900129DFB /* ATBrowser.h */ = {isa = PBXFileReference; fileEncoding = 4; lastKnownFileType = sourcecode.c.h; path = ATBrowser.h; sourceTree = "<group>"; };
		0F32443022DDA24A00129DFB /* GKWallItemModel.h */ = {isa = PBXFileReference; lastKnownFileType = sourcecode.c.h; path = GKWallItemModel.h; sourceTree = "<group>"; };
		0F32443122DDA24A00129DFB /* GKWallItemModel.m */ = {isa = PBXFileReference; lastKnownFileType = sourcecode.c.objc; path = GKWallItemModel.m; sourceTree = "<group>"; };
		0F7481AD22DF221500B0FFC0 /* GKPlayDataQueue.h */ = {isa = PBXFileReference; lastKnownFileType = sourcecode.c.h; path = GKPlayDataQueue.h; sourceTree = "<group>"; };
		0F7481AE22DF221500B0FFC0 /* GKPlayDataQueue.m */ = {isa = PBXFileReference; lastKnownFileType = sourcecode.c.objc; path = GKPlayDataQueue.m; sourceTree = "<group>"; };
		0FE39E2D22D5CA4C005C25D5 /* GKiOSGame.app */ = {isa = PBXFileReference; explicitFileType = wrapper.application; includeInIndex = 0; path = GKiOSGame.app; sourceTree = BUILT_PRODUCTS_DIR; };
		0FE6867A22E6B64C0087E748 /* GKWallBaseController.h */ = {isa = PBXFileReference; lastKnownFileType = sourcecode.c.h; path = GKWallBaseController.h; sourceTree = "<group>"; };
		0FE6867B22E6B64C0087E748 /* GKWallBaseController.m */ = {isa = PBXFileReference; lastKnownFileType = sourcecode.c.objc; path = GKWallBaseController.m; sourceTree = "<group>"; };
		0FE6867D22E6DA6C0087E748 /* video5.json */ = {isa = PBXFileReference; fileEncoding = 4; lastKnownFileType = text.json; path = video5.json; sourceTree = "<group>"; };
		0FE6867E22E6DA6C0087E748 /* video3.json */ = {isa = PBXFileReference; fileEncoding = 4; lastKnownFileType = text.json; path = video3.json; sourceTree = "<group>"; };
		0FE6867F22E6DA6C0087E748 /* video2.json */ = {isa = PBXFileReference; fileEncoding = 4; lastKnownFileType = text.json; path = video2.json; sourceTree = "<group>"; };
		0FE6868022E6DA6C0087E748 /* video1.json */ = {isa = PBXFileReference; fileEncoding = 4; lastKnownFileType = text.json; path = video1.json; sourceTree = "<group>"; };
		0FE6868122E6DA6C0087E748 /* video4.json */ = {isa = PBXFileReference; fileEncoding = 4; lastKnownFileType = text.json; path = video4.json; sourceTree = "<group>"; };
		0FE6868222E6DA6C0087E748 /* video6.json */ = {isa = PBXFileReference; fileEncoding = 4; lastKnownFileType = text.json; path = video6.json; sourceTree = "<group>"; };
		0FE6869122E6EAD20087E748 /* GKHomeItemDetailController.m */ = {isa = PBXFileReference; fileEncoding = 4; lastKnownFileType = sourcecode.c.objc; path = GKHomeItemDetailController.m; sourceTree = "<group>"; };
		0FE6869222E6EAD20087E748 /* GKMenuViewController.h */ = {isa = PBXFileReference; fileEncoding = 4; lastKnownFileType = sourcecode.c.h; path = GKMenuViewController.h; sourceTree = "<group>"; };
		0FE6869322E6EAD20087E748 /* GKHomeNetManager.h */ = {isa = PBXFileReference; fileEncoding = 4; lastKnownFileType = sourcecode.c.h; path = GKHomeNetManager.h; sourceTree = "<group>"; };
		0FE6869422E6EAD20087E748 /* GKHomeContentController.h */ = {isa = PBXFileReference; fileEncoding = 4; lastKnownFileType = sourcecode.c.h; path = GKHomeContentController.h; sourceTree = "<group>"; };
		0FE6869522E6EAD20087E748 /* GKHomeItemController.m */ = {isa = PBXFileReference; fileEncoding = 4; lastKnownFileType = sourcecode.c.objc; path = GKHomeItemController.m; sourceTree = "<group>"; };
		0FE6869622E6EAD20087E748 /* GKMenuViewController.m */ = {isa = PBXFileReference; fileEncoding = 4; lastKnownFileType = sourcecode.c.objc; path = GKMenuViewController.m; sourceTree = "<group>"; };
		0FE6869722E6EAD20087E748 /* GKHomeItemDetailController.h */ = {isa = PBXFileReference; fileEncoding = 4; lastKnownFileType = sourcecode.c.h; path = GKHomeItemDetailController.h; sourceTree = "<group>"; };
		0FE6869822E6EAD20087E748 /* GKHomeNetManager.m */ = {isa = PBXFileReference; fileEncoding = 4; lastKnownFileType = sourcecode.c.objc; path = GKHomeNetManager.m; sourceTree = "<group>"; };
		0FE6869922E6EAD20087E748 /* GKHomeItemController.h */ = {isa = PBXFileReference; fileEncoding = 4; lastKnownFileType = sourcecode.c.h; path = GKHomeItemController.h; sourceTree = "<group>"; };
		0FE6869A22E6EAD20087E748 /* GKHomeContentController.m */ = {isa = PBXFileReference; fileEncoding = 4; lastKnownFileType = sourcecode.c.objc; path = GKHomeContentController.m; sourceTree = "<group>"; };
		0FE6869C22E6EAD20087E748 /* GKHomeModel.h */ = {isa = PBXFileReference; fileEncoding = 4; lastKnownFileType = sourcecode.c.h; path = GKHomeModel.h; sourceTree = "<group>"; };
		0FE6869D22E6EAD20087E748 /* GKHomeModel.m */ = {isa = PBXFileReference; fileEncoding = 4; lastKnownFileType = sourcecode.c.objc; path = GKHomeModel.m; sourceTree = "<group>"; };
		0FE6869F22E6EAD20087E748 /* GKHomeBannerView.h */ = {isa = PBXFileReference; fileEncoding = 4; lastKnownFileType = sourcecode.c.h; path = GKHomeBannerView.h; sourceTree = "<group>"; };
		0FE686A022E6EAD20087E748 /* GKHomeItemCell.h */ = {isa = PBXFileReference; fileEncoding = 4; lastKnownFileType = sourcecode.c.h; path = GKHomeItemCell.h; sourceTree = "<group>"; };
		0FE686A122E6EAD20087E748 /* GKHomeBannerView.m */ = {isa = PBXFileReference; fileEncoding = 4; lastKnownFileType = sourcecode.c.objc; path = GKHomeBannerView.m; sourceTree = "<group>"; };
		0FE686A222E6EAD20087E748 /* GKHomeItemCell.m */ = {isa = PBXFileReference; fileEncoding = 4; lastKnownFileType = sourcecode.c.objc; path = GKHomeItemCell.m; sourceTree = "<group>"; };
		0FE686A322E6EAD20087E748 /* GKHomeItemCell.xib */ = {isa = PBXFileReference; fileEncoding = 4; lastKnownFileType = file.xib; path = GKHomeItemCell.xib; sourceTree = "<group>"; };
		0FE686B022E6EBA80087E748 /* GKVideoPlayController.h */ = {isa = PBXFileReference; fileEncoding = 4; lastKnownFileType = sourcecode.c.h; path = GKVideoPlayController.h; sourceTree = "<group>"; };
		0FE686B222E6EBA80087E748 /* GKVideoPlayController.m */ = {isa = PBXFileReference; fileEncoding = 4; lastKnownFileType = sourcecode.c.objc; path = GKVideoPlayController.m; sourceTree = "<group>"; };
		0FE686C222E6EBA80087E748 /* GKClassifyModel.h */ = {isa = PBXFileReference; fileEncoding = 4; lastKnownFileType = sourcecode.c.h; path = GKClassifyModel.h; sourceTree = "<group>"; };
		0FE686C322E6EBA80087E748 /* GKVideoPlayHeaderView.h */ = {isa = PBXFileReference; fileEncoding = 4; lastKnownFileType = sourcecode.c.h; path = GKVideoPlayHeaderView.h; sourceTree = "<group>"; };
		0FE686C622E6EBA80087E748 /* GKClassifyModel.m */ = {isa = PBXFileReference; fileEncoding = 4; lastKnownFileType = sourcecode.c.objc; path = GKClassifyModel.m; sourceTree = "<group>"; };
		0FE686C722E6EBA80087E748 /* GKVideoPlayHeaderView.m */ = {isa = PBXFileReference; fileEncoding = 4; lastKnownFileType = sourcecode.c.objc; path = GKVideoPlayHeaderView.m; sourceTree = "<group>"; };
		0FE686C922E6EBA80087E748 /* GKClassifyReusableView.h */ = {isa = PBXFileReference; fileEncoding = 4; lastKnownFileType = sourcecode.c.h; path = GKClassifyReusableView.h; sourceTree = "<group>"; };
		0FE686CA22E6EBA80087E748 /* GKVideoPlayCell.h */ = {isa = PBXFileReference; fileEncoding = 4; lastKnownFileType = sourcecode.c.h; path = GKVideoPlayCell.h; sourceTree = "<group>"; };
		0FE686CB22E6EBA80087E748 /* GKVideoPlayView.h */ = {isa = PBXFileReference; fileEncoding = 4; lastKnownFileType = sourcecode.c.h; path = GKVideoPlayView.h; sourceTree = "<group>"; };
		0FE686CC22E6EBA80087E748 /* GKClarityCell.xib */ = {isa = PBXFileReference; fileEncoding = 4; lastKnownFileType = file.xib; path = GKClarityCell.xib; sourceTree = "<group>"; };
		0FE686CD22E6EBA80087E748 /* GKClassifyItemCell.h */ = {isa = PBXFileReference; fileEncoding = 4; lastKnownFileType = sourcecode.c.h; path = GKClassifyItemCell.h; sourceTree = "<group>"; };
		0FE686CE22E6EBA80087E748 /* GKSlider.m */ = {isa = PBXFileReference; fileEncoding = 4; lastKnownFileType = sourcecode.c.objc; path = GKSlider.m; sourceTree = "<group>"; };
		0FE686D022E6EBA80087E748 /* GKVideoPlayCell.xib */ = {isa = PBXFileReference; fileEncoding = 4; lastKnownFileType = file.xib; path = GKVideoPlayCell.xib; sourceTree = "<group>"; };
		0FE686D122E6EBA80087E748 /* GKClarityCell.m */ = {isa = PBXFileReference; fileEncoding = 4; lastKnownFileType = sourcecode.c.objc; path = GKClarityCell.m; sourceTree = "<group>"; };
		0FE686D222E6EBA80087E748 /* GKClassifyItemCell.xib */ = {isa = PBXFileReference; fileEncoding = 4; lastKnownFileType = file.xib; path = GKClassifyItemCell.xib; sourceTree = "<group>"; };
		0FE686D322E6EBA80087E748 /* GKVideoPlayView.xib */ = {isa = PBXFileReference; fileEncoding = 4; lastKnownFileType = file.xib; path = GKVideoPlayView.xib; sourceTree = "<group>"; };
		0FE686D422E6EBA80087E748 /* GKClarityView.m */ = {isa = PBXFileReference; fileEncoding = 4; lastKnownFileType = sourcecode.c.objc; path = GKClarityView.m; sourceTree = "<group>"; };
		0FE686D522E6EBA80087E748 /* GKVideoPlayCell.m */ = {isa = PBXFileReference; fileEncoding = 4; lastKnownFileType = sourcecode.c.objc; path = GKVideoPlayCell.m; sourceTree = "<group>"; };
		0FE686D622E6EBA80087E748 /* GKClassifyReusableView.m */ = {isa = PBXFileReference; fileEncoding = 4; lastKnownFileType = sourcecode.c.objc; path = GKClassifyReusableView.m; sourceTree = "<group>"; };
		0FE686D722E6EBA80087E748 /* GKClassifyReusableView.xib */ = {isa = PBXFileReference; fileEncoding = 4; lastKnownFileType = file.xib; path = GKClassifyReusableView.xib; sourceTree = "<group>"; };
		0FE686D822E6EBA80087E748 /* GKVideoPlayView.m */ = {isa = PBXFileReference; fileEncoding = 4; lastKnownFileType = sourcecode.c.objc; path = GKVideoPlayView.m; sourceTree = "<group>"; };
		0FE686DA22E6EBA80087E748 /* GKClarityCell.h */ = {isa = PBXFileReference; fileEncoding = 4; lastKnownFileType = sourcecode.c.h; path = GKClarityCell.h; sourceTree = "<group>"; };
		0FE686DC22E6EBA80087E748 /* GKClassifyItemCell.m */ = {isa = PBXFileReference; fileEncoding = 4; lastKnownFileType = sourcecode.c.objc; path = GKClassifyItemCell.m; sourceTree = "<group>"; };
		0FE686DD22E6EBA80087E748 /* GKSlider.h */ = {isa = PBXFileReference; fileEncoding = 4; lastKnownFileType = sourcecode.c.h; path = GKSlider.h; sourceTree = "<group>"; };
		0FE686DE22E6EBA80087E748 /* GKClarityView.h */ = {isa = PBXFileReference; fileEncoding = 4; lastKnownFileType = sourcecode.c.h; path = GKClarityView.h; sourceTree = "<group>"; };
		0FE686F922E6EC3A0087E748 /* UIView+GKToast.m */ = {isa = PBXFileReference; fileEncoding = 4; lastKnownFileType = sourcecode.c.objc; path = "UIView+GKToast.m"; sourceTree = "<group>"; };
		0FE686FA22E6EC3A0087E748 /* UIViewController+Tool.h */ = {isa = PBXFileReference; fileEncoding = 4; lastKnownFileType = sourcecode.c.h; path = "UIViewController+Tool.h"; sourceTree = "<group>"; };
		0FE686FB22E6EC3A0087E748 /* UIView+GKToast.h */ = {isa = PBXFileReference; fileEncoding = 4; lastKnownFileType = sourcecode.c.h; path = "UIView+GKToast.h"; sourceTree = "<group>"; };
		0FE686FC22E6EC3A0087E748 /* UIViewController+Tool.m */ = {isa = PBXFileReference; fileEncoding = 4; lastKnownFileType = sourcecode.c.objc; path = "UIViewController+Tool.m"; sourceTree = "<group>"; };
		0FE686FE22E6EC3A0087E748 /* GKDownDataQueue.m */ = {isa = PBXFileReference; fileEncoding = 4; lastKnownFileType = sourcecode.c.objc; path = GKDownDataQueue.m; sourceTree = "<group>"; };
		0FE686FF22E6EC3A0087E748 /* GKDownloadTask.h */ = {isa = PBXFileReference; fileEncoding = 4; lastKnownFileType = sourcecode.c.h; path = GKDownloadTask.h; sourceTree = "<group>"; };
		0FE6870022E6EC3A0087E748 /* GKDownDataQueue.h */ = {isa = PBXFileReference; fileEncoding = 4; lastKnownFileType = sourcecode.c.h; path = GKDownDataQueue.h; sourceTree = "<group>"; };
		0FE6870122E6EC3A0087E748 /* GKDownloadTask.m */ = {isa = PBXFileReference; fileEncoding = 4; lastKnownFileType = sourcecode.c.objc; path = GKDownloadTask.m; sourceTree = "<group>"; };
		0FE6870722E6EC800087E748 /* GKBasePlayer.h */ = {isa = PBXFileReference; fileEncoding = 4; lastKnownFileType = sourcecode.c.h; path = GKBasePlayer.h; sourceTree = "<group>"; };
		0FE6870822E6EC800087E748 /* GKVideoPlayer.m */ = {isa = PBXFileReference; fileEncoding = 4; lastKnownFileType = sourcecode.c.objc; path = GKVideoPlayer.m; sourceTree = "<group>"; };
		0FE6870922E6EC800087E748 /* GKAVPlayer.h */ = {isa = PBXFileReference; fileEncoding = 4; lastKnownFileType = sourcecode.c.h; path = GKAVPlayer.h; sourceTree = "<group>"; };
		0FE6870A22E6EC800087E748 /* GKBasePlayer.m */ = {isa = PBXFileReference; fileEncoding = 4; lastKnownFileType = sourcecode.c.objc; path = GKBasePlayer.m; sourceTree = "<group>"; };
		0FE6870B22E6EC800087E748 /* GKAVPlayer.m */ = {isa = PBXFileReference; fileEncoding = 4; lastKnownFileType = sourcecode.c.objc; path = GKAVPlayer.m; sourceTree = "<group>"; };
		0FE6870C22E6EC800087E748 /* GKVideoPlayer.h */ = {isa = PBXFileReference; fileEncoding = 4; lastKnownFileType = sourcecode.c.h; path = GKVideoPlayer.h; sourceTree = "<group>"; };
		0FF314A9234DB06400CFDD9D /* title.plist */ = {isa = PBXFileReference; fileEncoding = 4; lastKnownFileType = text.plist.xml; path = title.plist; sourceTree = "<group>"; };
		0FF314AB234DB26700CFDD9D /* GKVideoContentController.h */ = {isa = PBXFileReference; lastKnownFileType = sourcecode.c.h; path = GKVideoContentController.h; sourceTree = "<group>"; };
		0FF314AC234DB26700CFDD9D /* GKVideoContentController.m */ = {isa = PBXFileReference; lastKnownFileType = sourcecode.c.objc; path = GKVideoContentController.m; sourceTree = "<group>"; };
		0FF314AE234DB28100CFDD9D /* GKVideoItemController.h */ = {isa = PBXFileReference; lastKnownFileType = sourcecode.c.h; path = GKVideoItemController.h; sourceTree = "<group>"; };
		0FF314AF234DB28100CFDD9D /* GKVideoItemController.m */ = {isa = PBXFileReference; lastKnownFileType = sourcecode.c.objc; path = GKVideoItemController.m; sourceTree = "<group>"; };
		0FF314B1234DB52C00CFDD9D /* GKVideoItem.h */ = {isa = PBXFileReference; lastKnownFileType = sourcecode.c.h; path = GKVideoItem.h; sourceTree = "<group>"; };
		0FF314B2234DB52C00CFDD9D /* GKVideoItem.m */ = {isa = PBXFileReference; lastKnownFileType = sourcecode.c.objc; path = GKVideoItem.m; sourceTree = "<group>"; };
		0FF314B4234DB71200CFDD9D /* GKVideoNetManager.h */ = {isa = PBXFileReference; lastKnownFileType = sourcecode.c.h; path = GKVideoNetManager.h; sourceTree = "<group>"; };
		0FF314B5234DB71200CFDD9D /* GKVideoNetManager.m */ = {isa = PBXFileReference; lastKnownFileType = sourcecode.c.objc; path = GKVideoNetManager.m; sourceTree = "<group>"; };
		0FF314B9234DBDB400CFDD9D /* GKDownCell.h */ = {isa = PBXFileReference; fileEncoding = 4; lastKnownFileType = sourcecode.c.h; path = GKDownCell.h; sourceTree = "<group>"; };
		0FF314BA234DBDB400CFDD9D /* GKVideoController.h */ = {isa = PBXFileReference; fileEncoding = 4; lastKnownFileType = sourcecode.c.h; path = GKVideoController.h; sourceTree = "<group>"; };
		0FF314BC234DBDB400CFDD9D /* GKVideoController.m */ = {isa = PBXFileReference; fileEncoding = 4; lastKnownFileType = sourcecode.c.objc; path = GKVideoController.m; sourceTree = "<group>"; };
		0FF314BD234DBDB400CFDD9D /* GKDownCell.xib */ = {isa = PBXFileReference; fileEncoding = 4; lastKnownFileType = file.xib; path = GKDownCell.xib; sourceTree = "<group>"; };
		0FF314BE234DBDB400CFDD9D /* GKDownCell.m */ = {isa = PBXFileReference; fileEncoding = 4; lastKnownFileType = sourcecode.c.objc; path = GKDownCell.m; sourceTree = "<group>"; };
		0FF314C3234DBEBB00CFDD9D /* GKDownModel.h */ = {isa = PBXFileReference; lastKnownFileType = sourcecode.c.h; path = GKDownModel.h; sourceTree = "<group>"; };
		0FF314C4234DBEBB00CFDD9D /* GKDownModel.m */ = {isa = PBXFileReference; lastKnownFileType = sourcecode.c.objc; path = GKDownModel.m; sourceTree = "<group>"; };
		0FF314C6234DC42800CFDD9D /* GKVideoItemCell.h */ = {isa = PBXFileReference; lastKnownFileType = sourcecode.c.h; path = GKVideoItemCell.h; sourceTree = "<group>"; };
		0FF314C7234DC42800CFDD9D /* GKVideoItemCell.m */ = {isa = PBXFileReference; lastKnownFileType = sourcecode.c.objc; path = GKVideoItemCell.m; sourceTree = "<group>"; };
		0FF314C8234DC42800CFDD9D /* GKVideoItemCell.xib */ = {isa = PBXFileReference; lastKnownFileType = file.xib; path = GKVideoItemCell.xib; sourceTree = "<group>"; };
		0FF4D65122D7097A00A475FB /* GKTimeTool.h */ = {isa = PBXFileReference; lastKnownFileType = sourcecode.c.h; path = GKTimeTool.h; sourceTree = "<group>"; };
		0FF4D65222D7097A00A475FB /* GKTimeTool.m */ = {isa = PBXFileReference; lastKnownFileType = sourcecode.c.objc; path = GKTimeTool.m; sourceTree = "<group>"; };
		0FF4D65A22D7208C00A475FB /* GKDeckController.h */ = {isa = PBXFileReference; lastKnownFileType = sourcecode.c.h; path = GKDeckController.h; sourceTree = "<group>"; };
		0FF4D65B22D7208C00A475FB /* GKDeckController.m */ = {isa = PBXFileReference; lastKnownFileType = sourcecode.c.objc; path = GKDeckController.m; sourceTree = "<group>"; };
		2F1DC6AAAF1F1BDFA6F8732C /* libPods-GKiOSGame.a */ = {isa = PBXFileReference; explicitFileType = archive.ar; includeInIndex = 0; path = "libPods-GKiOSGame.a"; sourceTree = BUILT_PRODUCTS_DIR; };
		A37E3480F225FA1E6F53E48D /* Pods-GKiOSGame.debug.xcconfig */ = {isa = PBXFileReference; includeInIndex = 1; lastKnownFileType = text.xcconfig; name = "Pods-GKiOSGame.debug.xcconfig"; path = "Target Support Files/Pods-GKiOSGame/Pods-GKiOSGame.debug.xcconfig"; sourceTree = "<group>"; };
		BD224A48388F61B17B4FB6BE /* Pods-GKiOSGame.release.xcconfig */ = {isa = PBXFileReference; includeInIndex = 1; lastKnownFileType = text.xcconfig; name = "Pods-GKiOSGame.release.xcconfig"; path = "Target Support Files/Pods-GKiOSGame/Pods-GKiOSGame.release.xcconfig"; sourceTree = "<group>"; };
/* End PBXFileReference section */

/* Begin PBXFrameworksBuildPhase section */
		0FE39E2A22D5CA4C005C25D5 /* Frameworks */ = {
			isa = PBXFrameworksBuildPhase;
			buildActionMask = 2147483647;
			files = (
				FB1BC651229BFEB2A5D0FE97 /* libPods-GKiOSGame.a in Frameworks */,
			);
			runOnlyForDeploymentPostprocessing = 0;
		};
/* End PBXFrameworksBuildPhase section */

/* Begin PBXGroup section */
		0F2199A322D6D62F00C623BE /* Base */ = {
			isa = PBXGroup;
			children = (
				0F2199E322D6D85900C623BE /* CacheManager */,
				0F2199C522D6D85900C623BE /* Controller */,
				0F2199E622D6D85900C623BE /* DataManager */,
				0F2199D022D6D85900C623BE /* DownManager */,
				0F2199D522D6D85900C623BE /* Model */,
				0F2199E922D6D85900C623BE /* NetManager */,
				0F2199DC22D6D85900C623BE /* View */,
				0F2199C022D6D85900C623BE /* Web */,
			);
			path = Base;
			sourceTree = "<group>";
		};
		0F2199A422D6D62F00C623BE /* Class */ = {
			isa = PBXGroup;
			children = (
				0FF314B7234DBDB400CFDD9D /* Down */,
				0FE686AD22E6EBA80087E748 /* Video */,
				0FE6868F22E6EAD20087E748 /* Home */,
				0F219A0422D6DC3200C623BE /* Picture */,
			);
			path = Class;
			sourceTree = "<group>";
		};
		0F2199A522D6D62F00C623BE /* App */ = {
			isa = PBXGroup;
			children = (
				0F2199A622D6D62F00C623BE /* AppDelegate.h */,
				0F2199A922D6D62F00C623BE /* AppDelegate.m */,
				0F2199BA22D6D69300C623BE /* Assets.xcassets */,
				0F2199B522D6D69300C623BE /* Base.lproj */,
				0F219A0122D6D87E00C623BE /* GKiOSGame.pch */,
				0F2199A822D6D62F00C623BE /* main.m */,
				0F1F73C222D82BC6002E45D9 /* GKTabBarController.h */,
				0F1F73C322D82BC6002E45D9 /* GKTabBarController.m */,
			);
			path = App;
			sourceTree = "<group>";
		};
		0F2199AC22D6D62F00C623BE /* Tool */ = {
			isa = PBXGroup;
			children = (
				0FE6870622E6EC800087E748 /* VideoPlayer */,
				0FE686F822E6EC3A0087E748 /* Category */,
				0FE686FD22E6EC3A0087E748 /* DownTask */,
				0FE6868022E6DA6C0087E748 /* video1.json */,
				0FE6867F22E6DA6C0087E748 /* video2.json */,
				0FE6867E22E6DA6C0087E748 /* video3.json */,
				0FE6868122E6DA6C0087E748 /* video4.json */,
				0FE6867D22E6DA6C0087E748 /* video5.json */,
				0FE6868222E6DA6C0087E748 /* video6.json */,
				0F32442422DD9E6900129DFB /* ATBrowser */,
				0FF4D65A22D7208C00A475FB /* GKDeckController.h */,
				0FF4D65B22D7208C00A475FB /* GKDeckController.m */,
				0F7481AD22DF221500B0FFC0 /* GKPlayDataQueue.h */,
				0F7481AE22DF221500B0FFC0 /* GKPlayDataQueue.m */,
				0FF4D65122D7097A00A475FB /* GKTimeTool.h */,
				0FF4D65222D7097A00A475FB /* GKTimeTool.m */,
				0F04F6A622E5AEB200477F6C /* App.plist */,
			);
			path = Tool;
			sourceTree = "<group>";
		};
		0F2199B522D6D69300C623BE /* Base.lproj */ = {
			isa = PBXGroup;
			children = (
				0F2199B622D6D69300C623BE /* LaunchScreen.storyboard */,
			);
			path = Base.lproj;
			sourceTree = "<group>";
		};
		0F2199C022D6D85900C623BE /* Web */ = {
			isa = PBXGroup;
			children = (
				0F2199C422D6D85900C623BE /* BaseWebController.h */,
				0F2199C222D6D85900C623BE /* BaseWebController.m */,
				0F2199C322D6D85900C623BE /* ProgressWKWebView.h */,
				0F2199C122D6D85900C623BE /* ProgressWKWebView.m */,
			);
			path = Web;
			sourceTree = "<group>";
		};
		0F2199C522D6D85900C623BE /* Controller */ = {
			isa = PBXGroup;
			children = (
				0F2199CC22D6D85900C623BE /* BaseConnectionController.h */,
				0F2199CA22D6D85900C623BE /* BaseConnectionController.m */,
				0F2199CD22D6D85900C623BE /* BaseNavigationController.h */,
				0F2199C922D6D85900C623BE /* BaseNavigationController.m */,
				0F2199C722D6D85900C623BE /* BaseRefreshController.h */,
				0F2199CE22D6D85900C623BE /* BaseRefreshController.m */,
				0F2199CB22D6D85900C623BE /* BaseTableViewController.h */,
				0F2199C622D6D85900C623BE /* BaseTableViewController.m */,
				0F2199CF22D6D85900C623BE /* BaseViewController.h */,
				0F2199C822D6D85900C623BE /* BaseViewController.m */,
			);
			path = Controller;
			sourceTree = "<group>";
		};
		0F2199D022D6D85900C623BE /* DownManager */ = {
			isa = PBXGroup;
			children = (
				0F2199D222D6D85900C623BE /* BaseDownTask.h */,
				0F2199D422D6D85900C623BE /* BaseDownTask.m */,
				0F2199D322D6D85900C623BE /* BaseDownTool.h */,
				0F2199D122D6D85900C623BE /* BaseDownTool.m */,
			);
			path = DownManager;
			sourceTree = "<group>";
		};
		0F2199D522D6D85900C623BE /* Model */ = {
			isa = PBXGroup;
			children = (
				0F2199D622D6D85900C623BE /* BaseMacro.h */,
				0F2199D922D6D85900C623BE /* BaseMacro.m */,
				0F2199DA22D6D85900C623BE /* BaseModel.h */,
				0F2199D722D6D85900C623BE /* BaseModel.m */,
				0F2199D822D6D85900C623BE /* BaseNetModel.h */,
				0F2199DB22D6D85900C623BE /* BaseNetModel.m */,
			);
			path = Model;
			sourceTree = "<group>";
		};
		0F2199DC22D6D85900C623BE /* View */ = {
			isa = PBXGroup;
			children = (
				0F2199E022D6D85900C623BE /* BaseCell.h */,
				0F2199DD22D6D85900C623BE /* BaseCell.m */,
				0F2199E222D6D85900C623BE /* BaseTableView.h */,
				0F2199DF22D6D85900C623BE /* BaseTableView.m */,
				0F2199E122D6D85900C623BE /* BaseView.h */,
				0F2199DE22D6D85900C623BE /* BaseView.m */,
			);
			path = View;
			sourceTree = "<group>";
		};
		0F2199E322D6D85900C623BE /* CacheManager */ = {
			isa = PBXGroup;
			children = (
				0F2199E522D6D85900C623BE /* BaseNetCache.h */,
				0F2199E422D6D85900C623BE /* BaseNetCache.m */,
			);
			path = CacheManager;
			sourceTree = "<group>";
		};
		0F2199E622D6D85900C623BE /* DataManager */ = {
			isa = PBXGroup;
			children = (
				0F2199E822D6D85900C623BE /* BaseDataQueue.h */,
				0F2199E722D6D85900C623BE /* BaseDataQueue.m */,
			);
			path = DataManager;
			sourceTree = "<group>";
		};
		0F2199E922D6D85900C623BE /* NetManager */ = {
			isa = PBXGroup;
			children = (
				0F2199ED22D6D85900C623BE /* BaseNetManager.h */,
				0F2199EA22D6D85900C623BE /* BaseNetManager.m */,
				0F2199EC22D6D85900C623BE /* BaseNetTool.h */,
				0F2199EB22D6D85900C623BE /* BaseNetTool.m */,
			);
			path = NetManager;
			sourceTree = "<group>";
		};
		0F219A0422D6DC3200C623BE /* Picture */ = {
			isa = PBXGroup;
			children = (
				0F32441622DD6D2800129DFB /* GKWallCollectionViewLayout.h */,
				0F32441722DD6D2800129DFB /* GKWallCollectionViewLayout.m */,
				0F32441C22DD7BDF00129DFB /* GKWallModel.h */,
				0F32441D22DD7BDF00129DFB /* GKWallModel.m */,
				0F32441F22DD7D6500129DFB /* GKWallCollectionViewCell.h */,
				0F32442022DD7D6500129DFB /* GKWallCollectionViewCell.m */,
				0F32442122DD7D6500129DFB /* GKWallCollectionViewCell.xib */,
				0F32443022DDA24A00129DFB /* GKWallItemModel.h */,
				0F32443122DDA24A00129DFB /* GKWallItemModel.m */,
				0FE6867A22E6B64C0087E748 /* GKWallBaseController.h */,
				0FE6867B22E6B64C0087E748 /* GKWallBaseController.m */,
			);
			path = Picture;
			sourceTree = "<group>";
		};
		0F32442422DD9E6900129DFB /* ATBrowser */ = {
			isa = PBXGroup;
			children = (
				0F32442C22DD9E6900129DFB /* ATBrowser.h */,
				0F32442822DD9E6900129DFB /* ATBrowserController.h */,
				0F32442622DD9E6900129DFB /* ATBrowserController.m */,
				0F32442A22DD9E6900129DFB /* ATBrowserItemController.h */,
				0F32442522DD9E6900129DFB /* ATBrowserItemController.m */,
				0F32442B22DD9E6900129DFB /* ATBrowserModel.h */,
				0F32442722DD9E6900129DFB /* ATBrowserModel.m */,
				0F32442922DD9E6900129DFB /* ATBrowserProtocol.h */,
			);
			path = ATBrowser;
			sourceTree = "<group>";
		};
		0FE39E2422D5CA4C005C25D5 = {
			isa = PBXGroup;
			children = (
				0FE39E2F22D5CA4C005C25D5 /* GKiOSGame */,
				0FE39E2E22D5CA4C005C25D5 /* Products */,
				55EA7682AE0FA5FCEE3D4930 /* Pods */,
				5BCF266B491184B0714BC20B /* Frameworks */,
			);
			sourceTree = "<group>";
		};
		0FE39E2E22D5CA4C005C25D5 /* Products */ = {
			isa = PBXGroup;
			children = (
				0FE39E2D22D5CA4C005C25D5 /* GKiOSGame.app */,
			);
			name = Products;
			sourceTree = "<group>";
		};
		0FE39E2F22D5CA4C005C25D5 /* GKiOSGame */ = {
			isa = PBXGroup;
			children = (
				0F1F73C122D82919002E45D9 /* GKiOSGame.entitlements */,
				0F2199BE22D6D77500C623BE /* Info.plist */,
				0F2199A522D6D62F00C623BE /* App */,
				0F2199A322D6D62F00C623BE /* Base */,
				0F2199A422D6D62F00C623BE /* Class */,
				0F2199AC22D6D62F00C623BE /* Tool */,
			);
			path = GKiOSGame;
			sourceTree = "<group>";
		};
		0FE6868F22E6EAD20087E748 /* Home */ = {
			isa = PBXGroup;
			children = (
				0FE6869022E6EAD20087E748 /* Ctrl */,
				0FE6869B22E6EAD20087E748 /* Model */,
				0FE6869E22E6EAD20087E748 /* View */,
			);
			path = Home;
			sourceTree = "<group>";
		};
		0FE6869022E6EAD20087E748 /* Ctrl */ = {
			isa = PBXGroup;
			children = (
				0FE6869422E6EAD20087E748 /* GKHomeContentController.h */,
				0FE6869A22E6EAD20087E748 /* GKHomeContentController.m */,
				0FE6869922E6EAD20087E748 /* GKHomeItemController.h */,
				0FE6869522E6EAD20087E748 /* GKHomeItemController.m */,
				0FE6869722E6EAD20087E748 /* GKHomeItemDetailController.h */,
				0FE6869122E6EAD20087E748 /* GKHomeItemDetailController.m */,
				0FE6869322E6EAD20087E748 /* GKHomeNetManager.h */,
				0FE6869822E6EAD20087E748 /* GKHomeNetManager.m */,
				0FE6869222E6EAD20087E748 /* GKMenuViewController.h */,
				0FE6869622E6EAD20087E748 /* GKMenuViewController.m */,
			);
			path = Ctrl;
			sourceTree = "<group>";
		};
		0FE6869B22E6EAD20087E748 /* Model */ = {
			isa = PBXGroup;
			children = (
				0FE6869C22E6EAD20087E748 /* GKHomeModel.h */,
				0FE6869D22E6EAD20087E748 /* GKHomeModel.m */,
			);
			path = Model;
			sourceTree = "<group>";
		};
		0FE6869E22E6EAD20087E748 /* View */ = {
			isa = PBXGroup;
			children = (
				0FE6869F22E6EAD20087E748 /* GKHomeBannerView.h */,
				0FE686A122E6EAD20087E748 /* GKHomeBannerView.m */,
				0FE686A022E6EAD20087E748 /* GKHomeItemCell.h */,
				0FE686A222E6EAD20087E748 /* GKHomeItemCell.m */,
				0FE686A322E6EAD20087E748 /* GKHomeItemCell.xib */,
			);
			path = View;
			sourceTree = "<group>";
		};
		0FE686AD22E6EBA80087E748 /* Video */ = {
			isa = PBXGroup;
			children = (
				0FE686AE22E6EBA80087E748 /* Ctrl */,
				0FE686BF22E6EBA80087E748 /* Model */,
				0FE686C822E6EBA80087E748 /* View */,
			);
			path = Video;
			sourceTree = "<group>";
		};
		0FE686AE22E6EBA80087E748 /* Ctrl */ = {
			isa = PBXGroup;
			children = (
				0FE686B022E6EBA80087E748 /* GKVideoPlayController.h */,
				0FE686B222E6EBA80087E748 /* GKVideoPlayController.m */,
				0FF314AB234DB26700CFDD9D /* GKVideoContentController.h */,
				0FF314AC234DB26700CFDD9D /* GKVideoContentController.m */,
				0FF314AE234DB28100CFDD9D /* GKVideoItemController.h */,
				0FF314AF234DB28100CFDD9D /* GKVideoItemController.m */,
				0FF314B4234DB71200CFDD9D /* GKVideoNetManager.h */,
				0FF314B5234DB71200CFDD9D /* GKVideoNetManager.m */,
			);
			path = Ctrl;
			sourceTree = "<group>";
		};
		0FE686BF22E6EBA80087E748 /* Model */ = {
			isa = PBXGroup;
			children = (
				0FF314A9234DB06400CFDD9D /* title.plist */,
				0FE686C222E6EBA80087E748 /* GKClassifyModel.h */,
				0FE686C622E6EBA80087E748 /* GKClassifyModel.m */,
				0FE686C322E6EBA80087E748 /* GKVideoPlayHeaderView.h */,
				0FE686C722E6EBA80087E748 /* GKVideoPlayHeaderView.m */,
				0FF314B1234DB52C00CFDD9D /* GKVideoItem.h */,
				0FF314B2234DB52C00CFDD9D /* GKVideoItem.m */,
			);
			path = Model;
			sourceTree = "<group>";
		};
		0FE686C822E6EBA80087E748 /* View */ = {
			isa = PBXGroup;
			children = (
				0FE686DA22E6EBA80087E748 /* GKClarityCell.h */,
				0FE686D122E6EBA80087E748 /* GKClarityCell.m */,
				0FE686CC22E6EBA80087E748 /* GKClarityCell.xib */,
				0FE686DE22E6EBA80087E748 /* GKClarityView.h */,
				0FE686D422E6EBA80087E748 /* GKClarityView.m */,
				0FE686CD22E6EBA80087E748 /* GKClassifyItemCell.h */,
				0FE686DC22E6EBA80087E748 /* GKClassifyItemCell.m */,
				0FE686D222E6EBA80087E748 /* GKClassifyItemCell.xib */,
				0FE686C922E6EBA80087E748 /* GKClassifyReusableView.h */,
				0FE686D622E6EBA80087E748 /* GKClassifyReusableView.m */,
				0FE686D722E6EBA80087E748 /* GKClassifyReusableView.xib */,
				0FE686DD22E6EBA80087E748 /* GKSlider.h */,
				0FE686CE22E6EBA80087E748 /* GKSlider.m */,
				0FE686CA22E6EBA80087E748 /* GKVideoPlayCell.h */,
				0FE686D522E6EBA80087E748 /* GKVideoPlayCell.m */,
				0FE686D022E6EBA80087E748 /* GKVideoPlayCell.xib */,
				0FE686CB22E6EBA80087E748 /* GKVideoPlayView.h */,
				0FE686D822E6EBA80087E748 /* GKVideoPlayView.m */,
				0FE686D322E6EBA80087E748 /* GKVideoPlayView.xib */,
				0FF314C6234DC42800CFDD9D /* GKVideoItemCell.h */,
				0FF314C7234DC42800CFDD9D /* GKVideoItemCell.m */,
				0FF314C8234DC42800CFDD9D /* GKVideoItemCell.xib */,
			);
			path = View;
			sourceTree = "<group>";
		};
		0FE686F822E6EC3A0087E748 /* Category */ = {
			isa = PBXGroup;
			children = (
				0FE686FB22E6EC3A0087E748 /* UIView+GKToast.h */,
				0FE686F922E6EC3A0087E748 /* UIView+GKToast.m */,
				0FE686FA22E6EC3A0087E748 /* UIViewController+Tool.h */,
				0FE686FC22E6EC3A0087E748 /* UIViewController+Tool.m */,
			);
			path = Category;
			sourceTree = "<group>";
		};
		0FE686FD22E6EC3A0087E748 /* DownTask */ = {
			isa = PBXGroup;
			children = (
				0FE6870022E6EC3A0087E748 /* GKDownDataQueue.h */,
				0FE686FE22E6EC3A0087E748 /* GKDownDataQueue.m */,
				0FE686FF22E6EC3A0087E748 /* GKDownloadTask.h */,
				0FE6870122E6EC3A0087E748 /* GKDownloadTask.m */,
			);
			path = DownTask;
			sourceTree = "<group>";
		};
		0FE6870622E6EC800087E748 /* VideoPlayer */ = {
			isa = PBXGroup;
			children = (
				0FE6870922E6EC800087E748 /* GKAVPlayer.h */,
				0FE6870B22E6EC800087E748 /* GKAVPlayer.m */,
				0FE6870722E6EC800087E748 /* GKBasePlayer.h */,
				0FE6870A22E6EC800087E748 /* GKBasePlayer.m */,
				0FE6870C22E6EC800087E748 /* GKVideoPlayer.h */,
				0FE6870822E6EC800087E748 /* GKVideoPlayer.m */,
			);
			path = VideoPlayer;
			sourceTree = "<group>";
		};
		0FF314B7234DBDB400CFDD9D /* Down */ = {
			isa = PBXGroup;
			children = (
				0FF314BA234DBDB400CFDD9D /* GKVideoController.h */,
				0FF314BC234DBDB400CFDD9D /* GKVideoController.m */,
				0FF314B9234DBDB400CFDD9D /* GKDownCell.h */,
				0FF314BE234DBDB400CFDD9D /* GKDownCell.m */,
				0FF314BD234DBDB400CFDD9D /* GKDownCell.xib */,
				0FF314C3234DBEBB00CFDD9D /* GKDownModel.h */,
				0FF314C4234DBEBB00CFDD9D /* GKDownModel.m */,
			);
			path = Down;
			sourceTree = "<group>";
		};
		55EA7682AE0FA5FCEE3D4930 /* Pods */ = {
			isa = PBXGroup;
			children = (
				A37E3480F225FA1E6F53E48D /* Pods-GKiOSGame.debug.xcconfig */,
				BD224A48388F61B17B4FB6BE /* Pods-GKiOSGame.release.xcconfig */,
			);
			path = Pods;
			sourceTree = "<group>";
		};
		5BCF266B491184B0714BC20B /* Frameworks */ = {
			isa = PBXGroup;
			children = (
				2F1DC6AAAF1F1BDFA6F8732C /* libPods-GKiOSGame.a */,
			);
			name = Frameworks;
			sourceTree = "<group>";
		};
/* End PBXGroup section */

/* Begin PBXNativeTarget section */
		0FE39E2C22D5CA4C005C25D5 /* GKiOSGame */ = {
			isa = PBXNativeTarget;
			buildConfigurationList = 0FE39E4322D5CA4E005C25D5 /* Build configuration list for PBXNativeTarget "GKiOSGame" */;
			buildPhases = (
				A3277CCA44984A44AE95F4E3 /* [CP] Check Pods Manifest.lock */,
				0FE39E2922D5CA4C005C25D5 /* Sources */,
				0FE39E2A22D5CA4C005C25D5 /* Frameworks */,
				0FE39E2B22D5CA4C005C25D5 /* Resources */,
				3CB2493A1F63F4098E1B3548 /* [CP] Copy Pods Resources */,
				779FA2E7DCEC87457EAB08C3 /* [CP] Embed Pods Frameworks */,
			);
			buildRules = (
			);
			dependencies = (
			);
			name = GKiOSGame;
			productName = GKiOSGame;
			productReference = 0FE39E2D22D5CA4C005C25D5 /* GKiOSGame.app */;
			productType = "com.apple.product-type.application";
		};
/* End PBXNativeTarget section */

/* Begin PBXProject section */
		0FE39E2522D5CA4C005C25D5 /* Project object */ = {
			isa = PBXProject;
			attributes = {
				LastUpgradeCheck = 1020;
				ORGANIZATIONNAME = wangws1990;
				TargetAttributes = {
					0FE39E2C22D5CA4C005C25D5 = {
						CreatedOnToolsVersion = 10.2.1;
						SystemCapabilities = {
							com.apple.ApplicationGroups.iOS = {
								enabled = 0;
							};
							com.apple.BackgroundModes = {
								enabled = 0;
							};
						};
					};
				};
			};
			buildConfigurationList = 0FE39E2822D5CA4C005C25D5 /* Build configuration list for PBXProject "GKiOSGame" */;
			compatibilityVersion = "Xcode 9.3";
			developmentRegion = en;
			hasScannedForEncodings = 0;
			knownRegions = (
				en,
				Base,
			);
			mainGroup = 0FE39E2422D5CA4C005C25D5;
			productRefGroup = 0FE39E2E22D5CA4C005C25D5 /* Products */;
			projectDirPath = "";
			projectRoot = "";
			targets = (
				0FE39E2C22D5CA4C005C25D5 /* GKiOSGame */,
			);
		};
/* End PBXProject section */

/* Begin PBXResourcesBuildPhase section */
		0FE39E2B22D5CA4C005C25D5 /* Resources */ = {
			isa = PBXResourcesBuildPhase;
			buildActionMask = 2147483647;
			files = (
				0FF314C1234DBDB400CFDD9D /* GKDownCell.xib in Resources */,
				0F32442322DD7D6500129DFB /* GKWallCollectionViewCell.xib in Resources */,
				0F04F6A722E5AEB200477F6C /* App.plist in Resources */,
				0FE686EF22E6EBA80087E748 /* GKVideoPlayView.xib in Resources */,
				0FE686AC22E6EAD20087E748 /* GKHomeItemCell.xib in Resources */,
				0FE6868522E6DA6C0087E748 /* video2.json in Resources */,
				0FF314CA234DC42800CFDD9D /* GKVideoItemCell.xib in Resources */,
				0FF314AA234DB06400CFDD9D /* title.plist in Resources */,
				0FE686EE22E6EBA80087E748 /* GKClassifyItemCell.xib in Resources */,
				0FE6868822E6DA6C0087E748 /* video6.json in Resources */,
				0F2199BD22D6D69300C623BE /* Assets.xcassets in Resources */,
				0FE6868422E6DA6C0087E748 /* video3.json in Resources */,
				0FE686F322E6EBA80087E748 /* GKClassifyReusableView.xib in Resources */,
				0F2199BB22D6D69300C623BE /* LaunchScreen.storyboard in Resources */,
				0FE686EA22E6EBA80087E748 /* GKClarityCell.xib in Resources */,
				0FE6868322E6DA6C0087E748 /* video5.json in Resources */,
				0FE6868722E6DA6C0087E748 /* video4.json in Resources */,
				0FE686EC22E6EBA80087E748 /* GKVideoPlayCell.xib in Resources */,
				0FE6868622E6DA6C0087E748 /* video1.json in Resources */,
			);
			runOnlyForDeploymentPostprocessing = 0;
		};
/* End PBXResourcesBuildPhase section */

/* Begin PBXShellScriptBuildPhase section */
		3CB2493A1F63F4098E1B3548 /* [CP] Copy Pods Resources */ = {
			isa = PBXShellScriptBuildPhase;
			buildActionMask = 2147483647;
			files = (
			);
			inputFileListPaths = (
				"${PODS_ROOT}/Target Support Files/Pods-GKiOSGame/Pods-GKiOSGame-resources-${CONFIGURATION}-input-files.xcfilelist",
			);
			name = "[CP] Copy Pods Resources";
			outputFileListPaths = (
				"${PODS_ROOT}/Target Support Files/Pods-GKiOSGame/Pods-GKiOSGame-resources-${CONFIGURATION}-output-files.xcfilelist",
			);
			runOnlyForDeploymentPostprocessing = 0;
			shellPath = /bin/sh;
			shellScript = "\"${PODS_ROOT}/Target Support Files/Pods-GKiOSGame/Pods-GKiOSGame-resources.sh\"\n";
			showEnvVarsInLog = 0;
		};
		779FA2E7DCEC87457EAB08C3 /* [CP] Embed Pods Frameworks */ = {
			isa = PBXShellScriptBuildPhase;
			buildActionMask = 2147483647;
			files = (
			);
			inputFileListPaths = (
				"${PODS_ROOT}/Target Support Files/Pods-GKiOSGame/Pods-GKiOSGame-frameworks-${CONFIGURATION}-input-files.xcfilelist",
			);
			name = "[CP] Embed Pods Frameworks";
			outputFileListPaths = (
				"${PODS_ROOT}/Target Support Files/Pods-GKiOSGame/Pods-GKiOSGame-frameworks-${CONFIGURATION}-output-files.xcfilelist",
			);
			runOnlyForDeploymentPostprocessing = 0;
			shellPath = /bin/sh;
			shellScript = "\"${PODS_ROOT}/Target Support Files/Pods-GKiOSGame/Pods-GKiOSGame-frameworks.sh\"\n";
			showEnvVarsInLog = 0;
		};
		A3277CCA44984A44AE95F4E3 /* [CP] Check Pods Manifest.lock */ = {
			isa = PBXShellScriptBuildPhase;
			buildActionMask = 2147483647;
			files = (
			);
			inputFileListPaths = (
			);
			inputPaths = (
				"${PODS_PODFILE_DIR_PATH}/Podfile.lock",
				"${PODS_ROOT}/Manifest.lock",
			);
			name = "[CP] Check Pods Manifest.lock";
			outputFileListPaths = (
			);
			outputPaths = (
				"$(DERIVED_FILE_DIR)/Pods-GKiOSGame-checkManifestLockResult.txt",
			);
			runOnlyForDeploymentPostprocessing = 0;
			shellPath = /bin/sh;
			shellScript = "diff \"${PODS_PODFILE_DIR_PATH}/Podfile.lock\" \"${PODS_ROOT}/Manifest.lock\" > /dev/null\nif [ $? != 0 ] ; then\n    # print error to STDERR\n    echo \"error: The sandbox is not in sync with the Podfile.lock. Run 'pod install' or update your CocoaPods installation.\" >&2\n    exit 1\nfi\n# This output is used by Xcode 'outputs' to avoid re-running this script phase.\necho \"SUCCESS\" > \"${SCRIPT_OUTPUT_FILE_0}\"\n";
			showEnvVarsInLog = 0;
		};
/* End PBXShellScriptBuildPhase section */

/* Begin PBXSourcesBuildPhase section */
		0FE39E2922D5CA4C005C25D5 /* Sources */ = {
			isa = PBXSourcesBuildPhase;
			buildActionMask = 2147483647;
			files = (
				0F2199FE22D6D85900C623BE /* BaseDataQueue.m in Sources */,
				0FE686F222E6EBA80087E748 /* GKClassifyReusableView.m in Sources */,
				0FF314C5234DBEBB00CFDD9D /* GKDownModel.m in Sources */,
				0F2199FC22D6D85900C623BE /* BaseTableView.m in Sources */,
				0FE6870F22E6EC810087E748 /* GKAVPlayer.m in Sources */,
				0F32442222DD7D6500129DFB /* GKWallCollectionViewCell.m in Sources */,
				0F7481AF22DF221500B0FFC0 /* GKPlayDataQueue.m in Sources */,
				0F2199FB22D6D85900C623BE /* BaseView.m in Sources */,
				0FE686A522E6EAD20087E748 /* GKHomeItemController.m in Sources */,
				0F2199FD22D6D85900C623BE /* BaseNetCache.m in Sources */,
				0F2199FA22D6D85900C623BE /* BaseCell.m in Sources */,
				0FE686AB22E6EAD20087E748 /* GKHomeItemCell.m in Sources */,
				0F2199EF22D6D85900C623BE /* BaseWebController.m in Sources */,
				0FE686ED22E6EBA80087E748 /* GKClarityCell.m in Sources */,
				0F219A0022D6D85900C623BE /* BaseNetTool.m in Sources */,
				0FE686A922E6EAD20087E748 /* GKHomeModel.m in Sources */,
				0FF4D65322D7097A00A475FB /* GKTimeTool.m in Sources */,
				0F2199AE22D6D62F00C623BE /* main.m in Sources */,
				0F32442F22DD9E6900129DFB /* ATBrowserModel.m in Sources */,
				0FE686F122E6EBA80087E748 /* GKVideoPlayCell.m in Sources */,
				0FE6870522E6EC3A0087E748 /* GKDownloadTask.m in Sources */,
				0F2199EE22D6D85900C623BE /* ProgressWKWebView.m in Sources */,
				0FE686A422E6EAD20087E748 /* GKHomeItemDetailController.m in Sources */,
				0FE686A722E6EAD20087E748 /* GKHomeNetManager.m in Sources */,
				0FE686A622E6EAD20087E748 /* GKMenuViewController.m in Sources */,
				0F2199F522D6D85900C623BE /* BaseDownTool.m in Sources */,
				0F2199F922D6D85900C623BE /* BaseNetModel.m in Sources */,
				0FE686AA22E6EAD20087E748 /* GKHomeBannerView.m in Sources */,
				0FF314C9234DC42800CFDD9D /* GKVideoItemCell.m in Sources */,
				0FE6870E22E6EC810087E748 /* GKBasePlayer.m in Sources */,
				0F2199F222D6D85900C623BE /* BaseNavigationController.m in Sources */,
				0FE6870222E6EC3A0087E748 /* UIView+GKToast.m in Sources */,
				0FE686EB22E6EBA80087E748 /* GKSlider.m in Sources */,
				0F1F73C422D82BC6002E45D9 /* GKTabBarController.m in Sources */,
				0F2199F022D6D85900C623BE /* BaseTableViewController.m in Sources */,
				0FF314AD234DB26700CFDD9D /* GKVideoContentController.m in Sources */,
				0FE686A822E6EAD20087E748 /* GKHomeContentController.m in Sources */,
				0FF314C0234DBDB400CFDD9D /* GKVideoController.m in Sources */,
				0FE6870422E6EC3A0087E748 /* GKDownDataQueue.m in Sources */,
				0F32443222DDA24A00129DFB /* GKWallItemModel.m in Sources */,
				0FE6870D22E6EC810087E748 /* GKVideoPlayer.m in Sources */,
				0F2199F722D6D85900C623BE /* BaseModel.m in Sources */,
				0FF314B3234DB52C00CFDD9D /* GKVideoItem.m in Sources */,
				0F2199F622D6D85900C623BE /* BaseDownTask.m in Sources */,
				0F32442E22DD9E6900129DFB /* ATBrowserController.m in Sources */,
				0FE686E022E6EBA80087E748 /* GKVideoPlayController.m in Sources */,
				0F32441E22DD7BDF00129DFB /* GKWallModel.m in Sources */,
				0FE686F722E6EBA80087E748 /* GKClassifyItemCell.m in Sources */,
				0FF314B0234DB28100CFDD9D /* GKVideoItemController.m in Sources */,
				0FF314B6234DB71200CFDD9D /* GKVideoNetManager.m in Sources */,
				0F2199F822D6D85900C623BE /* BaseMacro.m in Sources */,
				0FE686E922E6EBA80087E748 /* GKVideoPlayHeaderView.m in Sources */,
				0FE686E822E6EBA80087E748 /* GKClassifyModel.m in Sources */,
				0F2199F122D6D85900C623BE /* BaseViewController.m in Sources */,
				0FE686F422E6EBA80087E748 /* GKVideoPlayView.m in Sources */,
				0F2199AF22D6D62F00C623BE /* AppDelegate.m in Sources */,
				0F2199F422D6D85900C623BE /* BaseRefreshController.m in Sources */,
				0FE686F022E6EBA80087E748 /* GKClarityView.m in Sources */,
				0FF314C2234DBDB400CFDD9D /* GKDownCell.m in Sources */,
				0F32441822DD6D2800129DFB /* GKWallCollectionViewLayout.m in Sources */,
				0FE6867C22E6B64C0087E748 /* GKWallBaseController.m in Sources */,
				0F32442D22DD9E6900129DFB /* ATBrowserItemController.m in Sources */,
				0F2199FF22D6D85900C623BE /* BaseNetManager.m in Sources */,
				0FE6870322E6EC3A0087E748 /* UIViewController+Tool.m in Sources */,
				0F2199F322D6D85900C623BE /* BaseConnectionController.m in Sources */,
				0FF4D65C22D7208C00A475FB /* GKDeckController.m in Sources */,
			);
			runOnlyForDeploymentPostprocessing = 0;
		};
/* End PBXSourcesBuildPhase section */

/* Begin PBXVariantGroup section */
		0F2199B622D6D69300C623BE /* LaunchScreen.storyboard */ = {
			isa = PBXVariantGroup;
			children = (
				0F2199B722D6D69300C623BE /* Base */,
			);
			name = LaunchScreen.storyboard;
			sourceTree = "<group>";
		};
/* End PBXVariantGroup section */

/* Begin XCBuildConfiguration section */
		0FE39E4122D5CA4E005C25D5 /* Debug */ = {
			isa = XCBuildConfiguration;
			buildSettings = {
				ALWAYS_SEARCH_USER_PATHS = NO;
				CLANG_ANALYZER_NONNULL = YES;
				CLANG_ANALYZER_NUMBER_OBJECT_CONVERSION = YES_AGGRESSIVE;
				CLANG_CXX_LANGUAGE_STANDARD = "gnu++14";
				CLANG_CXX_LIBRARY = "libc++";
				CLANG_ENABLE_MODULES = YES;
				CLANG_ENABLE_OBJC_ARC = YES;
				CLANG_ENABLE_OBJC_WEAK = YES;
				CLANG_WARN_BLOCK_CAPTURE_AUTORELEASING = YES;
				CLANG_WARN_BOOL_CONVERSION = YES;
				CLANG_WARN_COMMA = YES;
				CLANG_WARN_CONSTANT_CONVERSION = YES;
				CLANG_WARN_DEPRECATED_OBJC_IMPLEMENTATIONS = YES;
				CLANG_WARN_DIRECT_OBJC_ISA_USAGE = YES_ERROR;
				CLANG_WARN_DOCUMENTATION_COMMENTS = YES;
				CLANG_WARN_EMPTY_BODY = YES;
				CLANG_WARN_ENUM_CONVERSION = YES;
				CLANG_WARN_INFINITE_RECURSION = YES;
				CLANG_WARN_INT_CONVERSION = YES;
				CLANG_WARN_NON_LITERAL_NULL_CONVERSION = YES;
				CLANG_WARN_OBJC_IMPLICIT_RETAIN_SELF = YES;
				CLANG_WARN_OBJC_LITERAL_CONVERSION = YES;
				CLANG_WARN_OBJC_ROOT_CLASS = YES_ERROR;
				CLANG_WARN_RANGE_LOOP_ANALYSIS = YES;
				CLANG_WARN_STRICT_PROTOTYPES = YES;
				CLANG_WARN_SUSPICIOUS_MOVE = YES;
				CLANG_WARN_UNGUARDED_AVAILABILITY = YES_AGGRESSIVE;
				CLANG_WARN_UNREACHABLE_CODE = YES;
				CLANG_WARN__DUPLICATE_METHOD_MATCH = YES;
				CODE_SIGN_IDENTITY = "iPhone Developer";
				COPY_PHASE_STRIP = NO;
				DEBUG_INFORMATION_FORMAT = dwarf;
				ENABLE_STRICT_OBJC_MSGSEND = YES;
				ENABLE_TESTABILITY = YES;
				GCC_C_LANGUAGE_STANDARD = gnu11;
				GCC_DYNAMIC_NO_PIC = NO;
				GCC_NO_COMMON_BLOCKS = YES;
				GCC_OPTIMIZATION_LEVEL = 0;
				GCC_PREPROCESSOR_DEFINITIONS = (
					"DEBUG=1",
					"$(inherited)",
				);
				GCC_WARN_64_TO_32_BIT_CONVERSION = YES;
				GCC_WARN_ABOUT_RETURN_TYPE = YES_ERROR;
				GCC_WARN_UNDECLARED_SELECTOR = YES;
				GCC_WARN_UNINITIALIZED_AUTOS = YES_AGGRESSIVE;
				GCC_WARN_UNUSED_FUNCTION = YES;
				GCC_WARN_UNUSED_VARIABLE = YES;
				IPHONEOS_DEPLOYMENT_TARGET = 12.2;
				MTL_ENABLE_DEBUG_INFO = INCLUDE_SOURCE;
				MTL_FAST_MATH = YES;
				ONLY_ACTIVE_ARCH = YES;
				SDKROOT = iphoneos;
			};
			name = Debug;
		};
		0FE39E4222D5CA4E005C25D5 /* Release */ = {
			isa = XCBuildConfiguration;
			buildSettings = {
				ALWAYS_SEARCH_USER_PATHS = NO;
				CLANG_ANALYZER_NONNULL = YES;
				CLANG_ANALYZER_NUMBER_OBJECT_CONVERSION = YES_AGGRESSIVE;
				CLANG_CXX_LANGUAGE_STANDARD = "gnu++14";
				CLANG_CXX_LIBRARY = "libc++";
				CLANG_ENABLE_MODULES = YES;
				CLANG_ENABLE_OBJC_ARC = YES;
				CLANG_ENABLE_OBJC_WEAK = YES;
				CLANG_WARN_BLOCK_CAPTURE_AUTORELEASING = YES;
				CLANG_WARN_BOOL_CONVERSION = YES;
				CLANG_WARN_COMMA = YES;
				CLANG_WARN_CONSTANT_CONVERSION = YES;
				CLANG_WARN_DEPRECATED_OBJC_IMPLEMENTATIONS = YES;
				CLANG_WARN_DIRECT_OBJC_ISA_USAGE = YES_ERROR;
				CLANG_WARN_DOCUMENTATION_COMMENTS = YES;
				CLANG_WARN_EMPTY_BODY = YES;
				CLANG_WARN_ENUM_CONVERSION = YES;
				CLANG_WARN_INFINITE_RECURSION = YES;
				CLANG_WARN_INT_CONVERSION = YES;
				CLANG_WARN_NON_LITERAL_NULL_CONVERSION = YES;
				CLANG_WARN_OBJC_IMPLICIT_RETAIN_SELF = YES;
				CLANG_WARN_OBJC_LITERAL_CONVERSION = YES;
				CLANG_WARN_OBJC_ROOT_CLASS = YES_ERROR;
				CLANG_WARN_RANGE_LOOP_ANALYSIS = YES;
				CLANG_WARN_STRICT_PROTOTYPES = YES;
				CLANG_WARN_SUSPICIOUS_MOVE = YES;
				CLANG_WARN_UNGUARDED_AVAILABILITY = YES_AGGRESSIVE;
				CLANG_WARN_UNREACHABLE_CODE = YES;
				CLANG_WARN__DUPLICATE_METHOD_MATCH = YES;
				CODE_SIGN_IDENTITY = "iPhone Developer";
				COPY_PHASE_STRIP = NO;
				DEBUG_INFORMATION_FORMAT = "dwarf-with-dsym";
				ENABLE_NS_ASSERTIONS = NO;
				ENABLE_STRICT_OBJC_MSGSEND = YES;
				GCC_C_LANGUAGE_STANDARD = gnu11;
				GCC_NO_COMMON_BLOCKS = YES;
				GCC_WARN_64_TO_32_BIT_CONVERSION = YES;
				GCC_WARN_ABOUT_RETURN_TYPE = YES_ERROR;
				GCC_WARN_UNDECLARED_SELECTOR = YES;
				GCC_WARN_UNINITIALIZED_AUTOS = YES_AGGRESSIVE;
				GCC_WARN_UNUSED_FUNCTION = YES;
				GCC_WARN_UNUSED_VARIABLE = YES;
				IPHONEOS_DEPLOYMENT_TARGET = 12.2;
				MTL_ENABLE_DEBUG_INFO = NO;
				MTL_FAST_MATH = YES;
				SDKROOT = iphoneos;
				VALIDATE_PRODUCT = YES;
			};
			name = Release;
		};
		0FE39E4422D5CA4E005C25D5 /* Debug */ = {
			isa = XCBuildConfiguration;
			baseConfigurationReference = A37E3480F225FA1E6F53E48D /* Pods-GKiOSGame.debug.xcconfig */;
			buildSettings = {
				ASSETCATALOG_COMPILER_APPICON_NAME = AppIcon;
				CODE_SIGN_STYLE = Manual;
				DEVELOPMENT_TEAM = "";
				GCC_PRECOMPILE_PREFIX_HEADER = YES;
				GCC_PREFIX_HEADER = "$(SRCROOT)/GKiOSGame/App/GKiOSGame.pch";
				INFOPLIST_FILE = GKiOSGame/Info.plist;
				IPHONEOS_DEPLOYMENT_TARGET = 9.0;
				LD_RUNPATH_SEARCH_PATHS = (
					"$(inherited)",
					"@executable_path/Frameworks",
				);
				PRODUCT_BUNDLE_IDENTIFIER = com.3733SDK.sdk;
				PRODUCT_NAME = "$(TARGET_NAME)";
				PROVISIONING_PROFILE_SPECIFIER = "";
				TARGETED_DEVICE_FAMILY = "1,2";
			};
			name = Debug;
		};
		0FE39E4522D5CA4E005C25D5 /* Release */ = {
			isa = XCBuildConfiguration;
			baseConfigurationReference = BD224A48388F61B17B4FB6BE /* Pods-GKiOSGame.release.xcconfig */;
			buildSettings = {
				ASSETCATALOG_COMPILER_APPICON_NAME = AppIcon;
				CODE_SIGN_STYLE = Manual;
				DEVELOPMENT_TEAM = "";
				GCC_PRECOMPILE_PREFIX_HEADER = YES;
				GCC_PREFIX_HEADER = "$(SRCROOT)/GKiOSGame/App/GKiOSGame.pch";
				INFOPLIST_FILE = GKiOSGame/Info.plist;
				IPHONEOS_DEPLOYMENT_TARGET = 9.0;
				LD_RUNPATH_SEARCH_PATHS = (
					"$(inherited)",
					"@executable_path/Frameworks",
				);
				PRODUCT_BUNDLE_IDENTIFIER = com.3733SDK.sdk;
				PRODUCT_NAME = "$(TARGET_NAME)";
				PROVISIONING_PROFILE_SPECIFIER = "";
				TARGETED_DEVICE_FAMILY = "1,2";
			};
			name = Release;
		};
/* End XCBuildConfiguration section */

/* Begin XCConfigurationList section */
		0FE39E2822D5CA4C005C25D5 /* Build configuration list for PBXProject "GKiOSGame" */ = {
			isa = XCConfigurationList;
			buildConfigurations = (
				0FE39E4122D5CA4E005C25D5 /* Debug */,
				0FE39E4222D5CA4E005C25D5 /* Release */,
			);
			defaultConfigurationIsVisible = 0;
			defaultConfigurationName = Release;
		};
		0FE39E4322D5CA4E005C25D5 /* Build configuration list for PBXNativeTarget "GKiOSGame" */ = {
			isa = XCConfigurationList;
			buildConfigurations = (
				0FE39E4422D5CA4E005C25D5 /* Debug */,
				0FE39E4522D5CA4E005C25D5 /* Release */,
			);
			defaultConfigurationIsVisible = 0;
			defaultConfigurationName = Release;
		};
/* End XCConfigurationList section */
	};
	rootObject = 0FE39E2522D5CA4C005C25D5 /* Project object */;
}
