// !$*UTF8*$!
{
	archiveVersion = 1;
	classes = {
	};
	objectVersion = 46;
	objects = {

/* Begin PBXBuildFile section */
		B30F38711F15B5C7005B5CE6 /* AppDelegate.m in Sources */ = {isa = PBXBuildFile; fileRef = B30F386E1F15B5C7005B5CE6 /* AppDelegate.m */; };
		B30F38721F15B5C7005B5CE6 /* AppDelegate+ApptabBar.m in Sources */ = {isa = PBXBuildFile; fileRef = B30F38701F15B5C7005B5CE6 /* AppDelegate+ApptabBar.m */; };
		B34688A81F15F24600498E66 /* iTunesArtwork in Resources */ = {isa = PBXBuildFile; fileRef = B34688A71F15F24600498E66 /* iTunesArtwork */; };
		B34688AD1F15FB8800498E66 /* AppEnteryConterl.m in Sources */ = {isa = PBXBuildFile; fileRef = B34688AC1F15FB8800498E66 /* AppEnteryConterl.m */; };
		B3D208CD1F47E87D00F0CE6F /* appLaunchAn@2x.png in Resources */ = {isa = PBXBuildFile; fileRef = B3D208C61F47E87D00F0CE6F /* appLaunchAn@2x.png */; };
		B3D208CE1F47E87D00F0CE6F /* gif_paying.gif in Resources */ = {isa = PBXBuildFile; fileRef = B3D208C71F47E87D00F0CE6F /* gif_paying.gif */; };
		B3D208CF1F47E87D00F0CE6F /* LaunchImage-700@2x.png in Resources */ = {isa = PBXBuildFile; fileRef = B3D208C81F47E87D00F0CE6F /* LaunchImage-700@2x.png */; };
		B3D208D01F47E87D00F0CE6F /* loading_duobao.gif in Resources */ = {isa = PBXBuildFile; fileRef = B3D208C91F47E87D00F0CE6F /* loading_duobao.gif */; };
		B3D208D11F47E87D00F0CE6F /* msg_home@2x.png in Resources */ = {isa = PBXBuildFile; fileRef = B3D208CA1F47E87D00F0CE6F /* msg_home@2x.png */; };
		B3D208D21F47E87D00F0CE6F /* navigation_menu@2x.png in Resources */ = {isa = PBXBuildFile; fileRef = B3D208CB1F47E87D00F0CE6F /* navigation_menu@2x.png */; };
		B3D208D31F47E87D00F0CE6F /* planBar.jpg in Resources */ = {isa = PBXBuildFile; fileRef = B3D208CC1F47E87D00F0CE6F /* planBar.jpg */; };
		B3D208D51F47E89700F0CE6F /* Assets.xcassets in Resources */ = {isa = PBXBuildFile; fileRef = B3D208D41F47E89700F0CE6F /* Assets.xcassets */; };
		B3F4F0001F14A8600005197E /* main.m in Sources */ = {isa = PBXBuildFile; fileRef = B3F4EFFF1F14A8600005197E /* main.m */; };
		B3F4F0091F14A8600005197E /* Main.storyboard in Resources */ = {isa = PBXBuildFile; fileRef = B3F4F0071F14A8600005197E /* Main.storyboard */; };
		B3F4F00E1F14A8600005197E /* LaunchScreen.storyboard in Resources */ = {isa = PBXBuildFile; fileRef = B3F4F00C1F14A8600005197E /* LaunchScreen.storyboard */; };
		B3F4F0191F14A8600005197E /* UIKitExpandTests.m in Sources */ = {isa = PBXBuildFile; fileRef = B3F4F0181F14A8600005197E /* UIKitExpandTests.m */; };
		B3F4F0241F14A8600005197E /* UIKitExpandUITests.m in Sources */ = {isa = PBXBuildFile; fileRef = B3F4F0231F14A8600005197E /* UIKitExpandUITests.m */; };
		D8C6C9AD1F42D89500BE85ED /* ALAssetsLibrary+CustomPhotoAlbum.m in Sources */ = {isa = PBXBuildFile; fileRef = D8C6C96A1F42D89500BE85ED /* ALAssetsLibrary+CustomPhotoAlbum.m */; };
		D8C6C9AE1F42D89500BE85ED /* QSDispatchQueue.m in Sources */ = {isa = PBXBuildFile; fileRef = D8C6C9711F42D89500BE85ED /* QSDispatchQueue.m */; };
		D8C6C9AF1F42D89500BE85ED /* QSImageProcess.m in Sources */ = {isa = PBXBuildFile; fileRef = D8C6C9731F42D89500BE85ED /* QSImageProcess.m */; };
		D8C6C9B01F42D89500BE85ED /* QSImageProcessConfig.m in Sources */ = {isa = PBXBuildFile; fileRef = D8C6C9751F42D89500BE85ED /* QSImageProcessConfig.m */; };
		D8C6C9B11F42D89500BE85ED /* QSImageProcessUtil.m in Sources */ = {isa = PBXBuildFile; fileRef = D8C6C9771F42D89500BE85ED /* QSImageProcessUtil.m */; };
		D8C6C9B21F42D89500BE85ED /* NSData+ImageContentType.m in Sources */ = {isa = PBXBuildFile; fileRef = D8C6C97A1F42D89500BE85ED /* NSData+ImageContentType.m */; };
		D8C6C9B31F42D89500BE85ED /* NSImage+WebCache.m in Sources */ = {isa = PBXBuildFile; fileRef = D8C6C97C1F42D89500BE85ED /* NSImage+WebCache.m */; };
		D8C6C9B41F42D89500BE85ED /* SDImageCache.m in Sources */ = {isa = PBXBuildFile; fileRef = D8C6C97E1F42D89500BE85ED /* SDImageCache.m */; };
		D8C6C9B51F42D89500BE85ED /* SDImageCacheConfig.m in Sources */ = {isa = PBXBuildFile; fileRef = D8C6C9801F42D89500BE85ED /* SDImageCacheConfig.m */; };
		D8C6C9B61F42D89500BE85ED /* SDWebImageCompat.m in Sources */ = {isa = PBXBuildFile; fileRef = D8C6C9821F42D89500BE85ED /* SDWebImageCompat.m */; };
		D8C6C9B71F42D89500BE85ED /* SDWebImageDecoder.m in Sources */ = {isa = PBXBuildFile; fileRef = D8C6C9841F42D89500BE85ED /* SDWebImageDecoder.m */; };
		D8C6C9B81F42D89500BE85ED /* SDWebImageDownloader.m in Sources */ = {isa = PBXBuildFile; fileRef = D8C6C9861F42D89500BE85ED /* SDWebImageDownloader.m */; };
		D8C6C9B91F42D89500BE85ED /* SDWebImageDownloaderOperation.m in Sources */ = {isa = PBXBuildFile; fileRef = D8C6C9881F42D89500BE85ED /* SDWebImageDownloaderOperation.m */; };
		D8C6C9BA1F42D89500BE85ED /* SDWebImageManager.m in Sources */ = {isa = PBXBuildFile; fileRef = D8C6C98A1F42D89500BE85ED /* SDWebImageManager.m */; };
		D8C6C9BB1F42D89500BE85ED /* SDWebImagePrefetcher.m in Sources */ = {isa = PBXBuildFile; fileRef = D8C6C98D1F42D89500BE85ED /* SDWebImagePrefetcher.m */; };
		D8C6C9BC1F42D89500BE85ED /* UIButton+WebCache.m in Sources */ = {isa = PBXBuildFile; fileRef = D8C6C98F1F42D89500BE85ED /* UIButton+WebCache.m */; };
		D8C6C9BD1F42D89500BE85ED /* UIImage+GIF.m in Sources */ = {isa = PBXBuildFile; fileRef = D8C6C9911F42D89500BE85ED /* UIImage+GIF.m */; };
		D8C6C9BE1F42D89500BE85ED /* UIImage+MultiFormat.m in Sources */ = {isa = PBXBuildFile; fileRef = D8C6C9931F42D89500BE85ED /* UIImage+MultiFormat.m */; };
		D8C6C9BF1F42D89500BE85ED /* UIImageView+HighlightedWebCache.m in Sources */ = {isa = PBXBuildFile; fileRef = D8C6C9951F42D89500BE85ED /* UIImageView+HighlightedWebCache.m */; };
		D8C6C9C01F42D89500BE85ED /* UIImageView+WebCache.m in Sources */ = {isa = PBXBuildFile; fileRef = D8C6C9971F42D89500BE85ED /* UIImageView+WebCache.m */; };
		D8C6C9C11F42D89500BE85ED /* UIView+WebCache.m in Sources */ = {isa = PBXBuildFile; fileRef = D8C6C9991F42D89500BE85ED /* UIView+WebCache.m */; };
		D8C6C9C21F42D89500BE85ED /* UIView+WebCacheOperation.m in Sources */ = {isa = PBXBuildFile; fileRef = D8C6C99B1F42D89500BE85ED /* UIView+WebCacheOperation.m */; };
		D8C6C9C31F42D89500BE85ED /* UIImageView+QSImageProcess.m in Sources */ = {isa = PBXBuildFile; fileRef = D8C6C99E1F42D89500BE85ED /* UIImageView+QSImageProcess.m */; };
		D8C6C9C41F42D89500BE85ED /* UIColor+QSImageProcess.m in Sources */ = {isa = PBXBuildFile; fileRef = D8C6C9A01F42D89500BE85ED /* UIColor+QSImageProcess.m */; };
		D8C6C9C51F42D89500BE85ED /* UIImage+SGHelper.m in Sources */ = {isa = PBXBuildFile; fileRef = D8C6C9A41F42D89500BE85ED /* UIImage+SGHelper.m */; };
		D8C6C9C61F42D89500BE85ED /* SGQRCodeConst.m in Sources */ = {isa = PBXBuildFile; fileRef = D8C6C9A71F42D89500BE85ED /* SGQRCodeConst.m */; };
		D8C6C9C71F42D89500BE85ED /* SGQRCode.bundle in Resources */ = {isa = PBXBuildFile; fileRef = D8C6C9A81F42D89500BE85ED /* SGQRCode.bundle */; };
		D8C6C9C81F42D89500BE85ED /* SGQRCodeTool.m in Sources */ = {isa = PBXBuildFile; fileRef = D8C6C9AC1F42D89500BE85ED /* SGQRCodeTool.m */; };
		D8C6CA0D1F42D91100BE85ED /* AppDidLaunchAnimation.m in Sources */ = {isa = PBXBuildFile; fileRef = D8C6CA0A1F42D91100BE85ED /* AppDidLaunchAnimation.m */; };
		D8C6CA0E1F42D91100BE85ED /* BaseViewController.m in Sources */ = {isa = PBXBuildFile; fileRef = D8C6CA0C1F42D91100BE85ED /* BaseViewController.m */; };
		D8C6CA1C1F42D95C00BE85ED /* BaseTabBarCtrl.m in Sources */ = {isa = PBXBuildFile; fileRef = D8C6CA111F42D95C00BE85ED /* BaseTabBarCtrl.m */; };
		D8C6CA1D1F42D95C00BE85ED /* STHomeViewController.m in Sources */ = {isa = PBXBuildFile; fileRef = D8C6CA131F42D95C00BE85ED /* STHomeViewController.m */; };
		D8C6CA1E1F42D95C00BE85ED /* STMyViewController.m in Sources */ = {isa = PBXBuildFile; fileRef = D8C6CA151F42D95C00BE85ED /* STMyViewController.m */; };
		D8C6CA1F1F42D95C00BE85ED /* STScanSearchViewController.m in Sources */ = {isa = PBXBuildFile; fileRef = D8C6CA171F42D95C00BE85ED /* STScanSearchViewController.m */; };
		D8C6CA201F42D95C00BE85ED /* STSearchViewController.m in Sources */ = {isa = PBXBuildFile; fileRef = D8C6CA191F42D95C00BE85ED /* STSearchViewController.m */; };
		D8C6CA211F42D95C00BE85ED /* STShopCartViewController.m in Sources */ = {isa = PBXBuildFile; fileRef = D8C6CA1B1F42D95C00BE85ED /* STShopCartViewController.m */; };
		D8C6CA611F42DC4500BE85ED /* ExpandBar.m in Sources */ = {isa = PBXBuildFile; fileRef = D8C6CA331F42DC4500BE85ED /* ExpandBar.m */; };
		D8C6CA621F42DC4500BE85ED /* NSString+paths.m in Sources */ = {isa = PBXBuildFile; fileRef = D8C6CA361F42DC4500BE85ED /* NSString+paths.m */; };
		D8C6CA631F42DC4500BE85ED /* UIImage+ImageEffects.m in Sources */ = {isa = PBXBuildFile; fileRef = D8C6CA381F42DC4500BE85ED /* UIImage+ImageEffects.m */; };
		D8C6CA641F42DC4500BE85ED /* UIView+BlurredImage.m in Sources */ = {isa = PBXBuildFile; fileRef = D8C6CA3A1F42DC4500BE85ED /* UIView+BlurredImage.m */; };
		D8C6CA651F42DC4500BE85ED /* UIControl+ExControlayerStyle.m in Sources */ = {isa = PBXBuildFile; fileRef = D8C6CA3C1F42DC4500BE85ED /* UIControl+ExControlayerStyle.m */; };
		D8C6CA661F42DC4500BE85ED /* AES.m in Sources */ = {isa = PBXBuildFile; fileRef = D8C6CA411F42DC4500BE85ED /* AES.m */; };
		D8C6CA671F42DC4500BE85ED /* EncryptionTools.m in Sources */ = {isa = PBXBuildFile; fileRef = D8C6CA431F42DC4500BE85ED /* EncryptionTools.m */; };
		D8C6CA681F42DC4500BE85ED /* MD5.m in Sources */ = {isa = PBXBuildFile; fileRef = D8C6CA451F42DC4500BE85ED /* MD5.m */; };
		D8C6CA691F42DC4500BE85ED /* RandomKey.m in Sources */ = {isa = PBXBuildFile; fileRef = D8C6CA471F42DC4500BE85ED /* RandomKey.m */; };
		D8C6CA6A1F42DC4500BE85ED /* RSA.m in Sources */ = {isa = PBXBuildFile; fileRef = D8C6CA491F42DC4500BE85ED /* RSA.m */; };
		D8C6CA6B1F42DC4500BE85ED /* RSACryptor.m in Sources */ = {isa = PBXBuildFile; fileRef = D8C6CA4B1F42DC4500BE85ED /* RSACryptor.m */; };
		D8C6CA6C1F42DC4500BE85ED /* DFCTextFieldSearch.m in Sources */ = {isa = PBXBuildFile; fileRef = D8C6CA4E1F42DC4500BE85ED /* DFCTextFieldSearch.m */; };
		D8C6CA6D1F42DC4500BE85ED /* ExpandSearch.m in Sources */ = {isa = PBXBuildFile; fileRef = D8C6CA501F42DC4500BE85ED /* ExpandSearch.m */; };
		D8C6CA6E1F42DC4500BE85ED /* ExpandUser.m in Sources */ = {isa = PBXBuildFile; fileRef = D8C6CA521F42DC4500BE85ED /* ExpandUser.m */; };
		D8C6CA6F1F42DC4500BE85ED /* ExplandStyle.m in Sources */ = {isa = PBXBuildFile; fileRef = D8C6CA541F42DC4500BE85ED /* ExplandStyle.m */; };
		D8C6CA711F42DC4500BE85ED /* HttpRequestManager.m in Sources */ = {isa = PBXBuildFile; fileRef = D8C6CA5D1F42DC4500BE85ED /* HttpRequestManager.m */; };
		D8C6CA721F42DC4500BE85ED /* Safety.m in Sources */ = {isa = PBXBuildFile; fileRef = D8C6CA5F1F42DC4500BE85ED /* Safety.m */; };
		D8C6CA781F42DF7C00BE85ED /* Reachability.m in Sources */ = {isa = PBXBuildFile; fileRef = D8C6CA771F42DF7C00BE85ED /* Reachability.m */; };
		D8C6CA7C1F42E0AC00BE85ED /* ExpanFileConstants.m in Sources */ = {isa = PBXBuildFile; fileRef = D8C6CA7B1F42E0AC00BE85ED /* ExpanFileConstants.m */; };
		D8C6CA801F42ED8F00BE85ED /* ExUserDefaultManager.m in Sources */ = {isa = PBXBuildFile; fileRef = D8C6CA7F1F42ED8F00BE85ED /* ExUserDefaultManager.m */; };
		D8C6CA831F42EE4D00BE85ED /* ExNSUserDefault.m in Sources */ = {isa = PBXBuildFile; fileRef = D8C6CA821F42EE4D00BE85ED /* ExNSUserDefault.m */; };
		F55D2E6A66DF966165AA0C8D /* Pods_UIKitExpand.framework in Frameworks */ = {isa = PBXBuildFile; fileRef = DF1C1773E5F46C0EC7238C6F /* Pods_UIKitExpand.framework */; };
/* End PBXBuildFile section */

/* Begin PBXContainerItemProxy section */
		B3F4F0151F14A8600005197E /* PBXContainerItemProxy */ = {
			isa = PBXContainerItemProxy;
			containerPortal = B3F4EFF31F14A8600005197E /* Project object */;
			proxyType = 1;
			remoteGlobalIDString = B3F4EFFA1F14A8600005197E;
			remoteInfo = UIKitExpand;
		};
		B3F4F0201F14A8600005197E /* PBXContainerItemProxy */ = {
			isa = PBXContainerItemProxy;
			containerPortal = B3F4EFF31F14A8600005197E /* Project object */;
			proxyType = 1;
			remoteGlobalIDString = B3F4EFFA1F14A8600005197E;
			remoteInfo = UIKitExpand;
		};
/* End PBXContainerItemProxy section */

/* Begin PBXFileReference section */
		525FFFA43E217571B50990FB /* Pods-UIKitExpand.release.xcconfig */ = {isa = PBXFileReference; includeInIndex = 1; lastKnownFileType = text.xcconfig; name = "Pods-UIKitExpand.release.xcconfig"; path = "Pods/Target Support Files/Pods-UIKitExpand/Pods-UIKitExpand.release.xcconfig"; sourceTree = "<group>"; };
		882F48B94BC203F871DAED01 /* Pods-UIKitExpand.debug.xcconfig */ = {isa = PBXFileReference; includeInIndex = 1; lastKnownFileType = text.xcconfig; name = "Pods-UIKitExpand.debug.xcconfig"; path = "Pods/Target Support Files/Pods-UIKitExpand/Pods-UIKitExpand.debug.xcconfig"; sourceTree = "<group>"; };
		B30F386D1F15B5C7005B5CE6 /* AppDelegate.h */ = {isa = PBXFileReference; fileEncoding = 4; lastKnownFileType = sourcecode.c.h; path = AppDelegate.h; sourceTree = "<group>"; };
		B30F386E1F15B5C7005B5CE6 /* AppDelegate.m */ = {isa = PBXFileReference; fileEncoding = 4; lastKnownFileType = sourcecode.c.objc; path = AppDelegate.m; sourceTree = "<group>"; };
		B30F386F1F15B5C7005B5CE6 /* AppDelegate+ApptabBar.h */ = {isa = PBXFileReference; fileEncoding = 4; lastKnownFileType = sourcecode.c.h; path = "AppDelegate+ApptabBar.h"; sourceTree = "<group>"; };
		B30F38701F15B5C7005B5CE6 /* AppDelegate+ApptabBar.m */ = {isa = PBXFileReference; fileEncoding = 4; lastKnownFileType = sourcecode.c.objc; path = "AppDelegate+ApptabBar.m"; sourceTree = "<group>"; };
		B34688A71F15F24600498E66 /* iTunesArtwork */ = {isa = PBXFileReference; lastKnownFileType = file; path = iTunesArtwork; sourceTree = "<group>"; };
		B34688AB1F15FB8800498E66 /* AppEnteryConterl.h */ = {isa = PBXFileReference; fileEncoding = 4; lastKnownFileType = sourcecode.c.h; path = AppEnteryConterl.h; sourceTree = "<group>"; };
		B34688AC1F15FB8800498E66 /* AppEnteryConterl.m */ = {isa = PBXFileReference; fileEncoding = 4; lastKnownFileType = sourcecode.c.objc; path = AppEnteryConterl.m; sourceTree = "<group>"; };
		B3D208C61F47E87D00F0CE6F /* appLaunchAn@2x.png */ = {isa = PBXFileReference; lastKnownFileType = image.png; name = "appLaunchAn@2x.png"; path = "UIKitExpand/Resource(资源)/appLaunchAn@2x.png"; sourceTree = SOURCE_ROOT; };
		B3D208C71F47E87D00F0CE6F /* gif_paying.gif */ = {isa = PBXFileReference; lastKnownFileType = image.gif; name = gif_paying.gif; path = "UIKitExpand/Resource(资源)/gif_paying.gif"; sourceTree = SOURCE_ROOT; };
		B3D208C81F47E87D00F0CE6F /* LaunchImage-700@2x.png */ = {isa = PBXFileReference; lastKnownFileType = image.png; name = "LaunchImage-700@2x.png"; path = "UIKitExpand/Resource(资源)/LaunchImage-700@2x.png"; sourceTree = SOURCE_ROOT; };
		B3D208C91F47E87D00F0CE6F /* loading_duobao.gif */ = {isa = PBXFileReference; lastKnownFileType = image.gif; name = loading_duobao.gif; path = "UIKitExpand/Resource(资源)/loading_duobao.gif"; sourceTree = SOURCE_ROOT; };
		B3D208CA1F47E87D00F0CE6F /* msg_home@2x.png */ = {isa = PBXFileReference; lastKnownFileType = image.png; name = "msg_home@2x.png"; path = "UIKitExpand/Resource(资源)/msg_home@2x.png"; sourceTree = SOURCE_ROOT; };
		B3D208CB1F47E87D00F0CE6F /* navigation_menu@2x.png */ = {isa = PBXFileReference; lastKnownFileType = image.png; name = "navigation_menu@2x.png"; path = "UIKitExpand/Resource(资源)/navigation_menu@2x.png"; sourceTree = SOURCE_ROOT; };
		B3D208CC1F47E87D00F0CE6F /* planBar.jpg */ = {isa = PBXFileReference; lastKnownFileType = image.jpeg; name = planBar.jpg; path = "UIKitExpand/Resource(资源)/planBar.jpg"; sourceTree = SOURCE_ROOT; };
		B3D208D41F47E89700F0CE6F /* Assets.xcassets */ = {isa = PBXFileReference; lastKnownFileType = folder.assetcatalog; name = Assets.xcassets; path = UIKitExpand/Assets.xcassets; sourceTree = SOURCE_ROOT; };
		B3F4EFFB1F14A8600005197E /* UIKitExpand.app */ = {isa = PBXFileReference; explicitFileType = wrapper.application; includeInIndex = 0; path = UIKitExpand.app; sourceTree = BUILT_PRODUCTS_DIR; };
		B3F4EFFF1F14A8600005197E /* main.m */ = {isa = PBXFileReference; lastKnownFileType = sourcecode.c.objc; path = main.m; sourceTree = "<group>"; };
		B3F4F0081F14A8600005197E /* Base */ = {isa = PBXFileReference; lastKnownFileType = file.storyboard; name = Base; path = Base.lproj/Main.storyboard; sourceTree = "<group>"; };
		B3F4F00D1F14A8600005197E /* Base */ = {isa = PBXFileReference; lastKnownFileType = file.storyboard; name = Base; path = Base.lproj/LaunchScreen.storyboard; sourceTree = "<group>"; };
		B3F4F00F1F14A8600005197E /* Info.plist */ = {isa = PBXFileReference; lastKnownFileType = text.plist.xml; path = Info.plist; sourceTree = "<group>"; };
		B3F4F0141F14A8600005197E /* UIKitExpandTests.xctest */ = {isa = PBXFileReference; explicitFileType = wrapper.cfbundle; includeInIndex = 0; path = UIKitExpandTests.xctest; sourceTree = BUILT_PRODUCTS_DIR; };
		B3F4F0181F14A8600005197E /* UIKitExpandTests.m */ = {isa = PBXFileReference; lastKnownFileType = sourcecode.c.objc; path = UIKitExpandTests.m; sourceTree = "<group>"; };
		B3F4F01A1F14A8600005197E /* Info.plist */ = {isa = PBXFileReference; lastKnownFileType = text.plist.xml; path = Info.plist; sourceTree = "<group>"; };
		B3F4F01F1F14A8600005197E /* UIKitExpandUITests.xctest */ = {isa = PBXFileReference; explicitFileType = wrapper.cfbundle; includeInIndex = 0; path = UIKitExpandUITests.xctest; sourceTree = BUILT_PRODUCTS_DIR; };
		B3F4F0231F14A8600005197E /* UIKitExpandUITests.m */ = {isa = PBXFileReference; lastKnownFileType = sourcecode.c.objc; path = UIKitExpandUITests.m; sourceTree = "<group>"; };
		B3F4F0251F14A8600005197E /* Info.plist */ = {isa = PBXFileReference; lastKnownFileType = text.plist.xml; path = Info.plist; sourceTree = "<group>"; };
		D8C6C9691F42D89500BE85ED /* ALAssetsLibrary+CustomPhotoAlbum.h */ = {isa = PBXFileReference; fileEncoding = 4; lastKnownFileType = sourcecode.c.h; path = "ALAssetsLibrary+CustomPhotoAlbum.h"; sourceTree = "<group>"; };
		D8C6C96A1F42D89500BE85ED /* ALAssetsLibrary+CustomPhotoAlbum.m */ = {isa = PBXFileReference; fileEncoding = 4; lastKnownFileType = sourcecode.c.objc; path = "ALAssetsLibrary+CustomPhotoAlbum.m"; sourceTree = "<group>"; };
		D8C6C96C1F42D89500BE85ED /* EXTScope.h */ = {isa = PBXFileReference; fileEncoding = 4; lastKnownFileType = sourcecode.c.h; path = EXTScope.h; sourceTree = "<group>"; };
		D8C6C96D1F42D89500BE85ED /* metamacros.h */ = {isa = PBXFileReference; fileEncoding = 4; lastKnownFileType = sourcecode.c.h; path = metamacros.h; sourceTree = "<group>"; };
		D8C6C9701F42D89500BE85ED /* QSDispatchQueue.h */ = {isa = PBXFileReference; fileEncoding = 4; lastKnownFileType = sourcecode.c.h; path = QSDispatchQueue.h; sourceTree = "<group>"; };
		D8C6C9711F42D89500BE85ED /* QSDispatchQueue.m */ = {isa = PBXFileReference; fileEncoding = 4; lastKnownFileType = sourcecode.c.objc; path = QSDispatchQueue.m; sourceTree = "<group>"; };
		D8C6C9721F42D89500BE85ED /* QSImageProcess.h */ = {isa = PBXFileReference; fileEncoding = 4; lastKnownFileType = sourcecode.c.h; path = QSImageProcess.h; sourceTree = "<group>"; };
		D8C6C9731F42D89500BE85ED /* QSImageProcess.m */ = {isa = PBXFileReference; fileEncoding = 4; lastKnownFileType = sourcecode.c.objc; path = QSImageProcess.m; sourceTree = "<group>"; };
		D8C6C9741F42D89500BE85ED /* QSImageProcessConfig.h */ = {isa = PBXFileReference; fileEncoding = 4; lastKnownFileType = sourcecode.c.h; path = QSImageProcessConfig.h; sourceTree = "<group>"; };
		D8C6C9751F42D89500BE85ED /* QSImageProcessConfig.m */ = {isa = PBXFileReference; fileEncoding = 4; lastKnownFileType = sourcecode.c.objc; path = QSImageProcessConfig.m; sourceTree = "<group>"; };
		D8C6C9761F42D89500BE85ED /* QSImageProcessUtil.h */ = {isa = PBXFileReference; fileEncoding = 4; lastKnownFileType = sourcecode.c.h; path = QSImageProcessUtil.h; sourceTree = "<group>"; };
		D8C6C9771F42D89500BE85ED /* QSImageProcessUtil.m */ = {isa = PBXFileReference; fileEncoding = 4; lastKnownFileType = sourcecode.c.objc; path = QSImageProcessUtil.m; sourceTree = "<group>"; };
		D8C6C9791F42D89500BE85ED /* NSData+ImageContentType.h */ = {isa = PBXFileReference; fileEncoding = 4; lastKnownFileType = sourcecode.c.h; path = "NSData+ImageContentType.h"; sourceTree = "<group>"; };
		D8C6C97A1F42D89500BE85ED /* NSData+ImageContentType.m */ = {isa = PBXFileReference; fileEncoding = 4; lastKnownFileType = sourcecode.c.objc; path = "NSData+ImageContentType.m"; sourceTree = "<group>"; };
		D8C6C97B1F42D89500BE85ED /* NSImage+WebCache.h */ = {isa = PBXFileReference; fileEncoding = 4; lastKnownFileType = sourcecode.c.h; path = "NSImage+WebCache.h"; sourceTree = "<group>"; };
		D8C6C97C1F42D89500BE85ED /* NSImage+WebCache.m */ = {isa = PBXFileReference; fileEncoding = 4; lastKnownFileType = sourcecode.c.objc; path = "NSImage+WebCache.m"; sourceTree = "<group>"; };
		D8C6C97D1F42D89500BE85ED /* SDImageCache.h */ = {isa = PBXFileReference; fileEncoding = 4; lastKnownFileType = sourcecode.c.h; path = SDImageCache.h; sourceTree = "<group>"; };
		D8C6C97E1F42D89500BE85ED /* SDImageCache.m */ = {isa = PBXFileReference; fileEncoding = 4; lastKnownFileType = sourcecode.c.objc; path = SDImageCache.m; sourceTree = "<group>"; };
		D8C6C97F1F42D89500BE85ED /* SDImageCacheConfig.h */ = {isa = PBXFileReference; fileEncoding = 4; lastKnownFileType = sourcecode.c.h; path = SDImageCacheConfig.h; sourceTree = "<group>"; };
		D8C6C9801F42D89500BE85ED /* SDImageCacheConfig.m */ = {isa = PBXFileReference; fileEncoding = 4; lastKnownFileType = sourcecode.c.objc; path = SDImageCacheConfig.m; sourceTree = "<group>"; };
		D8C6C9811F42D89500BE85ED /* SDWebImageCompat.h */ = {isa = PBXFileReference; fileEncoding = 4; lastKnownFileType = sourcecode.c.h; path = SDWebImageCompat.h; sourceTree = "<group>"; };
		D8C6C9821F42D89500BE85ED /* SDWebImageCompat.m */ = {isa = PBXFileReference; fileEncoding = 4; lastKnownFileType = sourcecode.c.objc; path = SDWebImageCompat.m; sourceTree = "<group>"; };
		D8C6C9831F42D89500BE85ED /* SDWebImageDecoder.h */ = {isa = PBXFileReference; fileEncoding = 4; lastKnownFileType = sourcecode.c.h; path = SDWebImageDecoder.h; sourceTree = "<group>"; };
		D8C6C9841F42D89500BE85ED /* SDWebImageDecoder.m */ = {isa = PBXFileReference; fileEncoding = 4; lastKnownFileType = sourcecode.c.objc; path = SDWebImageDecoder.m; sourceTree = "<group>"; };
		D8C6C9851F42D89500BE85ED /* SDWebImageDownloader.h */ = {isa = PBXFileReference; fileEncoding = 4; lastKnownFileType = sourcecode.c.h; path = SDWebImageDownloader.h; sourceTree = "<group>"; };
		D8C6C9861F42D89500BE85ED /* SDWebImageDownloader.m */ = {isa = PBXFileReference; fileEncoding = 4; lastKnownFileType = sourcecode.c.objc; path = SDWebImageDownloader.m; sourceTree = "<group>"; };
		D8C6C9871F42D89500BE85ED /* SDWebImageDownloaderOperation.h */ = {isa = PBXFileReference; fileEncoding = 4; lastKnownFileType = sourcecode.c.h; path = SDWebImageDownloaderOperation.h; sourceTree = "<group>"; };
		D8C6C9881F42D89500BE85ED /* SDWebImageDownloaderOperation.m */ = {isa = PBXFileReference; fileEncoding = 4; lastKnownFileType = sourcecode.c.objc; path = SDWebImageDownloaderOperation.m; sourceTree = "<group>"; };
		D8C6C9891F42D89500BE85ED /* SDWebImageManager.h */ = {isa = PBXFileReference; fileEncoding = 4; lastKnownFileType = sourcecode.c.h; path = SDWebImageManager.h; sourceTree = "<group>"; };
		D8C6C98A1F42D89500BE85ED /* SDWebImageManager.m */ = {isa = PBXFileReference; fileEncoding = 4; lastKnownFileType = sourcecode.c.objc; path = SDWebImageManager.m; sourceTree = "<group>"; };
		D8C6C98B1F42D89500BE85ED /* SDWebImageOperation.h */ = {isa = PBXFileReference; fileEncoding = 4; lastKnownFileType = sourcecode.c.h; path = SDWebImageOperation.h; sourceTree = "<group>"; };
		D8C6C98C1F42D89500BE85ED /* SDWebImagePrefetcher.h */ = {isa = PBXFileReference; fileEncoding = 4; lastKnownFileType = sourcecode.c.h; path = SDWebImagePrefetcher.h; sourceTree = "<group>"; };
		D8C6C98D1F42D89500BE85ED /* SDWebImagePrefetcher.m */ = {isa = PBXFileReference; fileEncoding = 4; lastKnownFileType = sourcecode.c.objc; path = SDWebImagePrefetcher.m; sourceTree = "<group>"; };
		D8C6C98E1F42D89500BE85ED /* UIButton+WebCache.h */ = {isa = PBXFileReference; fileEncoding = 4; lastKnownFileType = sourcecode.c.h; path = "UIButton+WebCache.h"; sourceTree = "<group>"; };
		D8C6C98F1F42D89500BE85ED /* UIButton+WebCache.m */ = {isa = PBXFileReference; fileEncoding = 4; lastKnownFileType = sourcecode.c.objc; path = "UIButton+WebCache.m"; sourceTree = "<group>"; };
		D8C6C9901F42D89500BE85ED /* UIImage+GIF.h */ = {isa = PBXFileReference; fileEncoding = 4; lastKnownFileType = sourcecode.c.h; path = "UIImage+GIF.h"; sourceTree = "<group>"; };
		D8C6C9911F42D89500BE85ED /* UIImage+GIF.m */ = {isa = PBXFileReference; fileEncoding = 4; lastKnownFileType = sourcecode.c.objc; path = "UIImage+GIF.m"; sourceTree = "<group>"; };
		D8C6C9921F42D89500BE85ED /* UIImage+MultiFormat.h */ = {isa = PBXFileReference; fileEncoding = 4; lastKnownFileType = sourcecode.c.h; path = "UIImage+MultiFormat.h"; sourceTree = "<group>"; };
		D8C6C9931F42D89500BE85ED /* UIImage+MultiFormat.m */ = {isa = PBXFileReference; fileEncoding = 4; lastKnownFileType = sourcecode.c.objc; path = "UIImage+MultiFormat.m"; sourceTree = "<group>"; };
		D8C6C9941F42D89500BE85ED /* UIImageView+HighlightedWebCache.h */ = {isa = PBXFileReference; fileEncoding = 4; lastKnownFileType = sourcecode.c.h; path = "UIImageView+HighlightedWebCache.h"; sourceTree = "<group>"; };
		D8C6C9951F42D89500BE85ED /* UIImageView+HighlightedWebCache.m */ = {isa = PBXFileReference; fileEncoding = 4; lastKnownFileType = sourcecode.c.objc; path = "UIImageView+HighlightedWebCache.m"; sourceTree = "<group>"; };
		D8C6C9961F42D89500BE85ED /* UIImageView+WebCache.h */ = {isa = PBXFileReference; fileEncoding = 4; lastKnownFileType = sourcecode.c.h; path = "UIImageView+WebCache.h"; sourceTree = "<group>"; };
		D8C6C9971F42D89500BE85ED /* UIImageView+WebCache.m */ = {isa = PBXFileReference; fileEncoding = 4; lastKnownFileType = sourcecode.c.objc; path = "UIImageView+WebCache.m"; sourceTree = "<group>"; };
		D8C6C9981F42D89500BE85ED /* UIView+WebCache.h */ = {isa = PBXFileReference; fileEncoding = 4; lastKnownFileType = sourcecode.c.h; path = "UIView+WebCache.h"; sourceTree = "<group>"; };
		D8C6C9991F42D89500BE85ED /* UIView+WebCache.m */ = {isa = PBXFileReference; fileEncoding = 4; lastKnownFileType = sourcecode.c.objc; path = "UIView+WebCache.m"; sourceTree = "<group>"; };
		D8C6C99A1F42D89500BE85ED /* UIView+WebCacheOperation.h */ = {isa = PBXFileReference; fileEncoding = 4; lastKnownFileType = sourcecode.c.h; path = "UIView+WebCacheOperation.h"; sourceTree = "<group>"; };
		D8C6C99B1F42D89500BE85ED /* UIView+WebCacheOperation.m */ = {isa = PBXFileReference; fileEncoding = 4; lastKnownFileType = sourcecode.c.objc; path = "UIView+WebCacheOperation.m"; sourceTree = "<group>"; };
		D8C6C99D1F42D89500BE85ED /* UIImageView+QSImageProcess.h */ = {isa = PBXFileReference; fileEncoding = 4; lastKnownFileType = sourcecode.c.h; path = "UIImageView+QSImageProcess.h"; sourceTree = "<group>"; };
		D8C6C99E1F42D89500BE85ED /* UIImageView+QSImageProcess.m */ = {isa = PBXFileReference; fileEncoding = 4; lastKnownFileType = sourcecode.c.objc; path = "UIImageView+QSImageProcess.m"; sourceTree = "<group>"; };
		D8C6C99F1F42D89500BE85ED /* UIColor+QSImageProcess.h */ = {isa = PBXFileReference; fileEncoding = 4; lastKnownFileType = sourcecode.c.h; path = "UIColor+QSImageProcess.h"; sourceTree = "<group>"; };
		D8C6C9A01F42D89500BE85ED /* UIColor+QSImageProcess.m */ = {isa = PBXFileReference; fileEncoding = 4; lastKnownFileType = sourcecode.c.objc; path = "UIColor+QSImageProcess.m"; sourceTree = "<group>"; };
		D8C6C9A31F42D89500BE85ED /* UIImage+SGHelper.h */ = {isa = PBXFileReference; fileEncoding = 4; lastKnownFileType = sourcecode.c.h; path = "UIImage+SGHelper.h"; sourceTree = "<group>"; };
		D8C6C9A41F42D89500BE85ED /* UIImage+SGHelper.m */ = {isa = PBXFileReference; fileEncoding = 4; lastKnownFileType = sourcecode.c.objc; path = "UIImage+SGHelper.m"; sourceTree = "<group>"; };
		D8C6C9A61F42D89500BE85ED /* SGQRCodeConst.h */ = {isa = PBXFileReference; fileEncoding = 4; lastKnownFileType = sourcecode.c.h; path = SGQRCodeConst.h; sourceTree = "<group>"; };
		D8C6C9A71F42D89500BE85ED /* SGQRCodeConst.m */ = {isa = PBXFileReference; fileEncoding = 4; lastKnownFileType = sourcecode.c.objc; path = SGQRCodeConst.m; sourceTree = "<group>"; };
		D8C6C9A81F42D89500BE85ED /* SGQRCode.bundle */ = {isa = PBXFileReference; lastKnownFileType = "wrapper.plug-in"; path = SGQRCode.bundle; sourceTree = "<group>"; };
		D8C6C9A91F42D89500BE85ED /* SGQRCode.h */ = {isa = PBXFileReference; fileEncoding = 4; lastKnownFileType = sourcecode.c.h; path = SGQRCode.h; sourceTree = "<group>"; };
		D8C6C9AB1F42D89500BE85ED /* SGQRCodeTool.h */ = {isa = PBXFileReference; fileEncoding = 4; lastKnownFileType = sourcecode.c.h; path = SGQRCodeTool.h; sourceTree = "<group>"; };
		D8C6C9AC1F42D89500BE85ED /* SGQRCodeTool.m */ = {isa = PBXFileReference; fileEncoding = 4; lastKnownFileType = sourcecode.c.objc; path = SGQRCodeTool.m; sourceTree = "<group>"; };
		D8C6CA091F42D91100BE85ED /* AppDidLaunchAnimation.h */ = {isa = PBXFileReference; fileEncoding = 4; lastKnownFileType = sourcecode.c.h; path = AppDidLaunchAnimation.h; sourceTree = "<group>"; };
		D8C6CA0A1F42D91100BE85ED /* AppDidLaunchAnimation.m */ = {isa = PBXFileReference; fileEncoding = 4; lastKnownFileType = sourcecode.c.objc; path = AppDidLaunchAnimation.m; sourceTree = "<group>"; };
		D8C6CA0B1F42D91100BE85ED /* BaseViewController.h */ = {isa = PBXFileReference; fileEncoding = 4; lastKnownFileType = sourcecode.c.h; path = BaseViewController.h; sourceTree = "<group>"; };
		D8C6CA0C1F42D91100BE85ED /* BaseViewController.m */ = {isa = PBXFileReference; fileEncoding = 4; lastKnownFileType = sourcecode.c.objc; path = BaseViewController.m; sourceTree = "<group>"; };
		D8C6CA101F42D95C00BE85ED /* BaseTabBarCtrl.h */ = {isa = PBXFileReference; fileEncoding = 4; lastKnownFileType = sourcecode.c.h; path = BaseTabBarCtrl.h; sourceTree = "<group>"; };
		D8C6CA111F42D95C00BE85ED /* BaseTabBarCtrl.m */ = {isa = PBXFileReference; fileEncoding = 4; lastKnownFileType = sourcecode.c.objc; path = BaseTabBarCtrl.m; sourceTree = "<group>"; };
		D8C6CA121F42D95C00BE85ED /* STHomeViewController.h */ = {isa = PBXFileReference; fileEncoding = 4; lastKnownFileType = sourcecode.c.h; path = STHomeViewController.h; sourceTree = "<group>"; };
		D8C6CA131F42D95C00BE85ED /* STHomeViewController.m */ = {isa = PBXFileReference; fileEncoding = 4; lastKnownFileType = sourcecode.c.objc; path = STHomeViewController.m; sourceTree = "<group>"; };
		D8C6CA141F42D95C00BE85ED /* STMyViewController.h */ = {isa = PBXFileReference; fileEncoding = 4; lastKnownFileType = sourcecode.c.h; path = STMyViewController.h; sourceTree = "<group>"; };
		D8C6CA151F42D95C00BE85ED /* STMyViewController.m */ = {isa = PBXFileReference; fileEncoding = 4; lastKnownFileType = sourcecode.c.objc; path = STMyViewController.m; sourceTree = "<group>"; };
		D8C6CA161F42D95C00BE85ED /* STScanSearchViewController.h */ = {isa = PBXFileReference; fileEncoding = 4; lastKnownFileType = sourcecode.c.h; path = STScanSearchViewController.h; sourceTree = "<group>"; };
		D8C6CA171F42D95C00BE85ED /* STScanSearchViewController.m */ = {isa = PBXFileReference; fileEncoding = 4; lastKnownFileType = sourcecode.c.objc; path = STScanSearchViewController.m; sourceTree = "<group>"; };
		D8C6CA181F42D95C00BE85ED /* STSearchViewController.h */ = {isa = PBXFileReference; fileEncoding = 4; lastKnownFileType = sourcecode.c.h; path = STSearchViewController.h; sourceTree = "<group>"; };
		D8C6CA191F42D95C00BE85ED /* STSearchViewController.m */ = {isa = PBXFileReference; fileEncoding = 4; lastKnownFileType = sourcecode.c.objc; path = STSearchViewController.m; sourceTree = "<group>"; };
		D8C6CA1A1F42D95C00BE85ED /* STShopCartViewController.h */ = {isa = PBXFileReference; fileEncoding = 4; lastKnownFileType = sourcecode.c.h; path = STShopCartViewController.h; sourceTree = "<group>"; };
		D8C6CA1B1F42D95C00BE85ED /* STShopCartViewController.m */ = {isa = PBXFileReference; fileEncoding = 4; lastKnownFileType = sourcecode.c.objc; path = STShopCartViewController.m; sourceTree = "<group>"; };
		D8C6CA321F42DC4500BE85ED /* ExpandBar.h */ = {isa = PBXFileReference; fileEncoding = 4; lastKnownFileType = sourcecode.c.h; path = ExpandBar.h; sourceTree = "<group>"; };
		D8C6CA331F42DC4500BE85ED /* ExpandBar.m */ = {isa = PBXFileReference; fileEncoding = 4; lastKnownFileType = sourcecode.c.objc; path = ExpandBar.m; sourceTree = "<group>"; };
		D8C6CA351F42DC4500BE85ED /* NSString+paths.h */ = {isa = PBXFileReference; fileEncoding = 4; lastKnownFileType = sourcecode.c.h; path = "NSString+paths.h"; sourceTree = "<group>"; };
		D8C6CA361F42DC4500BE85ED /* NSString+paths.m */ = {isa = PBXFileReference; fileEncoding = 4; lastKnownFileType = sourcecode.c.objc; path = "NSString+paths.m"; sourceTree = "<group>"; };
		D8C6CA371F42DC4500BE85ED /* UIImage+ImageEffects.h */ = {isa = PBXFileReference; fileEncoding = 4; lastKnownFileType = sourcecode.c.h; path = "UIImage+ImageEffects.h"; sourceTree = "<group>"; };
		D8C6CA381F42DC4500BE85ED /* UIImage+ImageEffects.m */ = {isa = PBXFileReference; fileEncoding = 4; lastKnownFileType = sourcecode.c.objc; path = "UIImage+ImageEffects.m"; sourceTree = "<group>"; };
		D8C6CA391F42DC4500BE85ED /* UIView+BlurredImage.h */ = {isa = PBXFileReference; fileEncoding = 4; lastKnownFileType = sourcecode.c.h; path = "UIView+BlurredImage.h"; sourceTree = "<group>"; };
		D8C6CA3A1F42DC4500BE85ED /* UIView+BlurredImage.m */ = {isa = PBXFileReference; fileEncoding = 4; lastKnownFileType = sourcecode.c.objc; path = "UIView+BlurredImage.m"; sourceTree = "<group>"; };
		D8C6CA3B1F42DC4500BE85ED /* UIControl+ExControlayerStyle.h */ = {isa = PBXFileReference; fileEncoding = 4; lastKnownFileType = sourcecode.c.h; path = "UIControl+ExControlayerStyle.h"; sourceTree = "<group>"; };
		D8C6CA3C1F42DC4500BE85ED /* UIControl+ExControlayerStyle.m */ = {isa = PBXFileReference; fileEncoding = 4; lastKnownFileType = sourcecode.c.objc; path = "UIControl+ExControlayerStyle.m"; sourceTree = "<group>"; };
		D8C6CA401F42DC4500BE85ED /* AES.h */ = {isa = PBXFileReference; fileEncoding = 4; lastKnownFileType = sourcecode.c.h; path = AES.h; sourceTree = "<group>"; };
		D8C6CA411F42DC4500BE85ED /* AES.m */ = {isa = PBXFileReference; fileEncoding = 4; lastKnownFileType = sourcecode.c.objc; path = AES.m; sourceTree = "<group>"; };
		D8C6CA421F42DC4500BE85ED /* EncryptionTools.h */ = {isa = PBXFileReference; fileEncoding = 4; lastKnownFileType = sourcecode.c.h; path = EncryptionTools.h; sourceTree = "<group>"; };
		D8C6CA431F42DC4500BE85ED /* EncryptionTools.m */ = {isa = PBXFileReference; fileEncoding = 4; lastKnownFileType = sourcecode.c.objc; path = EncryptionTools.m; sourceTree = "<group>"; };
		D8C6CA441F42DC4500BE85ED /* MD5.h */ = {isa = PBXFileReference; fileEncoding = 4; lastKnownFileType = sourcecode.c.h; path = MD5.h; sourceTree = "<group>"; };
		D8C6CA451F42DC4500BE85ED /* MD5.m */ = {isa = PBXFileReference; fileEncoding = 4; lastKnownFileType = sourcecode.c.objc; path = MD5.m; sourceTree = "<group>"; };
		D8C6CA461F42DC4500BE85ED /* RandomKey.h */ = {isa = PBXFileReference; fileEncoding = 4; lastKnownFileType = sourcecode.c.h; path = RandomKey.h; sourceTree = "<group>"; };
		D8C6CA471F42DC4500BE85ED /* RandomKey.m */ = {isa = PBXFileReference; fileEncoding = 4; lastKnownFileType = sourcecode.c.objc; path = RandomKey.m; sourceTree = "<group>"; };
		D8C6CA481F42DC4500BE85ED /* RSA.h */ = {isa = PBXFileReference; fileEncoding = 4; lastKnownFileType = sourcecode.c.h; path = RSA.h; sourceTree = "<group>"; };
		D8C6CA491F42DC4500BE85ED /* RSA.m */ = {isa = PBXFileReference; fileEncoding = 4; lastKnownFileType = sourcecode.c.objc; path = RSA.m; sourceTree = "<group>"; };
		D8C6CA4A1F42DC4500BE85ED /* RSACryptor.h */ = {isa = PBXFileReference; fileEncoding = 4; lastKnownFileType = sourcecode.c.h; path = RSACryptor.h; sourceTree = "<group>"; };
		D8C6CA4B1F42DC4500BE85ED /* RSACryptor.m */ = {isa = PBXFileReference; fileEncoding = 4; lastKnownFileType = sourcecode.c.objc; path = RSACryptor.m; sourceTree = "<group>"; };
		D8C6CA4D1F42DC4500BE85ED /* DFCTextFieldSearch.h */ = {isa = PBXFileReference; fileEncoding = 4; lastKnownFileType = sourcecode.c.h; path = DFCTextFieldSearch.h; sourceTree = "<group>"; };
		D8C6CA4E1F42DC4500BE85ED /* DFCTextFieldSearch.m */ = {isa = PBXFileReference; fileEncoding = 4; lastKnownFileType = sourcecode.c.objc; path = DFCTextFieldSearch.m; sourceTree = "<group>"; };
		D8C6CA4F1F42DC4500BE85ED /* ExpandSearch.h */ = {isa = PBXFileReference; fileEncoding = 4; lastKnownFileType = sourcecode.c.h; path = ExpandSearch.h; sourceTree = "<group>"; };
		D8C6CA501F42DC4500BE85ED /* ExpandSearch.m */ = {isa = PBXFileReference; fileEncoding = 4; lastKnownFileType = sourcecode.c.objc; path = ExpandSearch.m; sourceTree = "<group>"; };
		D8C6CA511F42DC4500BE85ED /* ExpandUser.h */ = {isa = PBXFileReference; fileEncoding = 4; lastKnownFileType = sourcecode.c.h; path = ExpandUser.h; sourceTree = "<group>"; };
		D8C6CA521F42DC4500BE85ED /* ExpandUser.m */ = {isa = PBXFileReference; fileEncoding = 4; lastKnownFileType = sourcecode.c.objc; path = ExpandUser.m; sourceTree = "<group>"; };
		D8C6CA531F42DC4500BE85ED /* ExplandStyle.h */ = {isa = PBXFileReference; fileEncoding = 4; lastKnownFileType = sourcecode.c.h; path = ExplandStyle.h; sourceTree = "<group>"; };
		D8C6CA541F42DC4500BE85ED /* ExplandStyle.m */ = {isa = PBXFileReference; fileEncoding = 4; lastKnownFileType = sourcecode.c.objc; path = ExplandStyle.m; sourceTree = "<group>"; };
		D8C6CA581F42DC4500BE85ED /* ExpandColorHeader.h */ = {isa = PBXFileReference; fileEncoding = 4; lastKnownFileType = sourcecode.c.h; path = ExpandColorHeader.h; sourceTree = "<group>"; };
		D8C6CA591F42DC4500BE85ED /* ExpandFileHeader.h */ = {isa = PBXFileReference; fileEncoding = 4; lastKnownFileType = sourcecode.c.h; path = ExpandFileHeader.h; sourceTree = "<group>"; };
		D8C6CA5A1F42DC4500BE85ED /* ExpandRequest_Url.h */ = {isa = PBXFileReference; fileEncoding = 4; lastKnownFileType = sourcecode.c.h; path = ExpandRequest_Url.h; sourceTree = "<group>"; };
		D8C6CA5C1F42DC4500BE85ED /* HttpRequestManager.h */ = {isa = PBXFileReference; fileEncoding = 4; lastKnownFileType = sourcecode.c.h; path = HttpRequestManager.h; sourceTree = "<group>"; };
		D8C6CA5D1F42DC4500BE85ED /* HttpRequestManager.m */ = {isa = PBXFileReference; fileEncoding = 4; lastKnownFileType = sourcecode.c.objc; path = HttpRequestManager.m; sourceTree = "<group>"; };
		D8C6CA5E1F42DC4500BE85ED /* Safety.h */ = {isa = PBXFileReference; fileEncoding = 4; lastKnownFileType = sourcecode.c.h; path = Safety.h; sourceTree = "<group>"; };
		D8C6CA5F1F42DC4500BE85ED /* Safety.m */ = {isa = PBXFileReference; fileEncoding = 4; lastKnownFileType = sourcecode.c.objc; path = Safety.m; sourceTree = "<group>"; };
		D8C6CA761F42DF7C00BE85ED /* Reachability.h */ = {isa = PBXFileReference; fileEncoding = 4; lastKnownFileType = sourcecode.c.h; path = Reachability.h; sourceTree = "<group>"; };
		D8C6CA771F42DF7C00BE85ED /* Reachability.m */ = {isa = PBXFileReference; fileEncoding = 4; lastKnownFileType = sourcecode.c.objc; path = Reachability.m; sourceTree = "<group>"; };
		D8C6CA7A1F42E0AC00BE85ED /* ExpanFileConstants.h */ = {isa = PBXFileReference; fileEncoding = 4; lastKnownFileType = sourcecode.c.h; path = ExpanFileConstants.h; sourceTree = "<group>"; };
		D8C6CA7B1F42E0AC00BE85ED /* ExpanFileConstants.m */ = {isa = PBXFileReference; fileEncoding = 4; lastKnownFileType = sourcecode.c.objc; path = ExpanFileConstants.m; sourceTree = "<group>"; };
		D8C6CA7E1F42ED8F00BE85ED /* ExUserDefaultManager.h */ = {isa = PBXFileReference; fileEncoding = 4; lastKnownFileType = sourcecode.c.h; path = ExUserDefaultManager.h; sourceTree = "<group>"; };
		D8C6CA7F1F42ED8F00BE85ED /* ExUserDefaultManager.m */ = {isa = PBXFileReference; fileEncoding = 4; lastKnownFileType = sourcecode.c.objc; path = ExUserDefaultManager.m; sourceTree = "<group>"; };
		D8C6CA811F42EE4D00BE85ED /* ExNSUserDefault.h */ = {isa = PBXFileReference; fileEncoding = 4; lastKnownFileType = sourcecode.c.h; path = ExNSUserDefault.h; sourceTree = "<group>"; };
		D8C6CA821F42EE4D00BE85ED /* ExNSUserDefault.m */ = {isa = PBXFileReference; fileEncoding = 4; lastKnownFileType = sourcecode.c.objc; path = ExNSUserDefault.m; sourceTree = "<group>"; };
		DF1C1773E5F46C0EC7238C6F /* Pods_UIKitExpand.framework */ = {isa = PBXFileReference; explicitFileType = wrapper.framework; includeInIndex = 0; path = Pods_UIKitExpand.framework; sourceTree = BUILT_PRODUCTS_DIR; };
/* End PBXFileReference section */

/* Begin PBXFrameworksBuildPhase section */
		B3F4EFF81F14A8600005197E /* Frameworks */ = {
			isa = PBXFrameworksBuildPhase;
			buildActionMask = 2147483647;
			files = (
				F55D2E6A66DF966165AA0C8D /* Pods_UIKitExpand.framework in Frameworks */,
			);
			runOnlyForDeploymentPostprocessing = 0;
		};
		B3F4F0111F14A8600005197E /* Frameworks */ = {
			isa = PBXFrameworksBuildPhase;
			buildActionMask = 2147483647;
			files = (
			);
			runOnlyForDeploymentPostprocessing = 0;
		};
		B3F4F01C1F14A8600005197E /* Frameworks */ = {
			isa = PBXFrameworksBuildPhase;
			buildActionMask = 2147483647;
			files = (
			);
			runOnlyForDeploymentPostprocessing = 0;
		};
/* End PBXFrameworksBuildPhase section */

/* Begin PBXGroup section */
		B30F386C1F15B5A7005B5CE6 /* AppDelegate */ = {
			isa = PBXGroup;
			children = (
				B30F386D1F15B5C7005B5CE6 /* AppDelegate.h */,
				B30F386E1F15B5C7005B5CE6 /* AppDelegate.m */,
				B30F386F1F15B5C7005B5CE6 /* AppDelegate+ApptabBar.h */,
				B30F38701F15B5C7005B5CE6 /* AppDelegate+ApptabBar.m */,
				B34688AB1F15FB8800498E66 /* AppEnteryConterl.h */,
				B34688AC1F15FB8800498E66 /* AppEnteryConterl.m */,
			);
			path = AppDelegate;
			sourceTree = "<group>";
		};
		B3B36D1A1F172106006E46B6 /* Frameworks */ = {
			isa = PBXGroup;
			children = (
				DF1C1773E5F46C0EC7238C6F /* Pods_UIKitExpand.framework */,
			);
			name = Frameworks;
			sourceTree = "<group>";
		};
		B3F4EFF21F14A8600005197E = {
			isa = PBXGroup;
			children = (
				B34688A71F15F24600498E66 /* iTunesArtwork */,
				B3F4EFFD1F14A8600005197E /* UIKitExpand */,
				B3F4F0171F14A8600005197E /* UIKitExpandTests */,
				B3F4F0221F14A8600005197E /* UIKitExpandUITests */,
				B3F4EFFC1F14A8600005197E /* Products */,
				B3B36D1A1F172106006E46B6 /* Frameworks */,
				FBECBD4E7C4A909322F7F211 /* Pods */,
				D8C6C9671F42D89500BE85ED /* Vender(第三方) */,
			);
			sourceTree = "<group>";
		};
		B3F4EFFC1F14A8600005197E /* Products */ = {
			isa = PBXGroup;
			children = (
				B3F4EFFB1F14A8600005197E /* UIKitExpand.app */,
				B3F4F0141F14A8600005197E /* UIKitExpandTests.xctest */,
				B3F4F01F1F14A8600005197E /* UIKitExpandUITests.xctest */,
			);
			name = Products;
			sourceTree = "<group>";
		};
		B3F4EFFD1F14A8600005197E /* UIKitExpand */ = {
			isa = PBXGroup;
			children = (
				D8C6CA081F42D91100BE85ED /* Universal(通用) */,
				D8C6C9C91F42D8E200BE85ED /* ExpandFile(扩展) */,
				B30F386C1F15B5A7005B5CE6 /* AppDelegate */,
				D8C6CA0F1F42D95C00BE85ED /* Base(基类) */,
				D8C6CA7D1F42EB4800BE85ED /* SDKFile(集成) */,
				D8C6CA221F42D9A400BE85ED /* Resource(资源) */,
				B3F4EFFE1F14A8600005197E /* Supporting Files */,
			);
			path = UIKitExpand;
			sourceTree = "<group>";
		};
		B3F4EFFE1F14A8600005197E /* Supporting Files */ = {
			isa = PBXGroup;
			children = (
				B3F4F0071F14A8600005197E /* Main.storyboard */,
				B3F4F00C1F14A8600005197E /* LaunchScreen.storyboard */,
				B3F4F00F1F14A8600005197E /* Info.plist */,
				B3F4EFFF1F14A8600005197E /* main.m */,
			);
			name = "Supporting Files";
			sourceTree = "<group>";
		};
		B3F4F0171F14A8600005197E /* UIKitExpandTests */ = {
			isa = PBXGroup;
			children = (
				B3F4F0181F14A8600005197E /* UIKitExpandTests.m */,
				B3F4F01A1F14A8600005197E /* Info.plist */,
			);
			path = UIKitExpandTests;
			sourceTree = "<group>";
		};
		B3F4F0221F14A8600005197E /* UIKitExpandUITests */ = {
			isa = PBXGroup;
			children = (
				B3F4F0231F14A8600005197E /* UIKitExpandUITests.m */,
				B3F4F0251F14A8600005197E /* Info.plist */,
			);
			path = UIKitExpandUITests;
			sourceTree = "<group>";
		};
		D8C6C9671F42D89500BE85ED /* Vender(第三方) */ = {
			isa = PBXGroup;
			children = (
				D8C6C9681F42D89500BE85ED /* ALAssetsLibrary */,
				D8C6C96B1F42D89500BE85ED /* EXTScope */,
				D8C6C96E1F42D89500BE85ED /* QSImageProcess */,
				D8C6C9A11F42D89500BE85ED /* SGQRCode */,
			);
			path = "Vender(第三方)";
			sourceTree = "<group>";
		};
		D8C6C9681F42D89500BE85ED /* ALAssetsLibrary */ = {
			isa = PBXGroup;
			children = (
				D8C6C9691F42D89500BE85ED /* ALAssetsLibrary+CustomPhotoAlbum.h */,
				D8C6C96A1F42D89500BE85ED /* ALAssetsLibrary+CustomPhotoAlbum.m */,
			);
			path = ALAssetsLibrary;
			sourceTree = "<group>";
		};
		D8C6C96B1F42D89500BE85ED /* EXTScope */ = {
			isa = PBXGroup;
			children = (
				D8C6C96C1F42D89500BE85ED /* EXTScope.h */,
				D8C6C96D1F42D89500BE85ED /* metamacros.h */,
			);
			path = EXTScope;
			sourceTree = "<group>";
		};
		D8C6C96E1F42D89500BE85ED /* QSImageProcess */ = {
			isa = PBXGroup;
			children = (
				D8C6C96F1F42D89500BE85ED /* QSDispatchQueue */,
				D8C6C9721F42D89500BE85ED /* QSImageProcess.h */,
				D8C6C9731F42D89500BE85ED /* QSImageProcess.m */,
				D8C6C9741F42D89500BE85ED /* QSImageProcessConfig.h */,
				D8C6C9751F42D89500BE85ED /* QSImageProcessConfig.m */,
				D8C6C9761F42D89500BE85ED /* QSImageProcessUtil.h */,
				D8C6C9771F42D89500BE85ED /* QSImageProcessUtil.m */,
				D8C6C9781F42D89500BE85ED /* SDWebImage */,
				D8C6C99C1F42D89500BE85ED /* SDWebImageExtension */,
				D8C6C99F1F42D89500BE85ED /* UIColor+QSImageProcess.h */,
				D8C6C9A01F42D89500BE85ED /* UIColor+QSImageProcess.m */,
			);
			path = QSImageProcess;
			sourceTree = "<group>";
		};
		D8C6C96F1F42D89500BE85ED /* QSDispatchQueue */ = {
			isa = PBXGroup;
			children = (
				D8C6C9701F42D89500BE85ED /* QSDispatchQueue.h */,
				D8C6C9711F42D89500BE85ED /* QSDispatchQueue.m */,
			);
			path = QSDispatchQueue;
			sourceTree = "<group>";
		};
		D8C6C9781F42D89500BE85ED /* SDWebImage */ = {
			isa = PBXGroup;
			children = (
				D8C6C9791F42D89500BE85ED /* NSData+ImageContentType.h */,
				D8C6C97A1F42D89500BE85ED /* NSData+ImageContentType.m */,
				D8C6C97B1F42D89500BE85ED /* NSImage+WebCache.h */,
				D8C6C97C1F42D89500BE85ED /* NSImage+WebCache.m */,
				D8C6C97D1F42D89500BE85ED /* SDImageCache.h */,
				D8C6C97E1F42D89500BE85ED /* SDImageCache.m */,
				D8C6C97F1F42D89500BE85ED /* SDImageCacheConfig.h */,
				D8C6C9801F42D89500BE85ED /* SDImageCacheConfig.m */,
				D8C6C9811F42D89500BE85ED /* SDWebImageCompat.h */,
				D8C6C9821F42D89500BE85ED /* SDWebImageCompat.m */,
				D8C6C9831F42D89500BE85ED /* SDWebImageDecoder.h */,
				D8C6C9841F42D89500BE85ED /* SDWebImageDecoder.m */,
				D8C6C9851F42D89500BE85ED /* SDWebImageDownloader.h */,
				D8C6C9861F42D89500BE85ED /* SDWebImageDownloader.m */,
				D8C6C9871F42D89500BE85ED /* SDWebImageDownloaderOperation.h */,
				D8C6C9881F42D89500BE85ED /* SDWebImageDownloaderOperation.m */,
				D8C6C9891F42D89500BE85ED /* SDWebImageManager.h */,
				D8C6C98A1F42D89500BE85ED /* SDWebImageManager.m */,
				D8C6C98B1F42D89500BE85ED /* SDWebImageOperation.h */,
				D8C6C98C1F42D89500BE85ED /* SDWebImagePrefetcher.h */,
				D8C6C98D1F42D89500BE85ED /* SDWebImagePrefetcher.m */,
				D8C6C98E1F42D89500BE85ED /* UIButton+WebCache.h */,
				D8C6C98F1F42D89500BE85ED /* UIButton+WebCache.m */,
				D8C6C9901F42D89500BE85ED /* UIImage+GIF.h */,
				D8C6C9911F42D89500BE85ED /* UIImage+GIF.m */,
				D8C6C9921F42D89500BE85ED /* UIImage+MultiFormat.h */,
				D8C6C9931F42D89500BE85ED /* UIImage+MultiFormat.m */,
				D8C6C9941F42D89500BE85ED /* UIImageView+HighlightedWebCache.h */,
				D8C6C9951F42D89500BE85ED /* UIImageView+HighlightedWebCache.m */,
				D8C6C9961F42D89500BE85ED /* UIImageView+WebCache.h */,
				D8C6C9971F42D89500BE85ED /* UIImageView+WebCache.m */,
				D8C6C9981F42D89500BE85ED /* UIView+WebCache.h */,
				D8C6C9991F42D89500BE85ED /* UIView+WebCache.m */,
				D8C6C99A1F42D89500BE85ED /* UIView+WebCacheOperation.h */,
				D8C6C99B1F42D89500BE85ED /* UIView+WebCacheOperation.m */,
			);
			path = SDWebImage;
			sourceTree = "<group>";
		};
		D8C6C99C1F42D89500BE85ED /* SDWebImageExtension */ = {
			isa = PBXGroup;
			children = (
				D8C6C99D1F42D89500BE85ED /* UIImageView+QSImageProcess.h */,
				D8C6C99E1F42D89500BE85ED /* UIImageView+QSImageProcess.m */,
			);
			path = SDWebImageExtension;
			sourceTree = "<group>";
		};
		D8C6C9A11F42D89500BE85ED /* SGQRCode */ = {
			isa = PBXGroup;
			children = (
				D8C6C9A21F42D89500BE85ED /* Category */,
				D8C6C9A51F42D89500BE85ED /* Helper */,
				D8C6C9A81F42D89500BE85ED /* SGQRCode.bundle */,
				D8C6C9A91F42D89500BE85ED /* SGQRCode.h */,
				D8C6C9AA1F42D89500BE85ED /* Tools */,
			);
			path = SGQRCode;
			sourceTree = "<group>";
		};
		D8C6C9A21F42D89500BE85ED /* Category */ = {
			isa = PBXGroup;
			children = (
				D8C6C9A31F42D89500BE85ED /* UIImage+SGHelper.h */,
				D8C6C9A41F42D89500BE85ED /* UIImage+SGHelper.m */,
			);
			path = Category;
			sourceTree = "<group>";
		};
		D8C6C9A51F42D89500BE85ED /* Helper */ = {
			isa = PBXGroup;
			children = (
				D8C6C9A61F42D89500BE85ED /* SGQRCodeConst.h */,
				D8C6C9A71F42D89500BE85ED /* SGQRCodeConst.m */,
			);
			path = Helper;
			sourceTree = "<group>";
		};
		D8C6C9AA1F42D89500BE85ED /* Tools */ = {
			isa = PBXGroup;
			children = (
				D8C6C9AB1F42D89500BE85ED /* SGQRCodeTool.h */,
				D8C6C9AC1F42D89500BE85ED /* SGQRCodeTool.m */,
			);
			path = Tools;
			sourceTree = "<group>";
		};
		D8C6C9C91F42D8E200BE85ED /* ExpandFile(扩展) */ = {
			isa = PBXGroup;
			children = (
				D8C6CA311F42DC4500BE85ED /* Category(分类) */,
				D8C6CA3D1F42DC4500BE85ED /* Const(常量) */,
				D8C6CA3E1F42DC4500BE85ED /* DataBase(数据库) */,
				D8C6CA3F1F42DC4500BE85ED /* Encrypt(加密) */,
				D8C6CA4C1F42DC4500BE85ED /* ExUIKit(自定义控件) */,
				D8C6CA571F42DC4500BE85ED /* Macros(宏) */,
				D8C6CA5B1F42DC4500BE85ED /* Network(网络) */,
				D8C6CA601F42DC4500BE85ED /* Tool(工具类) */,
			);
			path = "ExpandFile(扩展)";
			sourceTree = "<group>";
		};
		D8C6CA081F42D91100BE85ED /* Universal(通用) */ = {
			isa = PBXGroup;
			children = (
				D8C6CA091F42D91100BE85ED /* AppDidLaunchAnimation.h */,
				D8C6CA0A1F42D91100BE85ED /* AppDidLaunchAnimation.m */,
				D8C6CA0B1F42D91100BE85ED /* BaseViewController.h */,
				D8C6CA0C1F42D91100BE85ED /* BaseViewController.m */,
			);
			path = "Universal(通用)";
			sourceTree = "<group>";
		};
		D8C6CA0F1F42D95C00BE85ED /* Base(基类) */ = {
			isa = PBXGroup;
			children = (
				D8C6CA101F42D95C00BE85ED /* BaseTabBarCtrl.h */,
				D8C6CA111F42D95C00BE85ED /* BaseTabBarCtrl.m */,
				D8C6CA121F42D95C00BE85ED /* STHomeViewController.h */,
				D8C6CA131F42D95C00BE85ED /* STHomeViewController.m */,
				D8C6CA141F42D95C00BE85ED /* STMyViewController.h */,
				D8C6CA151F42D95C00BE85ED /* STMyViewController.m */,
				D8C6CA161F42D95C00BE85ED /* STScanSearchViewController.h */,
				D8C6CA171F42D95C00BE85ED /* STScanSearchViewController.m */,
				D8C6CA181F42D95C00BE85ED /* STSearchViewController.h */,
				D8C6CA191F42D95C00BE85ED /* STSearchViewController.m */,
				D8C6CA1A1F42D95C00BE85ED /* STShopCartViewController.h */,
				D8C6CA1B1F42D95C00BE85ED /* STShopCartViewController.m */,
			);
			path = "Base(基类)";
			sourceTree = "<group>";
		};
		D8C6CA221F42D9A400BE85ED /* Resource(资源) */ = {
			isa = PBXGroup;
			children = (
				D8C6CA741F42DF2D00BE85ED /* Plist(配置) */,
				D8C6CA731F42DE4E00BE85ED /* Image(图片资源) */,
			);
			path = "Resource(资源)";
			sourceTree = "<group>";
		};
		D8C6CA311F42DC4500BE85ED /* Category(分类) */ = {
			isa = PBXGroup;
			children = (
				D8C6CA321F42DC4500BE85ED /* ExpandBar.h */,
				D8C6CA331F42DC4500BE85ED /* ExpandBar.m */,
				D8C6CA3B1F42DC4500BE85ED /* UIControl+ExControlayerStyle.h */,
				D8C6CA3C1F42DC4500BE85ED /* UIControl+ExControlayerStyle.m */,
				D8C6CA341F42DC4500BE85ED /* ImageEffects */,
			);
			path = "Category(分类)";
			sourceTree = "<group>";
		};
		D8C6CA341F42DC4500BE85ED /* ImageEffects */ = {
			isa = PBXGroup;
			children = (
				D8C6CA351F42DC4500BE85ED /* NSString+paths.h */,
				D8C6CA361F42DC4500BE85ED /* NSString+paths.m */,
				D8C6CA371F42DC4500BE85ED /* UIImage+ImageEffects.h */,
				D8C6CA381F42DC4500BE85ED /* UIImage+ImageEffects.m */,
				D8C6CA391F42DC4500BE85ED /* UIView+BlurredImage.h */,
				D8C6CA3A1F42DC4500BE85ED /* UIView+BlurredImage.m */,
			);
			path = ImageEffects;
			sourceTree = "<group>";
		};
		D8C6CA3D1F42DC4500BE85ED /* Const(常量) */ = {
			isa = PBXGroup;
			children = (
				D8C6CA7A1F42E0AC00BE85ED /* ExpanFileConstants.h */,
				D8C6CA7B1F42E0AC00BE85ED /* ExpanFileConstants.m */,
			);
			path = "Const(常量)";
			sourceTree = "<group>";
		};
		D8C6CA3E1F42DC4500BE85ED /* DataBase(数据库) */ = {
			isa = PBXGroup;
			children = (
				D8C6CA7E1F42ED8F00BE85ED /* ExUserDefaultManager.h */,
				D8C6CA7F1F42ED8F00BE85ED /* ExUserDefaultManager.m */,
				D8C6CA811F42EE4D00BE85ED /* ExNSUserDefault.h */,
				D8C6CA821F42EE4D00BE85ED /* ExNSUserDefault.m */,
			);
			path = "DataBase(数据库)";
			sourceTree = "<group>";
		};
		D8C6CA3F1F42DC4500BE85ED /* Encrypt(加密) */ = {
			isa = PBXGroup;
			children = (
				D8C6CA401F42DC4500BE85ED /* AES.h */,
				D8C6CA411F42DC4500BE85ED /* AES.m */,
				D8C6CA421F42DC4500BE85ED /* EncryptionTools.h */,
				D8C6CA431F42DC4500BE85ED /* EncryptionTools.m */,
				D8C6CA441F42DC4500BE85ED /* MD5.h */,
				D8C6CA451F42DC4500BE85ED /* MD5.m */,
				D8C6CA461F42DC4500BE85ED /* RandomKey.h */,
				D8C6CA471F42DC4500BE85ED /* RandomKey.m */,
				D8C6CA481F42DC4500BE85ED /* RSA.h */,
				D8C6CA491F42DC4500BE85ED /* RSA.m */,
				D8C6CA4A1F42DC4500BE85ED /* RSACryptor.h */,
				D8C6CA4B1F42DC4500BE85ED /* RSACryptor.m */,
			);
			path = "Encrypt(加密)";
			sourceTree = "<group>";
		};
		D8C6CA4C1F42DC4500BE85ED /* ExUIKit(自定义控件) */ = {
			isa = PBXGroup;
			children = (
				D8C6CA4D1F42DC4500BE85ED /* DFCTextFieldSearch.h */,
				D8C6CA4E1F42DC4500BE85ED /* DFCTextFieldSearch.m */,
				D8C6CA4F1F42DC4500BE85ED /* ExpandSearch.h */,
				D8C6CA501F42DC4500BE85ED /* ExpandSearch.m */,
				D8C6CA511F42DC4500BE85ED /* ExpandUser.h */,
				D8C6CA521F42DC4500BE85ED /* ExpandUser.m */,
				D8C6CA531F42DC4500BE85ED /* ExplandStyle.h */,
				D8C6CA541F42DC4500BE85ED /* ExplandStyle.m */,
			);
			path = "ExUIKit(自定义控件)";
			sourceTree = "<group>";
		};
		D8C6CA571F42DC4500BE85ED /* Macros(宏) */ = {
			isa = PBXGroup;
			children = (
				D8C6CA581F42DC4500BE85ED /* ExpandColorHeader.h */,
				D8C6CA591F42DC4500BE85ED /* ExpandFileHeader.h */,
				D8C6CA5A1F42DC4500BE85ED /* ExpandRequest_Url.h */,
			);
			path = "Macros(宏)";
			sourceTree = "<group>";
		};
		D8C6CA5B1F42DC4500BE85ED /* Network(网络) */ = {
			isa = PBXGroup;
			children = (
				D8C6CA5C1F42DC4500BE85ED /* HttpRequestManager.h */,
				D8C6CA5D1F42DC4500BE85ED /* HttpRequestManager.m */,
				D8C6CA5E1F42DC4500BE85ED /* Safety.h */,
				D8C6CA5F1F42DC4500BE85ED /* Safety.m */,
			);
			path = "Network(网络)";
			sourceTree = "<group>";
		};
		D8C6CA601F42DC4500BE85ED /* Tool(工具类) */ = {
			isa = PBXGroup;
			children = (
				D8C6CA791F42DFC900BE85ED /* Logger(日志记录) */,
				D8C6CA751F42DF7200BE85ED /* Reachability(网络状态) */,
			);
			path = "Tool(工具类)";
			sourceTree = "<group>";
		};
		D8C6CA731F42DE4E00BE85ED /* Image(图片资源) */ = {
			isa = PBXGroup;
			children = (
				B3D208D41F47E89700F0CE6F /* Assets.xcassets */,
				B3D208C61F47E87D00F0CE6F /* appLaunchAn@2x.png */,
				B3D208C71F47E87D00F0CE6F /* gif_paying.gif */,
				B3D208C81F47E87D00F0CE6F /* LaunchImage-700@2x.png */,
				B3D208C91F47E87D00F0CE6F /* loading_duobao.gif */,
				B3D208CA1F47E87D00F0CE6F /* msg_home@2x.png */,
				B3D208CB1F47E87D00F0CE6F /* navigation_menu@2x.png */,
				B3D208CC1F47E87D00F0CE6F /* planBar.jpg */,
			);
			path = "Image(图片资源)";
			sourceTree = "<group>";
		};
		D8C6CA741F42DF2D00BE85ED /* Plist(配置) */ = {
			isa = PBXGroup;
			children = (
			);
			path = "Plist(配置)";
			sourceTree = "<group>";
		};
		D8C6CA751F42DF7200BE85ED /* Reachability(网络状态) */ = {
			isa = PBXGroup;
			children = (
				D8C6CA761F42DF7C00BE85ED /* Reachability.h */,
				D8C6CA771F42DF7C00BE85ED /* Reachability.m */,
			);
			path = "Reachability(网络状态)";
			sourceTree = "<group>";
		};
		D8C6CA791F42DFC900BE85ED /* Logger(日志记录) */ = {
			isa = PBXGroup;
			children = (
			);
			path = "Logger(日志记录)";
			sourceTree = "<group>";
		};
		D8C6CA7D1F42EB4800BE85ED /* SDKFile(集成) */ = {
			isa = PBXGroup;
			children = (
			);
			path = "SDKFile(集成)";
			sourceTree = "<group>";
		};
		FBECBD4E7C4A909322F7F211 /* Pods */ = {
			isa = PBXGroup;
			children = (
				882F48B94BC203F871DAED01 /* Pods-UIKitExpand.debug.xcconfig */,
				525FFFA43E217571B50990FB /* Pods-UIKitExpand.release.xcconfig */,
			);
			name = Pods;
			sourceTree = "<group>";
		};
/* End PBXGroup section */

/* Begin PBXNativeTarget section */
		B3F4EFFA1F14A8600005197E /* UIKitExpand */ = {
			isa = PBXNativeTarget;
			buildConfigurationList = B3F4F0281F14A8600005197E /* Build configuration list for PBXNativeTarget "UIKitExpand" */;
			buildPhases = (
				A2CB2198C825B85B62A87433 /* [CP] Check Pods Manifest.lock */,
				B3F4EFF71F14A8600005197E /* Sources */,
				B3F4EFF81F14A8600005197E /* Frameworks */,
				B3F4EFF91F14A8600005197E /* Resources */,
				ED51EB89096540924509C6E3 /* [CP] Embed Pods Frameworks */,
				D763C97E1BCBDE929BD04E62 /* [CP] Copy Pods Resources */,
			);
			buildRules = (
			);
			dependencies = (
			);
			name = UIKitExpand;
			productName = UIKitExpand;
			productReference = B3F4EFFB1F14A8600005197E /* UIKitExpand.app */;
			productType = "com.apple.product-type.application";
		};
		B3F4F0131F14A8600005197E /* UIKitExpandTests */ = {
			isa = PBXNativeTarget;
			buildConfigurationList = B3F4F02B1F14A8600005197E /* Build configuration list for PBXNativeTarget "UIKitExpandTests" */;
			buildPhases = (
				B3F4F0101F14A8600005197E /* Sources */,
				B3F4F0111F14A8600005197E /* Frameworks */,
				B3F4F0121F14A8600005197E /* Resources */,
			);
			buildRules = (
			);
			dependencies = (
				B3F4F0161F14A8600005197E /* PBXTargetDependency */,
			);
			name = UIKitExpandTests;
			productName = UIKitExpandTests;
			productReference = B3F4F0141F14A8600005197E /* UIKitExpandTests.xctest */;
			productType = "com.apple.product-type.bundle.unit-test";
		};
		B3F4F01E1F14A8600005197E /* UIKitExpandUITests */ = {
			isa = PBXNativeTarget;
			buildConfigurationList = B3F4F02E1F14A8600005197E /* Build configuration list for PBXNativeTarget "UIKitExpandUITests" */;
			buildPhases = (
				B3F4F01B1F14A8600005197E /* Sources */,
				B3F4F01C1F14A8600005197E /* Frameworks */,
				B3F4F01D1F14A8600005197E /* Resources */,
			);
			buildRules = (
			);
			dependencies = (
				B3F4F0211F14A8600005197E /* PBXTargetDependency */,
			);
			name = UIKitExpandUITests;
			productName = UIKitExpandUITests;
			productReference = B3F4F01F1F14A8600005197E /* UIKitExpandUITests.xctest */;
			productType = "com.apple.product-type.bundle.ui-testing";
		};
/* End PBXNativeTarget section */

/* Begin PBXProject section */
		B3F4EFF31F14A8600005197E /* Project object */ = {
			isa = PBXProject;
			attributes = {
				LastUpgradeCheck = 0830;
				ORGANIZATIONNAME = "陈美安";
				TargetAttributes = {
					B3F4EFFA1F14A8600005197E = {
						CreatedOnToolsVersion = 8.3.3;
						DevelopmentTeam = JR453H2A98;
						ProvisioningStyle = Automatic;
					};
					B3F4F0131F14A8600005197E = {
						CreatedOnToolsVersion = 8.3.3;
						DevelopmentTeam = JR453H2A98;
						ProvisioningStyle = Automatic;
						TestTargetID = B3F4EFFA1F14A8600005197E;
					};
					B3F4F01E1F14A8600005197E = {
						CreatedOnToolsVersion = 8.3.3;
						DevelopmentTeam = JR453H2A98;
						ProvisioningStyle = Automatic;
						TestTargetID = B3F4EFFA1F14A8600005197E;
					};
				};
			};
			buildConfigurationList = B3F4EFF61F14A8600005197E /* Build configuration list for PBXProject "UIKitExpand" */;
			compatibilityVersion = "Xcode 3.2";
			developmentRegion = English;
			hasScannedForEncodings = 0;
			knownRegions = (
				en,
				Base,
			);
			mainGroup = B3F4EFF21F14A8600005197E;
			productRefGroup = B3F4EFFC1F14A8600005197E /* Products */;
			projectDirPath = "";
			projectRoot = "";
			targets = (
				B3F4EFFA1F14A8600005197E /* UIKitExpand */,
				B3F4F0131F14A8600005197E /* UIKitExpandTests */,
				B3F4F01E1F14A8600005197E /* UIKitExpandUITests */,
			);
		};
/* End PBXProject section */

/* Begin PBXResourcesBuildPhase section */
		B3F4EFF91F14A8600005197E /* Resources */ = {
			isa = PBXResourcesBuildPhase;
			buildActionMask = 2147483647;
			files = (
				B3D208CD1F47E87D00F0CE6F /* appLaunchAn@2x.png in Resources */,
				B3F4F00E1F14A8600005197E /* LaunchScreen.storyboard in Resources */,
				B3D208D21F47E87D00F0CE6F /* navigation_menu@2x.png in Resources */,
				B3D208D11F47E87D00F0CE6F /* msg_home@2x.png in Resources */,
				B3D208D01F47E87D00F0CE6F /* loading_duobao.gif in Resources */,
				B3D208D31F47E87D00F0CE6F /* planBar.jpg in Resources */,
				D8C6C9C71F42D89500BE85ED /* SGQRCode.bundle in Resources */,
				B3D208CE1F47E87D00F0CE6F /* gif_paying.gif in Resources */,
				B3D208CF1F47E87D00F0CE6F /* LaunchImage-700@2x.png in Resources */,
				B34688A81F15F24600498E66 /* iTunesArtwork in Resources */,
				B3D208D51F47E89700F0CE6F /* Assets.xcassets in Resources */,
				B3F4F0091F14A8600005197E /* Main.storyboard in Resources */,
			);
			runOnlyForDeploymentPostprocessing = 0;
		};
		B3F4F0121F14A8600005197E /* Resources */ = {
			isa = PBXResourcesBuildPhase;
			buildActionMask = 2147483647;
			files = (
			);
			runOnlyForDeploymentPostprocessing = 0;
		};
		B3F4F01D1F14A8600005197E /* Resources */ = {
			isa = PBXResourcesBuildPhase;
			buildActionMask = 2147483647;
			files = (
			);
			runOnlyForDeploymentPostprocessing = 0;
		};
/* End PBXResourcesBuildPhase section */

/* Begin PBXShellScriptBuildPhase section */
		A2CB2198C825B85B62A87433 /* [CP] Check Pods Manifest.lock */ = {
			isa = PBXShellScriptBuildPhase;
			buildActionMask = 2147483647;
			files = (
			);
			inputPaths = (
			);
			name = "[CP] Check Pods Manifest.lock";
			outputPaths = (
			);
			runOnlyForDeploymentPostprocessing = 0;
			shellPath = /bin/sh;
			shellScript = "diff \"${PODS_PODFILE_DIR_PATH}/Podfile.lock\" \"${PODS_ROOT}/Manifest.lock\" > /dev/null\nif [ $? != 0 ] ; then\n    # print error to STDERR\n    echo \"error: The sandbox is not in sync with the Podfile.lock. Run 'pod install' or update your CocoaPods installation.\" >&2\n    exit 1\nfi\n";
			showEnvVarsInLog = 0;
		};
		D763C97E1BCBDE929BD04E62 /* [CP] Copy Pods Resources */ = {
			isa = PBXShellScriptBuildPhase;
			buildActionMask = 2147483647;
			files = (
			);
			inputPaths = (
			);
			name = "[CP] Copy Pods Resources";
			outputPaths = (
			);
			runOnlyForDeploymentPostprocessing = 0;
			shellPath = /bin/sh;
			shellScript = "\"${SRCROOT}/Pods/Target Support Files/Pods-UIKitExpand/Pods-UIKitExpand-resources.sh\"\n";
			showEnvVarsInLog = 0;
		};
		ED51EB89096540924509C6E3 /* [CP] Embed Pods Frameworks */ = {
			isa = PBXShellScriptBuildPhase;
			buildActionMask = 2147483647;
			files = (
			);
			inputPaths = (
			);
			name = "[CP] Embed Pods Frameworks";
			outputPaths = (
			);
			runOnlyForDeploymentPostprocessing = 0;
			shellPath = /bin/sh;
			shellScript = "\"${SRCROOT}/Pods/Target Support Files/Pods-UIKitExpand/Pods-UIKitExpand-frameworks.sh\"\n";
			showEnvVarsInLog = 0;
		};
/* End PBXShellScriptBuildPhase section */

/* Begin PBXSourcesBuildPhase section */
		B3F4EFF71F14A8600005197E /* Sources */ = {
			isa = PBXSourcesBuildPhase;
			buildActionMask = 2147483647;
			files = (
				D8C6CA691F42DC4500BE85ED /* RandomKey.m in Sources */,
				D8C6C9B71F42D89500BE85ED /* SDWebImageDecoder.m in Sources */,
				D8C6CA1D1F42D95C00BE85ED /* STHomeViewController.m in Sources */,
				D8C6CA631F42DC4500BE85ED /* UIImage+ImageEffects.m in Sources */,
				D8C6C9BA1F42D89500BE85ED /* SDWebImageManager.m in Sources */,
				D8C6CA611F42DC4500BE85ED /* ExpandBar.m in Sources */,
				D8C6C9B11F42D89500BE85ED /* QSImageProcessUtil.m in Sources */,
				D8C6CA201F42D95C00BE85ED /* STSearchViewController.m in Sources */,
				D8C6CA6C1F42DC4500BE85ED /* DFCTextFieldSearch.m in Sources */,
				D8C6C9C51F42D89500BE85ED /* UIImage+SGHelper.m in Sources */,
				D8C6C9AE1F42D89500BE85ED /* QSDispatchQueue.m in Sources */,
				D8C6C9AF1F42D89500BE85ED /* QSImageProcess.m in Sources */,
				D8C6CA721F42DC4500BE85ED /* Safety.m in Sources */,
				B34688AD1F15FB8800498E66 /* AppEnteryConterl.m in Sources */,
				D8C6CA6E1F42DC4500BE85ED /* ExpandUser.m in Sources */,
				D8C6C9BE1F42D89500BE85ED /* UIImage+MultiFormat.m in Sources */,
				D8C6C9AD1F42D89500BE85ED /* ALAssetsLibrary+CustomPhotoAlbum.m in Sources */,
				D8C6CA6A1F42DC4500BE85ED /* RSA.m in Sources */,
				D8C6CA831F42EE4D00BE85ED /* ExNSUserDefault.m in Sources */,
				D8C6CA0E1F42D91100BE85ED /* BaseViewController.m in Sources */,
				B30F38711F15B5C7005B5CE6 /* AppDelegate.m in Sources */,
				D8C6CA661F42DC4500BE85ED /* AES.m in Sources */,
				D8C6C9BD1F42D89500BE85ED /* UIImage+GIF.m in Sources */,
				D8C6C9B61F42D89500BE85ED /* SDWebImageCompat.m in Sources */,
				B30F38721F15B5C7005B5CE6 /* AppDelegate+ApptabBar.m in Sources */,
				D8C6CA781F42DF7C00BE85ED /* Reachability.m in Sources */,
				D8C6CA0D1F42D91100BE85ED /* AppDidLaunchAnimation.m in Sources */,
				D8C6CA671F42DC4500BE85ED /* EncryptionTools.m in Sources */,
				D8C6C9BF1F42D89500BE85ED /* UIImageView+HighlightedWebCache.m in Sources */,
				D8C6CA6F1F42DC4500BE85ED /* ExplandStyle.m in Sources */,
				D8C6CA711F42DC4500BE85ED /* HttpRequestManager.m in Sources */,
				D8C6C9C41F42D89500BE85ED /* UIColor+QSImageProcess.m in Sources */,
				D8C6C9B91F42D89500BE85ED /* SDWebImageDownloaderOperation.m in Sources */,
				D8C6C9C31F42D89500BE85ED /* UIImageView+QSImageProcess.m in Sources */,
				D8C6CA641F42DC4500BE85ED /* UIView+BlurredImage.m in Sources */,
				D8C6CA7C1F42E0AC00BE85ED /* ExpanFileConstants.m in Sources */,
				D8C6C9B21F42D89500BE85ED /* NSData+ImageContentType.m in Sources */,
				D8C6C9C01F42D89500BE85ED /* UIImageView+WebCache.m in Sources */,
				D8C6CA801F42ED8F00BE85ED /* ExUserDefaultManager.m in Sources */,
				D8C6C9B51F42D89500BE85ED /* SDImageCacheConfig.m in Sources */,
				D8C6C9C81F42D89500BE85ED /* SGQRCodeTool.m in Sources */,
				D8C6C9B01F42D89500BE85ED /* QSImageProcessConfig.m in Sources */,
				D8C6C9C61F42D89500BE85ED /* SGQRCodeConst.m in Sources */,
				D8C6CA621F42DC4500BE85ED /* NSString+paths.m in Sources */,
				D8C6CA651F42DC4500BE85ED /* UIControl+ExControlayerStyle.m in Sources */,
				B3F4F0001F14A8600005197E /* main.m in Sources */,
				D8C6CA1F1F42D95C00BE85ED /* STScanSearchViewController.m in Sources */,
				D8C6CA6D1F42DC4500BE85ED /* ExpandSearch.m in Sources */,
				D8C6C9B31F42D89500BE85ED /* NSImage+WebCache.m in Sources */,
				D8C6C9C21F42D89500BE85ED /* UIView+WebCacheOperation.m in Sources */,
				D8C6C9BB1F42D89500BE85ED /* SDWebImagePrefetcher.m in Sources */,
				D8C6C9B41F42D89500BE85ED /* SDImageCache.m in Sources */,
				D8C6C9C11F42D89500BE85ED /* UIView+WebCache.m in Sources */,
				D8C6C9BC1F42D89500BE85ED /* UIButton+WebCache.m in Sources */,
				D8C6CA1E1F42D95C00BE85ED /* STMyViewController.m in Sources */,
				D8C6C9B81F42D89500BE85ED /* SDWebImageDownloader.m in Sources */,
				D8C6CA6B1F42DC4500BE85ED /* RSACryptor.m in Sources */,
				D8C6CA211F42D95C00BE85ED /* STShopCartViewController.m in Sources */,
				D8C6CA1C1F42D95C00BE85ED /* BaseTabBarCtrl.m in Sources */,
				D8C6CA681F42DC4500BE85ED /* MD5.m in Sources */,
			);
			runOnlyForDeploymentPostprocessing = 0;
		};
		B3F4F0101F14A8600005197E /* Sources */ = {
			isa = PBXSourcesBuildPhase;
			buildActionMask = 2147483647;
			files = (
				B3F4F0191F14A8600005197E /* UIKitExpandTests.m in Sources */,
			);
			runOnlyForDeploymentPostprocessing = 0;
		};
		B3F4F01B1F14A8600005197E /* Sources */ = {
			isa = PBXSourcesBuildPhase;
			buildActionMask = 2147483647;
			files = (
				B3F4F0241F14A8600005197E /* UIKitExpandUITests.m in Sources */,
			);
			runOnlyForDeploymentPostprocessing = 0;
		};
/* End PBXSourcesBuildPhase section */

/* Begin PBXTargetDependency section */
		B3F4F0161F14A8600005197E /* PBXTargetDependency */ = {
			isa = PBXTargetDependency;
			target = B3F4EFFA1F14A8600005197E /* UIKitExpand */;
			targetProxy = B3F4F0151F14A8600005197E /* PBXContainerItemProxy */;
		};
		B3F4F0211F14A8600005197E /* PBXTargetDependency */ = {
			isa = PBXTargetDependency;
			target = B3F4EFFA1F14A8600005197E /* UIKitExpand */;
			targetProxy = B3F4F0201F14A8600005197E /* PBXContainerItemProxy */;
		};
/* End PBXTargetDependency section */

/* Begin PBXVariantGroup section */
		B3F4F0071F14A8600005197E /* Main.storyboard */ = {
			isa = PBXVariantGroup;
			children = (
				B3F4F0081F14A8600005197E /* Base */,
			);
			name = Main.storyboard;
			sourceTree = "<group>";
		};
		B3F4F00C1F14A8600005197E /* LaunchScreen.storyboard */ = {
			isa = PBXVariantGroup;
			children = (
				B3F4F00D1F14A8600005197E /* Base */,
			);
			name = LaunchScreen.storyboard;
			sourceTree = "<group>";
		};
/* End PBXVariantGroup section */

/* Begin XCBuildConfiguration section */
		B3F4F0261F14A8600005197E /* Debug */ = {
			isa = XCBuildConfiguration;
			buildSettings = {
				ALWAYS_SEARCH_USER_PATHS = NO;
				CLANG_ANALYZER_NONNULL = YES;
				CLANG_ANALYZER_NUMBER_OBJECT_CONVERSION = YES_AGGRESSIVE;
				CLANG_CXX_LANGUAGE_STANDARD = "gnu++0x";
				CLANG_CXX_LIBRARY = "libc++";
				CLANG_ENABLE_MODULES = YES;
				CLANG_ENABLE_OBJC_ARC = YES;
				CLANG_WARN_BOOL_CONVERSION = YES;
				CLANG_WARN_CONSTANT_CONVERSION = YES;
				CLANG_WARN_DIRECT_OBJC_ISA_USAGE = YES_ERROR;
				CLANG_WARN_DOCUMENTATION_COMMENTS = YES;
				CLANG_WARN_EMPTY_BODY = YES;
				CLANG_WARN_ENUM_CONVERSION = YES;
				CLANG_WARN_INFINITE_RECURSION = YES;
				CLANG_WARN_INT_CONVERSION = YES;
				CLANG_WARN_OBJC_ROOT_CLASS = YES_ERROR;
				CLANG_WARN_SUSPICIOUS_MOVE = YES;
				CLANG_WARN_UNREACHABLE_CODE = YES;
				CLANG_WARN__DUPLICATE_METHOD_MATCH = YES;
				"CODE_SIGN_IDENTITY[sdk=iphoneos*]" = "iPhone Developer";
				COPY_PHASE_STRIP = NO;
				DEBUG_INFORMATION_FORMAT = dwarf;
				ENABLE_STRICT_OBJC_MSGSEND = YES;
				ENABLE_TESTABILITY = YES;
				GCC_C_LANGUAGE_STANDARD = gnu99;
				GCC_DYNAMIC_NO_PIC = NO;
				GCC_NO_COMMON_BLOCKS = YES;
				GCC_OPTIMIZATION_LEVEL = 0;
				GCC_PREPROCESSOR_DEFINITIONS = (
					"DEBUG=1",
					"$(inherited)",
				);
				GCC_WARN_64_TO_32_BIT_CONVERSION = YES;
				GCC_WARN_ABOUT_RETURN_TYPE = YES_ERROR;
				GCC_WARN_UNDECLARED_SELECTOR = YES;
				GCC_WARN_UNINITIALIZED_AUTOS = YES_AGGRESSIVE;
				GCC_WARN_UNUSED_FUNCTION = YES;
				GCC_WARN_UNUSED_VARIABLE = YES;
				IPHONEOS_DEPLOYMENT_TARGET = 10.3;
				MTL_ENABLE_DEBUG_INFO = YES;
				ONLY_ACTIVE_ARCH = YES;
				SDKROOT = iphoneos;
				TARGETED_DEVICE_FAMILY = "1,2";
			};
			name = Debug;
		};
		B3F4F0271F14A8600005197E /* Release */ = {
			isa = XCBuildConfiguration;
			buildSettings = {
				ALWAYS_SEARCH_USER_PATHS = NO;
				CLANG_ANALYZER_NONNULL = YES;
				CLANG_ANALYZER_NUMBER_OBJECT_CONVERSION = YES_AGGRESSIVE;
				CLANG_CXX_LANGUAGE_STANDARD = "gnu++0x";
				CLANG_CXX_LIBRARY = "libc++";
				CLANG_ENABLE_MODULES = YES;
				CLANG_ENABLE_OBJC_ARC = YES;
				CLANG_WARN_BOOL_CONVERSION = YES;
				CLANG_WARN_CONSTANT_CONVERSION = YES;
				CLANG_WARN_DIRECT_OBJC_ISA_USAGE = YES_ERROR;
				CLANG_WARN_DOCUMENTATION_COMMENTS = YES;
				CLANG_WARN_EMPTY_BODY = YES;
				CLANG_WARN_ENUM_CONVERSION = YES;
				CLANG_WARN_INFINITE_RECURSION = YES;
				CLANG_WARN_INT_CONVERSION = YES;
				CLANG_WARN_OBJC_ROOT_CLASS = YES_ERROR;
				CLANG_WARN_SUSPICIOUS_MOVE = YES;
				CLANG_WARN_UNREACHABLE_CODE = YES;
				CLANG_WARN__DUPLICATE_METHOD_MATCH = YES;
				"CODE_SIGN_IDENTITY[sdk=iphoneos*]" = "iPhone Developer";
				COPY_PHASE_STRIP = NO;
				DEBUG_INFORMATION_FORMAT = "dwarf-with-dsym";
				ENABLE_NS_ASSERTIONS = NO;
				ENABLE_STRICT_OBJC_MSGSEND = YES;
				GCC_C_LANGUAGE_STANDARD = gnu99;
				GCC_NO_COMMON_BLOCKS = YES;
				GCC_WARN_64_TO_32_BIT_CONVERSION = YES;
				GCC_WARN_ABOUT_RETURN_TYPE = YES_ERROR;
				GCC_WARN_UNDECLARED_SELECTOR = YES;
				GCC_WARN_UNINITIALIZED_AUTOS = YES_AGGRESSIVE;
				GCC_WARN_UNUSED_FUNCTION = YES;
				GCC_WARN_UNUSED_VARIABLE = YES;
				IPHONEOS_DEPLOYMENT_TARGET = 10.3;
				MTL_ENABLE_DEBUG_INFO = NO;
				SDKROOT = iphoneos;
				TARGETED_DEVICE_FAMILY = "1,2";
				VALIDATE_PRODUCT = YES;
			};
			name = Release;
		};
		B3F4F0291F14A8600005197E /* Debug */ = {
			isa = XCBuildConfiguration;
			baseConfigurationReference = 882F48B94BC203F871DAED01 /* Pods-UIKitExpand.debug.xcconfig */;
			buildSettings = {
				ASSETCATALOG_COMPILER_APPICON_NAME = AppIcon;
				ASSETCATALOG_COMPILER_LAUNCHIMAGE_NAME = LaunchImage;
				DEVELOPMENT_TEAM = JR453H2A98;
				FRAMEWORK_SEARCH_PATHS = (
					"$(inherited)",
					"$(PROJECT_DIR)",
				);
				INFOPLIST_FILE = UIKitExpand/Info.plist;
				IPHONEOS_DEPLOYMENT_TARGET = 8.0;
				LD_RUNPATH_SEARCH_PATHS = "$(inherited) @executable_path/Frameworks";
				OTHER_LDFLAGS = "";
				PRODUCT_BUNDLE_IDENTIFIER = planExpand.com.UIKitExpand;
				PRODUCT_NAME = "$(TARGET_NAME)";
			};
			name = Debug;
		};
		B3F4F02A1F14A8600005197E /* Release */ = {
			isa = XCBuildConfiguration;
			baseConfigurationReference = 525FFFA43E217571B50990FB /* Pods-UIKitExpand.release.xcconfig */;
			buildSettings = {
				ASSETCATALOG_COMPILER_APPICON_NAME = AppIcon;
				ASSETCATALOG_COMPILER_LAUNCHIMAGE_NAME = LaunchImage;
				DEVELOPMENT_TEAM = JR453H2A98;
				FRAMEWORK_SEARCH_PATHS = (
					"$(inherited)",
					"$(PROJECT_DIR)",
				);
				INFOPLIST_FILE = UIKitExpand/Info.plist;
				IPHONEOS_DEPLOYMENT_TARGET = 8.0;
				LD_RUNPATH_SEARCH_PATHS = "$(inherited) @executable_path/Frameworks";
				OTHER_LDFLAGS = "";
				PRODUCT_BUNDLE_IDENTIFIER = planExpand.com.UIKitExpand;
				PRODUCT_NAME = "$(TARGET_NAME)";
			};
			name = Release;
		};
		B3F4F02C1F14A8600005197E /* Debug */ = {
			isa = XCBuildConfiguration;
			buildSettings = {
				BUNDLE_LOADER = "$(TEST_HOST)";
				DEVELOPMENT_TEAM = JR453H2A98;
				INFOPLIST_FILE = UIKitExpandTests/Info.plist;
				IPHONEOS_DEPLOYMENT_TARGET = 8.0;
				LD_RUNPATH_SEARCH_PATHS = "$(inherited) @executable_path/Frameworks @loader_path/Frameworks";
				PRODUCT_BUNDLE_IDENTIFIER = planExpand.com.UIKitExpandTests;
				PRODUCT_NAME = "$(TARGET_NAME)";
				TEST_HOST = "$(BUILT_PRODUCTS_DIR)/UIKitExpand.app/UIKitExpand";
			};
			name = Debug;
		};
		B3F4F02D1F14A8600005197E /* Release */ = {
			isa = XCBuildConfiguration;
			buildSettings = {
				BUNDLE_LOADER = "$(TEST_HOST)";
				DEVELOPMENT_TEAM = JR453H2A98;
				INFOPLIST_FILE = UIKitExpandTests/Info.plist;
				IPHONEOS_DEPLOYMENT_TARGET = 8.0;
				LD_RUNPATH_SEARCH_PATHS = "$(inherited) @executable_path/Frameworks @loader_path/Frameworks";
				PRODUCT_BUNDLE_IDENTIFIER = planExpand.com.UIKitExpandTests;
				PRODUCT_NAME = "$(TARGET_NAME)";
				TEST_HOST = "$(BUILT_PRODUCTS_DIR)/UIKitExpand.app/UIKitExpand";
			};
			name = Release;
		};
		B3F4F02F1F14A8600005197E /* Debug */ = {
			isa = XCBuildConfiguration;
			buildSettings = {
				DEVELOPMENT_TEAM = JR453H2A98;
				INFOPLIST_FILE = UIKitExpandUITests/Info.plist;
				IPHONEOS_DEPLOYMENT_TARGET = 8.0;
				LD_RUNPATH_SEARCH_PATHS = "$(inherited) @executable_path/Frameworks @loader_path/Frameworks";
				PRODUCT_BUNDLE_IDENTIFIER = planExpand.com.UIKitExpandUITests;
				PRODUCT_NAME = "$(TARGET_NAME)";
				TEST_TARGET_NAME = UIKitExpand;
			};
			name = Debug;
		};
		B3F4F0301F14A8600005197E /* Release */ = {
			isa = XCBuildConfiguration;
			buildSettings = {
				DEVELOPMENT_TEAM = JR453H2A98;
				INFOPLIST_FILE = UIKitExpandUITests/Info.plist;
				IPHONEOS_DEPLOYMENT_TARGET = 8.0;
				LD_RUNPATH_SEARCH_PATHS = "$(inherited) @executable_path/Frameworks @loader_path/Frameworks";
				PRODUCT_BUNDLE_IDENTIFIER = planExpand.com.UIKitExpandUITests;
				PRODUCT_NAME = "$(TARGET_NAME)";
				TEST_TARGET_NAME = UIKitExpand;
			};
			name = Release;
		};
/* End XCBuildConfiguration section */

/* Begin XCConfigurationList section */
		B3F4EFF61F14A8600005197E /* Build configuration list for PBXProject "UIKitExpand" */ = {
			isa = XCConfigurationList;
			buildConfigurations = (
				B3F4F0261F14A8600005197E /* Debug */,
				B3F4F0271F14A8600005197E /* Release */,
			);
			defaultConfigurationIsVisible = 0;
			defaultConfigurationName = Release;
		};
		B3F4F0281F14A8600005197E /* Build configuration list for PBXNativeTarget "UIKitExpand" */ = {
			isa = XCConfigurationList;
			buildConfigurations = (
				B3F4F0291F14A8600005197E /* Debug */,
				B3F4F02A1F14A8600005197E /* Release */,
			);
			defaultConfigurationIsVisible = 0;
			defaultConfigurationName = Release;
		};
		B3F4F02B1F14A8600005197E /* Build configuration list for PBXNativeTarget "UIKitExpandTests" */ = {
			isa = XCConfigurationList;
			buildConfigurations = (
				B3F4F02C1F14A8600005197E /* Debug */,
				B3F4F02D1F14A8600005197E /* Release */,
			);
			defaultConfigurationIsVisible = 0;
			defaultConfigurationName = Release;
		};
		B3F4F02E1F14A8600005197E /* Build configuration list for PBXNativeTarget "UIKitExpandUITests" */ = {
			isa = XCConfigurationList;
			buildConfigurations = (
				B3F4F02F1F14A8600005197E /* Debug */,
				B3F4F0301F14A8600005197E /* Release */,
			);
			defaultConfigurationIsVisible = 0;
			defaultConfigurationName = Release;
		};
/* End XCConfigurationList section */
	};
	rootObject = B3F4EFF31F14A8600005197E /* Project object */;
}
